{
  "version": 4,
  "terraform_version": "1.0.11",
  "serial": 3138,
  "lineage": "6e9b31ec-de87-f85b-004c-3f06b65e3a0f",
  "outputs": {
    "new_adapter_configs": {
      "value": {
        "wekatf_eth_adapter.cluster": "61ead7da484db2745f4244f0",
        "wekatf_eth_adapter.mgmt": "61ead7da484db2745f4244f5"
      },
      "type": [
        "object",
        {
          "wekatf_eth_adapter.cluster": "string",
          "wekatf_eth_adapter.mgmt": "string"
        }
      ]
    },
    "new_bios_policy": {
      "value": "wekatf_bios:61ead7d96275722d31012139",
      "type": "string"
    },
    "new_ifaces": {
      "value": [
        "eth0,61ead7db484db2745f42450c",
        "eth1,61ead7db484db2745f424508",
        "eth2,61ead7db484db2745f424504",
        "eth3,61ead7db484db2745f424511"
      ],
      "type": [
        "tuple",
        [
          "string",
          "string",
          "string",
          "string"
        ]
      ]
    },
    "new_lanconnectivity": {
      "value": "wekatf_lan_con:61ead7da484db2745f4244e0",
      "type": "string"
    },
    "new_networks": {
      "value": {
        "wekatf_eth_net.53": "61ead7d9484db2745f4244bf",
        "wekatf_eth_net.54": "61ead7da484db2745f4244d0",
        "wekatf_eth_net.81": "61ead7d9484db2745f4244b8"
      },
      "type": [
        "object",
        {
          "wekatf_eth_net.53": "string",
          "wekatf_eth_net.54": "string",
          "wekatf_eth_net.81": "string"
        }
      ]
    },
    "new_ntp_policy": {
      "value": "wekatf_ntp:61ead7d96275722d3101212a",
      "type": "string"
    },
    "new_osboot_policy": {
      "value": "wekatf_bootOS:61ead7d96275722d31012145",
      "type": "string"
    },
    "new_qos_configs": {
      "value": {
        "wekatf_qos.1500": "61ead7da484db2745f4244e8",
        "wekatf_qos.9000": "61ead7da484db2745f4244da"
      },
      "type": [
        "object",
        {
          "wekatf_qos.1500": "string",
          "wekatf_qos.9000": "string"
        }
      ]
    },
    "new_storage_dg_policy": {
      "value": "wekatf_ssd_r1:61ead7da656f6e2d319085c7",
      "type": "string"
    },
    "new_storage_policy": {
      "value": "wekatf_storage:61ead7d9656f6e2d319085be",
      "type": "string"
    },
    "new_vkvm_policy": {
      "value": "wekatf_vKVM:61ead7d96275722d31012132",
      "type": "string"
    }
  },
  "resources": [
    {
      "module": "module.bios_policy",
      "mode": "managed",
      "type": "intersight_bios_policy",
      "name": "bios1",
      "provider": "provider[\"registry.terraform.io/ciscodevnet/intersight\"]",
      "instances": [
        {
          "schema_version": 0,
          "attributes": {
            "account_moid": "5a58c3ba3768393836cb0f1b",
            "acs_control_gpu1state": "platform-default",
            "acs_control_gpu2state": "platform-default",
            "acs_control_gpu3state": "platform-default",
            "acs_control_gpu4state": "platform-default",
            "acs_control_gpu5state": "platform-default",
            "acs_control_gpu6state": "platform-default",
            "acs_control_gpu7state": "platform-default",
            "acs_control_gpu8state": "platform-default",
            "acs_control_slot11state": "platform-default",
            "acs_control_slot12state": "platform-default",
            "acs_control_slot13state": "platform-default",
            "acs_control_slot14state": "platform-default",
            "additional_properties": "{\"AccountMoid\":\"5a58c3ba3768393836cb0f1b\",\"Ancestors\":[],\"CreateTime\":\"2022-01-21T15:57:13.9Z\",\"DomainGroupMoid\":\"5b2541957a7662743465d06d\",\"ModTime\":\"2022-01-21T15:57:13.902Z\",\"Moid\":\"61ead7d96275722d31012139\",\"Owners\":[\"5a58c3ba3768393836cb0f1b\"],\"PermissionResources\":[{\"ClassId\":\"mo.MoRef\",\"Moid\":\"60ca11dd6972652d3354a2c4\",\"ObjectType\":\"organization.Organization\",\"link\":\"https://www.intersight.com/api/v1/organization/Organizations/60ca11dd6972652d3354a2c4\"}],\"SharedScope\":\"\",\"Tags\":[]}",
            "adjacent_cache_line_prefetch": "platform-default",
            "advanced_mem_test": "platform-default",
            "all_usb_devices": "platform-default",
            "altitude": "platform-default",
            "ancestors": [],
            "aspm_support": "platform-default",
            "assert_nmi_on_perr": "platform-default",
            "assert_nmi_on_serr": "platform-default",
            "auto_cc_state": "platform-default",
            "autonumous_cstate_enable": "platform-default",
            "baud_rate": "platform-default",
            "bme_dma_mitigation": "platform-default",
            "boot_option_num_retry": "platform-default",
            "boot_option_re_cool_down": "platform-default",
            "boot_option_retry": "platform-default",
            "boot_performance_mode": "platform-default",
            "burst_and_postponed_refresh": "platform-default",
            "c1auto_demotion": "platform-default",
            "c1auto_un_demotion": "platform-default",
            "cbs_cmn_apbdis": "platform-default",
            "cbs_cmn_cpu_cpb": "platform-default",
            "cbs_cmn_cpu_gen_downcore_ctrl": "platform-default",
            "cbs_cmn_cpu_global_cstate_ctrl": "platform-default",
            "cbs_cmn_cpu_l1stream_hw_prefetcher": "platform-default",
            "cbs_cmn_cpu_l2stream_hw_prefetcher": "platform-default",
            "cbs_cmn_cpu_smee": "platform-default",
            "cbs_cmn_cpu_streaming_stores_ctrl": "platform-default",
            "cbs_cmn_determinism_slider": "platform-default",
            "cbs_cmn_efficiency_mode_en": "platform-default",
            "cbs_cmn_fixed_soc_pstate": "platform-default",
            "cbs_cmn_gnb_nb_iommu": "platform-default",
            "cbs_cmn_gnb_smu_df_cstates": "platform-default",
            "cbs_cmn_gnb_smucppc": "platform-default",
            "cbs_cmn_mem_ctrl_bank_group_swap_ddr4": "platform-default",
            "cbs_cmn_mem_map_bank_interleave_ddr4": "platform-default",
            "cbs_cmnc_tdp_ctl": "platform-default",
            "cbs_cpu_ccd_ctrl_ssp": "platform-default",
            "cbs_cpu_core_ctrl": "platform-default",
            "cbs_cpu_smt_ctrl": "platform-default",
            "cbs_dbg_cpu_snp_mem_cover": "platform-default",
            "cbs_dbg_cpu_snp_mem_size_cover": "platform-default",
            "cbs_df_cmn_acpi_srat_l3numa": "platform-default",
            "cbs_df_cmn_dram_nps": "platform-default",
            "cbs_df_cmn_mem_intlv": "platform-default",
            "cbs_df_cmn_mem_intlv_size": "platform-default",
            "cbs_sev_snp_support": "platform-default",
            "cdn_enable": "platform-default",
            "cdn_support": "platform-default",
            "channel_inter_leave": "platform-default",
            "cisco_adaptive_mem_training": "platform-default",
            "cisco_debug_level": "platform-default",
            "cisco_oprom_launch_optimization": "platform-default",
            "cisco_xgmi_max_speed": "platform-default",
            "cke_low_policy": "platform-default",
            "class_id": "bios.Policy",
            "closed_loop_therm_throtl": "platform-default",
            "cmci_enable": "platform-default",
            "config_tdp": "platform-default",
            "config_tdp_level": "platform-default",
            "console_redirection": "platform-default",
            "core_multi_processing": "platform-default",
            "cpu_energy_performance": "platform-default",
            "cpu_frequency_floor": "platform-default",
            "cpu_perf_enhancement": "platform-default",
            "cpu_performance": "platform-default",
            "cpu_power_management": "platform-default",
            "cr_qos": "platform-default",
            "create_time": "2022-01-21 15:57:13.9 +0000 UTC",
            "crfastgo_config": "platform-default",
            "dcpmm_firmware_downgrade": "platform-default",
            "demand_scrub": "platform-default",
            "description": "Weka BIOS Policy",
            "direct_cache_access": "platform-default",
            "domain_group_moid": "5b2541957a7662743465d06d",
            "dram_clock_throttling": "platform-default",
            "dram_refresh_rate": "platform-default",
            "dram_sw_thermal_throttling": "platform-default",
            "eadr_support": "platform-default",
            "edpc_en": "platform-default",
            "enable_clock_spread_spec": "platform-default",
            "enable_mktme": "platform-default",
            "enable_sgx": "platform-default",
            "enable_tme": "platform-default",
            "energy_efficient_turbo": "platform-default",
            "eng_perf_tuning": "platform-default",
            "enhanced_intel_speed_step_tech": "platform-default",
            "epoch_update": "platform-default",
            "epp_enable": "platform-default",
            "epp_profile": "platform-default",
            "execute_disable_bit": "platform-default",
            "extended_apic": "platform-default",
            "flow_control": "platform-default",
            "frb2enable": "platform-default",
            "hardware_prefetch": "platform-default",
            "hwpm_enable": "platform-default",
            "id": "61ead7d96275722d31012139",
            "imc_interleave": "platform-default",
            "intel_dynamic_speed_select": "platform-default",
            "intel_hyper_threading_tech": "platform-default",
            "intel_speed_select": "platform-default",
            "intel_turbo_boost_tech": "platform-default",
            "intel_virtualization_technology": "platform-default",
            "intel_vt_for_directed_io": "platform-default",
            "intel_vtd_coherency_support": "platform-default",
            "intel_vtd_interrupt_remapping": "platform-default",
            "intel_vtd_pass_through_dma_support": "platform-default",
            "intel_vtdats_support": "platform-default",
            "ioh_error_enable": "platform-default",
            "ioh_resource": "platform-default",
            "ip_prefetch": "platform-default",
            "ipv4http": "platform-default",
            "ipv4pxe": "platform-default",
            "ipv6http": "platform-default",
            "ipv6pxe": "platform-default",
            "kti_prefetch": "platform-default",
            "legacy_os_redirection": "platform-default",
            "legacy_usb_support": "platform-default",
            "llc_alloc": "platform-default",
            "llc_prefetch": "platform-default",
            "lom_port0state": "platform-default",
            "lom_port1state": "platform-default",
            "lom_port2state": "platform-default",
            "lom_port3state": "platform-default",
            "lom_ports_all_state": "platform-default",
            "lv_ddr_mode": "platform-default",
            "make_device_non_bootable": "platform-default",
            "memory_bandwidth_boost": "platform-default",
            "memory_inter_leave": "platform-default",
            "memory_mapped_io_above4gb": "platform-default",
            "memory_refresh_rate": "platform-default",
            "memory_size_limit": "platform-default",
            "memory_thermal_throttling": "platform-default",
            "mirroring_mode": "platform-default",
            "mmcfg_base": "platform-default",
            "mod_time": "2022-01-21 15:57:13.902 +0000 UTC",
            "moid": "61ead7d96275722d31012139",
            "name": "wekatf_bios",
            "network_stack": "platform-default",
            "numa_optimized": "platform-default",
            "nvmdimm_perform_config": "platform-default",
            "object_type": "bios.Policy",
            "onboard10gbit_lom": "platform-default",
            "onboard_gbit_lom": "platform-default",
            "onboard_scu_storage_support": "platform-default",
            "onboard_scu_storage_sw_stack": "platform-default",
            "operation_mode": "platform-default",
            "organization": [
              {
                "additional_properties": "",
                "class_id": "mo.MoRef",
                "moid": "60ca11dd6972652d3354a2c4",
                "object_type": "organization.Organization",
                "selector": ""
              }
            ],
            "os_boot_watchdog_timer": "platform-default",
            "os_boot_watchdog_timer_policy": "platform-default",
            "os_boot_watchdog_timer_timeout": "platform-default",
            "out_of_band_mgmt_port": "platform-default",
            "owners": [
              "5a58c3ba3768393836cb0f1b"
            ],
            "package_cstate_limit": "platform-default",
            "panic_high_watermark": "platform-default",
            "parent": [],
            "partial_cache_line_sparing": "platform-default",
            "partial_mirror_mode_config": "platform-default",
            "partial_mirror_percent": "platform-default",
            "partial_mirror_value1": "platform-default",
            "partial_mirror_value2": "platform-default",
            "partial_mirror_value3": "platform-default",
            "partial_mirror_value4": "platform-default",
            "patrol_scrub": "platform-default",
            "patrol_scrub_duration": "platform-default",
            "pc_ie_ras_support": "platform-default",
            "pc_ie_ssd_hot_plug_support": "platform-default",
            "pch_usb30mode": "platform-default",
            "pci_option_ro_ms": "platform-default",
            "pci_rom_clp": "platform-default",
            "pcie_ari_support": "platform-default",
            "pcie_pll_ssc": "platform-default",
            "pcie_slot_mraid1link_speed": "platform-default",
            "pcie_slot_mraid1option_rom": "platform-default",
            "pcie_slot_mraid2link_speed": "platform-default",
            "pcie_slot_mraid2option_rom": "platform-default",
            "pcie_slot_mstorraid_link_speed": "platform-default",
            "pcie_slot_mstorraid_option_rom": "platform-default",
            "pcie_slot_nvme1link_speed": "platform-default",
            "pcie_slot_nvme1option_rom": "platform-default",
            "pcie_slot_nvme2link_speed": "platform-default",
            "pcie_slot_nvme2option_rom": "platform-default",
            "pcie_slot_nvme3link_speed": "platform-default",
            "pcie_slot_nvme3option_rom": "platform-default",
            "pcie_slot_nvme4link_speed": "platform-default",
            "pcie_slot_nvme4option_rom": "platform-default",
            "pcie_slot_nvme5link_speed": "platform-default",
            "pcie_slot_nvme5option_rom": "platform-default",
            "pcie_slot_nvme6link_speed": "platform-default",
            "pcie_slot_nvme6option_rom": "platform-default",
            "pcie_slots_cdn_enable": "platform-default",
            "permission_resources": [
              {
                "additional_properties": "",
                "class_id": "mo.MoRef",
                "moid": "60ca11dd6972652d3354a2c4",
                "object_type": "organization.Organization",
                "selector": ""
              }
            ],
            "pop_support": "platform-default",
            "post_error_pause": "platform-default",
            "post_package_repair": "platform-default",
            "processor_c1e": "platform-default",
            "processor_c3report": "platform-default",
            "processor_c6report": "platform-default",
            "processor_cstate": "platform-default",
            "profiles": [],
            "psata": "platform-default",
            "pstate_coord_type": "platform-default",
            "putty_key_pad": "platform-default",
            "pwr_perf_tuning": "platform-default",
            "qpi_link_frequency": "platform-default",
            "qpi_link_speed": "platform-default",
            "qpi_snoop_mode": "platform-default",
            "rank_inter_leave": "platform-default",
            "redirection_after_post": "platform-default",
            "sata_mode_select": "platform-default",
            "select_memory_ras_configuration": "platform-default",
            "select_ppr_type": "platform-default",
            "serial_port_aenable": "platform-default",
            "sev": "platform-default",
            "sgx_auto_registration_agent": "platform-default",
            "sgx_epoch0": "platform-default",
            "sgx_epoch1": "platform-default",
            "sgx_factory_reset": "platform-default",
            "sgx_le_pub_key_hash0": "platform-default",
            "sgx_le_pub_key_hash1": "platform-default",
            "sgx_le_pub_key_hash2": "platform-default",
            "sgx_le_pub_key_hash3": "platform-default",
            "sgx_le_wr": "platform-default",
            "sgx_package_info_in_band_access": "platform-default",
            "sgx_qos": "platform-default",
            "sha1pcr_bank": "platform-default",
            "sha256pcr_bank": "platform-default",
            "shared_scope": "",
            "single_pctl_enable": "platform-default",
            "slot10link_speed": "platform-default",
            "slot10state": "platform-default",
            "slot11link_speed": "platform-default",
            "slot11state": "platform-default",
            "slot12link_speed": "platform-default",
            "slot12state": "platform-default",
            "slot13state": "platform-default",
            "slot14state": "platform-default",
            "slot1link_speed": "platform-default",
            "slot1state": "platform-default",
            "slot2link_speed": "platform-default",
            "slot2state": "platform-default",
            "slot3link_speed": "platform-default",
            "slot3state": "platform-default",
            "slot4link_speed": "platform-default",
            "slot4state": "platform-default",
            "slot5link_speed": "platform-default",
            "slot5state": "platform-default",
            "slot6link_speed": "platform-default",
            "slot6state": "platform-default",
            "slot7link_speed": "platform-default",
            "slot7state": "platform-default",
            "slot8link_speed": "platform-default",
            "slot8state": "platform-default",
            "slot9link_speed": "platform-default",
            "slot9state": "platform-default",
            "slot_flom_link_speed": "platform-default",
            "slot_front_nvme10link_speed": "platform-default",
            "slot_front_nvme10option_rom": "platform-default",
            "slot_front_nvme11link_speed": "platform-default",
            "slot_front_nvme11option_rom": "platform-default",
            "slot_front_nvme12link_speed": "platform-default",
            "slot_front_nvme12option_rom": "platform-default",
            "slot_front_nvme13option_rom": "platform-default",
            "slot_front_nvme14option_rom": "platform-default",
            "slot_front_nvme15option_rom": "platform-default",
            "slot_front_nvme16option_rom": "platform-default",
            "slot_front_nvme17option_rom": "platform-default",
            "slot_front_nvme18option_rom": "platform-default",
            "slot_front_nvme19option_rom": "platform-default",
            "slot_front_nvme1link_speed": "platform-default",
            "slot_front_nvme1option_rom": "platform-default",
            "slot_front_nvme20option_rom": "platform-default",
            "slot_front_nvme21option_rom": "platform-default",
            "slot_front_nvme22option_rom": "platform-default",
            "slot_front_nvme23option_rom": "platform-default",
            "slot_front_nvme24option_rom": "platform-default",
            "slot_front_nvme2link_speed": "platform-default",
            "slot_front_nvme2option_rom": "platform-default",
            "slot_front_nvme3link_speed": "platform-default",
            "slot_front_nvme3option_rom": "platform-default",
            "slot_front_nvme4link_speed": "platform-default",
            "slot_front_nvme4option_rom": "platform-default",
            "slot_front_nvme5link_speed": "platform-default",
            "slot_front_nvme5option_rom": "platform-default",
            "slot_front_nvme6link_speed": "platform-default",
            "slot_front_nvme6option_rom": "platform-default",
            "slot_front_nvme7link_speed": "platform-default",
            "slot_front_nvme7option_rom": "platform-default",
            "slot_front_nvme8link_speed": "platform-default",
            "slot_front_nvme8option_rom": "platform-default",
            "slot_front_nvme9link_speed": "platform-default",
            "slot_front_nvme9option_rom": "platform-default",
            "slot_front_slot5link_speed": "platform-default",
            "slot_front_slot6link_speed": "platform-default",
            "slot_gpu1state": "platform-default",
            "slot_gpu2state": "platform-default",
            "slot_gpu3state": "platform-default",
            "slot_gpu4state": "platform-default",
            "slot_gpu5state": "platform-default",
            "slot_gpu6state": "platform-default",
            "slot_gpu7state": "platform-default",
            "slot_gpu8state": "platform-default",
            "slot_hba_link_speed": "platform-default",
            "slot_hba_state": "platform-default",
            "slot_lom1link": "platform-default",
            "slot_lom2link": "platform-default",
            "slot_mezz_state": "platform-default",
            "slot_mlom_link_speed": "platform-default",
            "slot_mlom_state": "platform-default",
            "slot_mraid_link_speed": "platform-default",
            "slot_mraid_state": "platform-default",
            "slot_n10state": "platform-default",
            "slot_n11state": "platform-default",
            "slot_n12state": "platform-default",
            "slot_n13state": "platform-default",
            "slot_n14state": "platform-default",
            "slot_n15state": "platform-default",
            "slot_n16state": "platform-default",
            "slot_n17state": "platform-default",
            "slot_n18state": "platform-default",
            "slot_n19state": "platform-default",
            "slot_n1state": "platform-default",
            "slot_n20state": "platform-default",
            "slot_n21state": "platform-default",
            "slot_n22state": "platform-default",
            "slot_n23state": "platform-default",
            "slot_n24state": "platform-default",
            "slot_n2state": "platform-default",
            "slot_n3state": "platform-default",
            "slot_n4state": "platform-default",
            "slot_n5state": "platform-default",
            "slot_n6state": "platform-default",
            "slot_n7state": "platform-default",
            "slot_n8state": "platform-default",
            "slot_n9state": "platform-default",
            "slot_raid_link_speed": "platform-default",
            "slot_raid_state": "platform-default",
            "slot_rear_nvme1link_speed": "platform-default",
            "slot_rear_nvme1state": "platform-default",
            "slot_rear_nvme2link_speed": "platform-default",
            "slot_rear_nvme2state": "platform-default",
            "slot_rear_nvme3link_speed": "platform-default",
            "slot_rear_nvme3state": "platform-default",
            "slot_rear_nvme4link_speed": "platform-default",
            "slot_rear_nvme4state": "platform-default",
            "slot_rear_nvme5state": "platform-default",
            "slot_rear_nvme6state": "platform-default",
            "slot_rear_nvme7state": "platform-default",
            "slot_rear_nvme8state": "platform-default",
            "slot_riser1link_speed": "platform-default",
            "slot_riser1slot1link_speed": "platform-default",
            "slot_riser1slot2link_speed": "platform-default",
            "slot_riser1slot3link_speed": "platform-default",
            "slot_riser2link_speed": "platform-default",
            "slot_riser2slot4link_speed": "platform-default",
            "slot_riser2slot5link_speed": "platform-default",
            "slot_riser2slot6link_speed": "platform-default",
            "slot_sas_state": "platform-default",
            "slot_ssd_slot1link_speed": "platform-default",
            "slot_ssd_slot2link_speed": "platform-default",
            "smee": "platform-default",
            "smt_mode": "platform-default",
            "snc": "platform-default",
            "snoopy_mode_for2lm": "platform-default",
            "snoopy_mode_for_ad": "platform-default",
            "sparing_mode": "platform-default",
            "sr_iov": "platform-default",
            "streamer_prefetch": "platform-default",
            "svm_mode": "platform-default",
            "tags": [],
            "terminal_type": "platform-default",
            "tpm_control": "platform-default",
            "tpm_pending_operation": "platform-default",
            "tpm_support": "platform-default",
            "tsme": "platform-default",
            "txt_support": "platform-default",
            "ucsm_boot_order_rule": "platform-default",
            "ufs_disable": "platform-default",
            "uma_based_clustering": "platform-default",
            "upi_link_enablement": "platform-default",
            "upi_power_management": "platform-default",
            "usb_emul6064": "platform-default",
            "usb_port_front": "platform-default",
            "usb_port_internal": "platform-default",
            "usb_port_kvm": "platform-default",
            "usb_port_rear": "platform-default",
            "usb_port_sd_card": "platform-default",
            "usb_port_vmedia": "platform-default",
            "usb_xhci_support": "platform-default",
            "version_context": [],
            "vga_priority": "platform-default",
            "virtual_numa": "platform-default",
            "vmd_enable": "platform-default",
            "vol_memory_mode": "platform-default",
            "work_load_config": "platform-default",
            "xpt_prefetch": "platform-default",
            "xpt_remote_prefetch": "platform-default"
          },
          "sensitive_attributes": [],
          "private": "bnVsbA==",
          "dependencies": [
            "module.moids.data.intersight_organization_organization.organization_moid"
          ]
        }
      ]
    },
    {
      "module": "module.ethernet_adapters[0]",
      "mode": "managed",
      "type": "intersight_vnic_eth_adapter_policy",
      "name": "v_eth_adapter1",
      "provider": "provider[\"registry.terraform.io/ciscodevnet/intersight\"]",
      "instances": [
        {
          "schema_version": 0,
          "attributes": {
            "account_moid": "5a58c3ba3768393836cb0f1b",
            "additional_properties": "{\"AccountMoid\":\"5a58c3ba3768393836cb0f1b\",\"Ancestors\":[],\"CreateTime\":\"2022-01-21T15:57:14.625Z\",\"DomainGroupMoid\":\"5b2541957a7662743465d06d\",\"ModTime\":\"2022-01-21T15:57:14.625Z\",\"Moid\":\"61ead7da484db2745f4244f5\",\"Owners\":[\"5a58c3ba3768393836cb0f1b\"],\"PermissionResources\":[{\"ClassId\":\"mo.MoRef\",\"Moid\":\"60ca11dd6972652d3354a2c4\",\"ObjectType\":\"organization.Organization\",\"link\":\"https://www.intersight.com/api/v1/organization/Organizations/60ca11dd6972652d3354a2c4\"}],\"SharedScope\":\"\",\"Tags\":[]}",
            "advanced_filter": false,
            "ancestors": [],
            "arfs_settings": [
              {
                "additional_properties": "",
                "class_id": "vnic.ArfsSettings",
                "enabled": false,
                "object_type": "vnic.ArfsSettings"
              }
            ],
            "class_id": "vnic.EthAdapterPolicy",
            "completion_queue_settings": [
              {
                "additional_properties": "",
                "class_id": "vnic.CompletionQueueSettings",
                "nr_count": 3,
                "object_type": "vnic.CompletionQueueSettings",
                "ring_size": 1
              }
            ],
            "create_time": "2022-01-21 15:57:14.625 +0000 UTC",
            "description": "",
            "domain_group_moid": "5b2541957a7662743465d06d",
            "geneve_enabled": false,
            "id": "61ead7da484db2745f4244f5",
            "interrupt_scaling": false,
            "interrupt_settings": [
              {
                "additional_properties": "",
                "class_id": "vnic.EthInterruptSettings",
                "coalescing_time": 125,
                "coalescing_type": "MIN",
                "mode": "MSI",
                "nr_count": 8,
                "object_type": "vnic.EthInterruptSettings"
              }
            ],
            "mod_time": "2022-01-21 15:57:14.625 +0000 UTC",
            "moid": "61ead7da484db2745f4244f5",
            "name": "wekatf_eth_adapter.mgmt",
            "nvgre_settings": [
              {
                "additional_properties": "",
                "class_id": "vnic.NvgreSettings",
                "enabled": true,
                "object_type": "vnic.NvgreSettings"
              }
            ],
            "object_type": "vnic.EthAdapterPolicy",
            "organization": [
              {
                "additional_properties": "",
                "class_id": "mo.MoRef",
                "moid": "60ca11dd6972652d3354a2c4",
                "object_type": "organization.Organization",
                "selector": ""
              }
            ],
            "owners": [
              "5a58c3ba3768393836cb0f1b"
            ],
            "parent": [],
            "permission_resources": [
              {
                "additional_properties": "",
                "class_id": "mo.MoRef",
                "moid": "60ca11dd6972652d3354a2c4",
                "object_type": "organization.Organization",
                "selector": ""
              }
            ],
            "roce_settings": [
              {
                "additional_properties": "",
                "class_id": "vnic.RoceSettings",
                "class_of_service": 5,
                "enabled": false,
                "memory_regions": 0,
                "nr_version": 1,
                "object_type": "vnic.RoceSettings",
                "queue_pairs": 0,
                "resource_groups": 0
              }
            ],
            "rss_hash_settings": [
              {
                "additional_properties": "",
                "class_id": "vnic.RssHashSettings",
                "ipv4_hash": true,
                "ipv6_ext_hash": false,
                "ipv6_hash": true,
                "object_type": "vnic.RssHashSettings",
                "tcp_ipv4_hash": true,
                "tcp_ipv6_ext_hash": false,
                "tcp_ipv6_hash": true,
                "udp_ipv4_hash": false,
                "udp_ipv6_hash": false
              }
            ],
            "rss_settings": true,
            "rx_queue_settings": [
              {
                "additional_properties": "",
                "class_id": "vnic.EthRxQueueSettings",
                "nr_count": 4,
                "object_type": "vnic.EthRxQueueSettings",
                "ring_size": 512
              }
            ],
            "shared_scope": "",
            "tags": [],
            "tcp_offload_settings": [
              {
                "additional_properties": "",
                "class_id": "vnic.TcpOffloadSettings",
                "large_receive": true,
                "large_send": true,
                "object_type": "vnic.TcpOffloadSettings",
                "rx_checksum": true,
                "tx_checksum": true
              }
            ],
            "tx_queue_settings": [
              {
                "additional_properties": "",
                "class_id": "vnic.EthTxQueueSettings",
                "nr_count": 4,
                "object_type": "vnic.EthTxQueueSettings",
                "ring_size": 512
              }
            ],
            "uplink_failback_timeout": 5,
            "version_context": [],
            "vxlan_settings": [
              {
                "additional_properties": "",
                "class_id": "vnic.VxlanSettings",
                "enabled": false,
                "object_type": "vnic.VxlanSettings"
              }
            ]
          },
          "sensitive_attributes": [],
          "private": "bnVsbA==",
          "dependencies": [
            "module.moids.data.intersight_organization_organization.organization_moid"
          ]
        }
      ]
    },
    {
      "module": "module.ethernet_adapters[1]",
      "mode": "managed",
      "type": "intersight_vnic_eth_adapter_policy",
      "name": "v_eth_adapter1",
      "provider": "provider[\"registry.terraform.io/ciscodevnet/intersight\"]",
      "instances": [
        {
          "schema_version": 0,
          "attributes": {
            "account_moid": "5a58c3ba3768393836cb0f1b",
            "additional_properties": "{\"AccountMoid\":\"5a58c3ba3768393836cb0f1b\",\"Ancestors\":[],\"CreateTime\":\"2022-01-21T15:57:14.594Z\",\"DomainGroupMoid\":\"5b2541957a7662743465d06d\",\"ModTime\":\"2022-01-21T15:57:14.594Z\",\"Moid\":\"61ead7da484db2745f4244f0\",\"Owners\":[\"5a58c3ba3768393836cb0f1b\"],\"PermissionResources\":[{\"ClassId\":\"mo.MoRef\",\"Moid\":\"60ca11dd6972652d3354a2c4\",\"ObjectType\":\"organization.Organization\",\"link\":\"https://www.intersight.com/api/v1/organization/Organizations/60ca11dd6972652d3354a2c4\"}],\"SharedScope\":\"\",\"Tags\":[]}",
            "advanced_filter": false,
            "ancestors": [],
            "arfs_settings": [
              {
                "additional_properties": "",
                "class_id": "vnic.ArfsSettings",
                "enabled": false,
                "object_type": "vnic.ArfsSettings"
              }
            ],
            "class_id": "vnic.EthAdapterPolicy",
            "completion_queue_settings": [
              {
                "additional_properties": "",
                "class_id": "vnic.CompletionQueueSettings",
                "nr_count": 3,
                "object_type": "vnic.CompletionQueueSettings",
                "ring_size": 1
              }
            ],
            "create_time": "2022-01-21 15:57:14.594 +0000 UTC",
            "description": "",
            "domain_group_moid": "5b2541957a7662743465d06d",
            "geneve_enabled": false,
            "id": "61ead7da484db2745f4244f0",
            "interrupt_scaling": false,
            "interrupt_settings": [
              {
                "additional_properties": "",
                "class_id": "vnic.EthInterruptSettings",
                "coalescing_time": 125,
                "coalescing_type": "MIN",
                "mode": "MSI",
                "nr_count": 8,
                "object_type": "vnic.EthInterruptSettings"
              }
            ],
            "mod_time": "2022-01-21 15:57:14.594 +0000 UTC",
            "moid": "61ead7da484db2745f4244f0",
            "name": "wekatf_eth_adapter.cluster",
            "nvgre_settings": [
              {
                "additional_properties": "",
                "class_id": "vnic.NvgreSettings",
                "enabled": true,
                "object_type": "vnic.NvgreSettings"
              }
            ],
            "object_type": "vnic.EthAdapterPolicy",
            "organization": [
              {
                "additional_properties": "",
                "class_id": "mo.MoRef",
                "moid": "60ca11dd6972652d3354a2c4",
                "object_type": "organization.Organization",
                "selector": ""
              }
            ],
            "owners": [
              "5a58c3ba3768393836cb0f1b"
            ],
            "parent": [],
            "permission_resources": [
              {
                "additional_properties": "",
                "class_id": "mo.MoRef",
                "moid": "60ca11dd6972652d3354a2c4",
                "object_type": "organization.Organization",
                "selector": ""
              }
            ],
            "roce_settings": [
              {
                "additional_properties": "",
                "class_id": "vnic.RoceSettings",
                "class_of_service": 5,
                "enabled": false,
                "memory_regions": 0,
                "nr_version": 1,
                "object_type": "vnic.RoceSettings",
                "queue_pairs": 0,
                "resource_groups": 0
              }
            ],
            "rss_hash_settings": [
              {
                "additional_properties": "",
                "class_id": "vnic.RssHashSettings",
                "ipv4_hash": true,
                "ipv6_ext_hash": false,
                "ipv6_hash": true,
                "object_type": "vnic.RssHashSettings",
                "tcp_ipv4_hash": true,
                "tcp_ipv6_ext_hash": false,
                "tcp_ipv6_hash": true,
                "udp_ipv4_hash": false,
                "udp_ipv6_hash": false
              }
            ],
            "rss_settings": true,
            "rx_queue_settings": [
              {
                "additional_properties": "",
                "class_id": "vnic.EthRxQueueSettings",
                "nr_count": 8,
                "object_type": "vnic.EthRxQueueSettings",
                "ring_size": 4096
              }
            ],
            "shared_scope": "",
            "tags": [],
            "tcp_offload_settings": [
              {
                "additional_properties": "",
                "class_id": "vnic.TcpOffloadSettings",
                "large_receive": true,
                "large_send": true,
                "object_type": "vnic.TcpOffloadSettings",
                "rx_checksum": true,
                "tx_checksum": true
              }
            ],
            "tx_queue_settings": [
              {
                "additional_properties": "",
                "class_id": "vnic.EthTxQueueSettings",
                "nr_count": 2,
                "object_type": "vnic.EthTxQueueSettings",
                "ring_size": 512
              }
            ],
            "uplink_failback_timeout": 5,
            "version_context": [],
            "vxlan_settings": [
              {
                "additional_properties": "",
                "class_id": "vnic.VxlanSettings",
                "enabled": false,
                "object_type": "vnic.VxlanSettings"
              }
            ]
          },
          "sensitive_attributes": [],
          "private": "bnVsbA==",
          "dependencies": [
            "module.moids.data.intersight_organization_organization.organization_moid"
          ]
        }
      ]
    },
    {
      "module": "module.ethernet_interfaces[0]",
      "mode": "managed",
      "type": "intersight_vnic_eth_if",
      "name": "eth1",
      "provider": "provider[\"registry.terraform.io/ciscodevnet/intersight\"]",
      "instances": [
        {
          "schema_version": 0,
          "attributes": {
            "account_moid": "5a58c3ba3768393836cb0f1b",
            "additional_properties": "",
            "ancestors": [
              {
                "additional_properties": "",
                "class_id": "mo.MoRef",
                "moid": "61ead7da484db2745f4244e0",
                "object_type": "vnic.LanConnectivityPolicy",
                "selector": ""
              }
            ],
            "cdn": [
              {
                "additional_properties": "",
                "class_id": "vnic.Cdn",
                "nr_source": "vnic",
                "object_type": "vnic.Cdn",
                "value": "VIC-2-eth0"
              }
            ],
            "class_id": "vnic.EthIf",
            "create_time": "2022-01-21 15:57:15.364 +0000 UTC",
            "domain_group_moid": "5b2541957a7662743465d06d",
            "eth_adapter_policy": [
              {
                "additional_properties": "",
                "class_id": "mo.MoRef",
                "moid": "61ead7da484db2745f4244f5",
                "object_type": "vnic.EthAdapterPolicy",
                "selector": ""
              }
            ],
            "eth_network_policy": [
              {
                "additional_properties": "",
                "class_id": "mo.MoRef",
                "moid": "61ead7d9484db2745f4244b8",
                "object_type": "vnic.EthNetworkPolicy",
                "selector": ""
              }
            ],
            "eth_qos_policy": [
              {
                "additional_properties": "",
                "class_id": "mo.MoRef",
                "moid": "61ead7da484db2745f4244e8",
                "object_type": "vnic.EthQosPolicy",
                "selector": ""
              }
            ],
            "fabric_eth_network_control_policy": [],
            "fabric_eth_network_group_policy": [],
            "failover_enabled": false,
            "id": "61ead7db484db2745f42450c",
            "ip_lease": [],
            "iscsi_boot_policy": [],
            "iscsi_ip_v4_address_allocation_type": "None",
            "iscsi_ip_v4_config": [
              {
                "additional_properties": "",
                "class_id": "ippool.IpV4Config",
                "gateway": "",
                "netmask": "",
                "object_type": "ippool.IpV4Config",
                "primary_dns": "",
                "secondary_dns": ""
              }
            ],
            "iscsi_ipv4_address": "",
            "lan_connectivity_policy": [
              {
                "additional_properties": "",
                "class_id": "mo.MoRef",
                "moid": "61ead7da484db2745f4244e0",
                "object_type": "vnic.LanConnectivityPolicy",
                "selector": ""
              }
            ],
            "lcp_vnic": [],
            "mac_address": "",
            "mac_address_type": "POOL",
            "mac_lease": [],
            "mac_pool": [],
            "mod_time": "2022-01-21 15:57:15.364 +0000 UTC",
            "moid": "61ead7db484db2745f42450c",
            "name": "eth0",
            "object_type": "vnic.EthIf",
            "order": 0,
            "owners": [
              "5a58c3ba3768393836cb0f1b"
            ],
            "parent": [
              {
                "additional_properties": "",
                "class_id": "mo.MoRef",
                "moid": "61ead7da484db2745f4244e0",
                "object_type": "vnic.LanConnectivityPolicy",
                "selector": ""
              }
            ],
            "permission_resources": [
              {
                "additional_properties": "",
                "class_id": "mo.MoRef",
                "moid": "60ca11dd6972652d3354a2c4",
                "object_type": "organization.Organization",
                "selector": ""
              }
            ],
            "placement": [
              {
                "additional_properties": "",
                "class_id": "vnic.PlacementSettings",
                "id": "2",
                "object_type": "vnic.PlacementSettings",
                "pci_link": 0,
                "switch_id": "None",
                "uplink": 0
              }
            ],
            "profile": [],
            "shared_scope": "",
            "sp_vnics": [],
            "standby_vif_id": 0,
            "static_mac_address": "",
            "tags": [],
            "usnic_settings": [
              {
                "additional_properties": "",
                "class_id": "vnic.UsnicSettings",
                "cos": 5,
                "nr_count": 0,
                "object_type": "vnic.UsnicSettings",
                "usnic_adapter_policy": ""
              }
            ],
            "version_context": [],
            "vif_id": 0,
            "vmq_settings": [
              {
                "additional_properties": "",
                "class_id": "vnic.VmqSettings",
                "enabled": false,
                "multi_queue_support": false,
                "num_interrupts": 16,
                "num_sub_vnics": 64,
                "num_vmqs": 4,
                "object_type": "vnic.VmqSettings",
                "vmmq_adapter_policy": ""
              }
            ]
          },
          "sensitive_attributes": [],
          "private": "bnVsbA==",
          "dependencies": [
            "module.ethernet_adapters.intersight_vnic_eth_adapter_policy.v_eth_adapter1",
            "module.ethernet_networks.intersight_vnic_eth_network_policy.v_eth_network1",
            "module.ethernet_qos.intersight_vnic_eth_qos_policy.v_eth_qos1",
            "module.lan_conn.intersight_vnic_lan_connectivity_policy.vnic_lan1",
            "module.moids.data.intersight_organization_organization.organization_moid"
          ]
        }
      ]
    },
    {
      "module": "module.ethernet_interfaces[1]",
      "mode": "managed",
      "type": "intersight_vnic_eth_if",
      "name": "eth1",
      "provider": "provider[\"registry.terraform.io/ciscodevnet/intersight\"]",
      "instances": [
        {
          "schema_version": 0,
          "attributes": {
            "account_moid": "5a58c3ba3768393836cb0f1b",
            "additional_properties": "",
            "ancestors": [
              {
                "additional_properties": "",
                "class_id": "mo.MoRef",
                "moid": "61ead7da484db2745f4244e0",
                "object_type": "vnic.LanConnectivityPolicy",
                "selector": ""
              }
            ],
            "cdn": [
              {
                "additional_properties": "",
                "class_id": "vnic.Cdn",
                "nr_source": "vnic",
                "object_type": "vnic.Cdn",
                "value": "VIC-2-eth1"
              }
            ],
            "class_id": "vnic.EthIf",
            "create_time": "2022-01-21 15:57:15.303 +0000 UTC",
            "domain_group_moid": "5b2541957a7662743465d06d",
            "eth_adapter_policy": [
              {
                "additional_properties": "",
                "class_id": "mo.MoRef",
                "moid": "61ead7da484db2745f4244f5",
                "object_type": "vnic.EthAdapterPolicy",
                "selector": ""
              }
            ],
            "eth_network_policy": [
              {
                "additional_properties": "",
                "class_id": "mo.MoRef",
                "moid": "61ead7d9484db2745f4244b8",
                "object_type": "vnic.EthNetworkPolicy",
                "selector": ""
              }
            ],
            "eth_qos_policy": [
              {
                "additional_properties": "",
                "class_id": "mo.MoRef",
                "moid": "61ead7da484db2745f4244e8",
                "object_type": "vnic.EthQosPolicy",
                "selector": ""
              }
            ],
            "fabric_eth_network_control_policy": [],
            "fabric_eth_network_group_policy": [],
            "failover_enabled": false,
            "id": "61ead7db484db2745f424508",
            "ip_lease": [],
            "iscsi_boot_policy": [],
            "iscsi_ip_v4_address_allocation_type": "None",
            "iscsi_ip_v4_config": [
              {
                "additional_properties": "",
                "class_id": "ippool.IpV4Config",
                "gateway": "",
                "netmask": "",
                "object_type": "ippool.IpV4Config",
                "primary_dns": "",
                "secondary_dns": ""
              }
            ],
            "iscsi_ipv4_address": "",
            "lan_connectivity_policy": [
              {
                "additional_properties": "",
                "class_id": "mo.MoRef",
                "moid": "61ead7da484db2745f4244e0",
                "object_type": "vnic.LanConnectivityPolicy",
                "selector": ""
              }
            ],
            "lcp_vnic": [],
            "mac_address": "",
            "mac_address_type": "POOL",
            "mac_lease": [],
            "mac_pool": [],
            "mod_time": "2022-01-21 15:57:15.304 +0000 UTC",
            "moid": "61ead7db484db2745f424508",
            "name": "eth1",
            "object_type": "vnic.EthIf",
            "order": 1,
            "owners": [
              "5a58c3ba3768393836cb0f1b"
            ],
            "parent": [
              {
                "additional_properties": "",
                "class_id": "mo.MoRef",
                "moid": "61ead7da484db2745f4244e0",
                "object_type": "vnic.LanConnectivityPolicy",
                "selector": ""
              }
            ],
            "permission_resources": [
              {
                "additional_properties": "",
                "class_id": "mo.MoRef",
                "moid": "60ca11dd6972652d3354a2c4",
                "object_type": "organization.Organization",
                "selector": ""
              }
            ],
            "placement": [
              {
                "additional_properties": "",
                "class_id": "vnic.PlacementSettings",
                "id": "2",
                "object_type": "vnic.PlacementSettings",
                "pci_link": 0,
                "switch_id": "None",
                "uplink": 1
              }
            ],
            "profile": [],
            "shared_scope": "",
            "sp_vnics": [],
            "standby_vif_id": 0,
            "static_mac_address": "",
            "tags": [],
            "usnic_settings": [
              {
                "additional_properties": "",
                "class_id": "vnic.UsnicSettings",
                "cos": 5,
                "nr_count": 0,
                "object_type": "vnic.UsnicSettings",
                "usnic_adapter_policy": ""
              }
            ],
            "version_context": [],
            "vif_id": 0,
            "vmq_settings": [
              {
                "additional_properties": "",
                "class_id": "vnic.VmqSettings",
                "enabled": false,
                "multi_queue_support": false,
                "num_interrupts": 16,
                "num_sub_vnics": 64,
                "num_vmqs": 4,
                "object_type": "vnic.VmqSettings",
                "vmmq_adapter_policy": ""
              }
            ]
          },
          "sensitive_attributes": [],
          "private": "bnVsbA==",
          "dependencies": [
            "module.ethernet_adapters.intersight_vnic_eth_adapter_policy.v_eth_adapter1",
            "module.ethernet_networks.intersight_vnic_eth_network_policy.v_eth_network1",
            "module.ethernet_qos.intersight_vnic_eth_qos_policy.v_eth_qos1",
            "module.lan_conn.intersight_vnic_lan_connectivity_policy.vnic_lan1",
            "module.moids.data.intersight_organization_organization.organization_moid"
          ]
        }
      ]
    },
    {
      "module": "module.ethernet_interfaces[2]",
      "mode": "managed",
      "type": "intersight_vnic_eth_if",
      "name": "eth1",
      "provider": "provider[\"registry.terraform.io/ciscodevnet/intersight\"]",
      "instances": [
        {
          "schema_version": 0,
          "attributes": {
            "account_moid": "5a58c3ba3768393836cb0f1b",
            "additional_properties": "",
            "ancestors": [
              {
                "additional_properties": "",
                "class_id": "mo.MoRef",
                "moid": "61ead7da484db2745f4244e0",
                "object_type": "vnic.LanConnectivityPolicy",
                "selector": ""
              }
            ],
            "cdn": [
              {
                "additional_properties": "",
                "class_id": "vnic.Cdn",
                "nr_source": "vnic",
                "object_type": "vnic.Cdn",
                "value": "VIC-2-eth2"
              }
            ],
            "class_id": "vnic.EthIf",
            "create_time": "2022-01-21 15:57:15.273 +0000 UTC",
            "domain_group_moid": "5b2541957a7662743465d06d",
            "eth_adapter_policy": [
              {
                "additional_properties": "",
                "class_id": "mo.MoRef",
                "moid": "61ead7da484db2745f4244f0",
                "object_type": "vnic.EthAdapterPolicy",
                "selector": ""
              }
            ],
            "eth_network_policy": [
              {
                "additional_properties": "",
                "class_id": "mo.MoRef",
                "moid": "61ead7d9484db2745f4244bf",
                "object_type": "vnic.EthNetworkPolicy",
                "selector": ""
              }
            ],
            "eth_qos_policy": [
              {
                "additional_properties": "",
                "class_id": "mo.MoRef",
                "moid": "61ead7da484db2745f4244da",
                "object_type": "vnic.EthQosPolicy",
                "selector": ""
              }
            ],
            "fabric_eth_network_control_policy": [],
            "fabric_eth_network_group_policy": [],
            "failover_enabled": false,
            "id": "61ead7db484db2745f424504",
            "ip_lease": [],
            "iscsi_boot_policy": [],
            "iscsi_ip_v4_address_allocation_type": "None",
            "iscsi_ip_v4_config": [
              {
                "additional_properties": "",
                "class_id": "ippool.IpV4Config",
                "gateway": "",
                "netmask": "",
                "object_type": "ippool.IpV4Config",
                "primary_dns": "",
                "secondary_dns": ""
              }
            ],
            "iscsi_ipv4_address": "",
            "lan_connectivity_policy": [
              {
                "additional_properties": "",
                "class_id": "mo.MoRef",
                "moid": "61ead7da484db2745f4244e0",
                "object_type": "vnic.LanConnectivityPolicy",
                "selector": ""
              }
            ],
            "lcp_vnic": [],
            "mac_address": "",
            "mac_address_type": "POOL",
            "mac_lease": [],
            "mac_pool": [],
            "mod_time": "2022-01-21 15:57:15.273 +0000 UTC",
            "moid": "61ead7db484db2745f424504",
            "name": "eth2",
            "object_type": "vnic.EthIf",
            "order": 2,
            "owners": [
              "5a58c3ba3768393836cb0f1b"
            ],
            "parent": [
              {
                "additional_properties": "",
                "class_id": "mo.MoRef",
                "moid": "61ead7da484db2745f4244e0",
                "object_type": "vnic.LanConnectivityPolicy",
                "selector": ""
              }
            ],
            "permission_resources": [
              {
                "additional_properties": "",
                "class_id": "mo.MoRef",
                "moid": "60ca11dd6972652d3354a2c4",
                "object_type": "organization.Organization",
                "selector": ""
              }
            ],
            "placement": [
              {
                "additional_properties": "",
                "class_id": "vnic.PlacementSettings",
                "id": "2",
                "object_type": "vnic.PlacementSettings",
                "pci_link": 0,
                "switch_id": "None",
                "uplink": 0
              }
            ],
            "profile": [],
            "shared_scope": "",
            "sp_vnics": [],
            "standby_vif_id": 0,
            "static_mac_address": "",
            "tags": [],
            "usnic_settings": [
              {
                "additional_properties": "",
                "class_id": "vnic.UsnicSettings",
                "cos": 5,
                "nr_count": 0,
                "object_type": "vnic.UsnicSettings",
                "usnic_adapter_policy": ""
              }
            ],
            "version_context": [],
            "vif_id": 0,
            "vmq_settings": [
              {
                "additional_properties": "",
                "class_id": "vnic.VmqSettings",
                "enabled": false,
                "multi_queue_support": false,
                "num_interrupts": 16,
                "num_sub_vnics": 64,
                "num_vmqs": 4,
                "object_type": "vnic.VmqSettings",
                "vmmq_adapter_policy": ""
              }
            ]
          },
          "sensitive_attributes": [],
          "private": "bnVsbA==",
          "dependencies": [
            "module.ethernet_adapters.intersight_vnic_eth_adapter_policy.v_eth_adapter1",
            "module.ethernet_networks.intersight_vnic_eth_network_policy.v_eth_network1",
            "module.ethernet_qos.intersight_vnic_eth_qos_policy.v_eth_qos1",
            "module.lan_conn.intersight_vnic_lan_connectivity_policy.vnic_lan1",
            "module.moids.data.intersight_organization_organization.organization_moid"
          ]
        }
      ]
    },
    {
      "module": "module.ethernet_interfaces[3]",
      "mode": "managed",
      "type": "intersight_vnic_eth_if",
      "name": "eth1",
      "provider": "provider[\"registry.terraform.io/ciscodevnet/intersight\"]",
      "instances": [
        {
          "schema_version": 0,
          "attributes": {
            "account_moid": "5a58c3ba3768393836cb0f1b",
            "additional_properties": "",
            "ancestors": [
              {
                "additional_properties": "",
                "class_id": "mo.MoRef",
                "moid": "61ead7da484db2745f4244e0",
                "object_type": "vnic.LanConnectivityPolicy",
                "selector": ""
              }
            ],
            "cdn": [
              {
                "additional_properties": "",
                "class_id": "vnic.Cdn",
                "nr_source": "vnic",
                "object_type": "vnic.Cdn",
                "value": "VIC-2-eth3"
              }
            ],
            "class_id": "vnic.EthIf",
            "create_time": "2022-01-21 15:57:15.4 +0000 UTC",
            "domain_group_moid": "5b2541957a7662743465d06d",
            "eth_adapter_policy": [
              {
                "additional_properties": "",
                "class_id": "mo.MoRef",
                "moid": "61ead7da484db2745f4244f0",
                "object_type": "vnic.EthAdapterPolicy",
                "selector": ""
              }
            ],
            "eth_network_policy": [
              {
                "additional_properties": "",
                "class_id": "mo.MoRef",
                "moid": "61ead7da484db2745f4244d0",
                "object_type": "vnic.EthNetworkPolicy",
                "selector": ""
              }
            ],
            "eth_qos_policy": [
              {
                "additional_properties": "",
                "class_id": "mo.MoRef",
                "moid": "61ead7da484db2745f4244da",
                "object_type": "vnic.EthQosPolicy",
                "selector": ""
              }
            ],
            "fabric_eth_network_control_policy": [],
            "fabric_eth_network_group_policy": [],
            "failover_enabled": false,
            "id": "61ead7db484db2745f424511",
            "ip_lease": [],
            "iscsi_boot_policy": [],
            "iscsi_ip_v4_address_allocation_type": "None",
            "iscsi_ip_v4_config": [
              {
                "additional_properties": "",
                "class_id": "ippool.IpV4Config",
                "gateway": "",
                "netmask": "",
                "object_type": "ippool.IpV4Config",
                "primary_dns": "",
                "secondary_dns": ""
              }
            ],
            "iscsi_ipv4_address": "",
            "lan_connectivity_policy": [
              {
                "additional_properties": "",
                "class_id": "mo.MoRef",
                "moid": "61ead7da484db2745f4244e0",
                "object_type": "vnic.LanConnectivityPolicy",
                "selector": ""
              }
            ],
            "lcp_vnic": [],
            "mac_address": "",
            "mac_address_type": "POOL",
            "mac_lease": [],
            "mac_pool": [],
            "mod_time": "2022-01-21 15:57:15.401 +0000 UTC",
            "moid": "61ead7db484db2745f424511",
            "name": "eth3",
            "object_type": "vnic.EthIf",
            "order": 3,
            "owners": [
              "5a58c3ba3768393836cb0f1b"
            ],
            "parent": [
              {
                "additional_properties": "",
                "class_id": "mo.MoRef",
                "moid": "61ead7da484db2745f4244e0",
                "object_type": "vnic.LanConnectivityPolicy",
                "selector": ""
              }
            ],
            "permission_resources": [
              {
                "additional_properties": "",
                "class_id": "mo.MoRef",
                "moid": "60ca11dd6972652d3354a2c4",
                "object_type": "organization.Organization",
                "selector": ""
              }
            ],
            "placement": [
              {
                "additional_properties": "",
                "class_id": "vnic.PlacementSettings",
                "id": "2",
                "object_type": "vnic.PlacementSettings",
                "pci_link": 0,
                "switch_id": "None",
                "uplink": 1
              }
            ],
            "profile": [],
            "shared_scope": "",
            "sp_vnics": [],
            "standby_vif_id": 0,
            "static_mac_address": "",
            "tags": [],
            "usnic_settings": [
              {
                "additional_properties": "",
                "class_id": "vnic.UsnicSettings",
                "cos": 5,
                "nr_count": 0,
                "object_type": "vnic.UsnicSettings",
                "usnic_adapter_policy": ""
              }
            ],
            "version_context": [],
            "vif_id": 0,
            "vmq_settings": [
              {
                "additional_properties": "",
                "class_id": "vnic.VmqSettings",
                "enabled": false,
                "multi_queue_support": false,
                "num_interrupts": 16,
                "num_sub_vnics": 64,
                "num_vmqs": 4,
                "object_type": "vnic.VmqSettings",
                "vmmq_adapter_policy": ""
              }
            ]
          },
          "sensitive_attributes": [],
          "private": "bnVsbA==",
          "dependencies": [
            "module.ethernet_adapters.intersight_vnic_eth_adapter_policy.v_eth_adapter1",
            "module.ethernet_networks.intersight_vnic_eth_network_policy.v_eth_network1",
            "module.ethernet_qos.intersight_vnic_eth_qos_policy.v_eth_qos1",
            "module.lan_conn.intersight_vnic_lan_connectivity_policy.vnic_lan1",
            "module.moids.data.intersight_organization_organization.organization_moid"
          ]
        }
      ]
    },
    {
      "module": "module.ethernet_networks[0]",
      "mode": "managed",
      "type": "intersight_vnic_eth_network_policy",
      "name": "v_eth_network1",
      "provider": "provider[\"registry.terraform.io/ciscodevnet/intersight\"]",
      "instances": [
        {
          "schema_version": 0,
          "attributes": {
            "account_moid": "5a58c3ba3768393836cb0f1b",
            "additional_properties": "{\"AccountMoid\":\"5a58c3ba3768393836cb0f1b\",\"Ancestors\":[],\"CreateTime\":\"2022-01-21T15:57:13.787Z\",\"DomainGroupMoid\":\"5b2541957a7662743465d06d\",\"ModTime\":\"2022-01-21T15:57:13.787Z\",\"Moid\":\"61ead7d9484db2745f4244b8\",\"Owners\":[\"5a58c3ba3768393836cb0f1b\"],\"PermissionResources\":[{\"ClassId\":\"mo.MoRef\",\"Moid\":\"60ca11dd6972652d3354a2c4\",\"ObjectType\":\"organization.Organization\",\"link\":\"https://www.intersight.com/api/v1/organization/Organizations/60ca11dd6972652d3354a2c4\"}],\"SharedScope\":\"\",\"Tags\":[]}",
            "ancestors": [],
            "class_id": "vnic.EthNetworkPolicy",
            "create_time": "2022-01-21 15:57:13.787 +0000 UTC",
            "description": "",
            "domain_group_moid": "5b2541957a7662743465d06d",
            "id": "61ead7d9484db2745f4244b8",
            "mod_time": "2022-01-21 15:57:13.787 +0000 UTC",
            "moid": "61ead7d9484db2745f4244b8",
            "name": "wekatf_eth_net.81",
            "object_type": "vnic.EthNetworkPolicy",
            "organization": [
              {
                "additional_properties": "",
                "class_id": "mo.MoRef",
                "moid": "60ca11dd6972652d3354a2c4",
                "object_type": "organization.Organization",
                "selector": ""
              }
            ],
            "owners": [
              "5a58c3ba3768393836cb0f1b"
            ],
            "parent": [],
            "permission_resources": [
              {
                "additional_properties": "",
                "class_id": "mo.MoRef",
                "moid": "60ca11dd6972652d3354a2c4",
                "object_type": "organization.Organization",
                "selector": ""
              }
            ],
            "shared_scope": "",
            "tags": [],
            "target_platform": "Standalone",
            "version_context": [],
            "vlan_settings": [
              {
                "additional_properties": "",
                "allowed_vlans": "",
                "class_id": "vnic.VlanSettings",
                "default_vlan": 81,
                "mode": "TRUNK",
                "object_type": "vnic.VlanSettings"
              }
            ]
          },
          "sensitive_attributes": [],
          "private": "bnVsbA==",
          "dependencies": [
            "module.moids.data.intersight_organization_organization.organization_moid"
          ]
        }
      ]
    },
    {
      "module": "module.ethernet_networks[1]",
      "mode": "managed",
      "type": "intersight_vnic_eth_network_policy",
      "name": "v_eth_network1",
      "provider": "provider[\"registry.terraform.io/ciscodevnet/intersight\"]",
      "instances": [
        {
          "schema_version": 0,
          "attributes": {
            "account_moid": "5a58c3ba3768393836cb0f1b",
            "additional_properties": "{\"AccountMoid\":\"5a58c3ba3768393836cb0f1b\",\"Ancestors\":[],\"CreateTime\":\"2022-01-21T15:57:14.099Z\",\"DomainGroupMoid\":\"5b2541957a7662743465d06d\",\"ModTime\":\"2022-01-21T15:57:14.1Z\",\"Moid\":\"61ead7d9484db2745f4244bf\",\"Owners\":[\"5a58c3ba3768393836cb0f1b\"],\"PermissionResources\":[{\"ClassId\":\"mo.MoRef\",\"Moid\":\"60ca11dd6972652d3354a2c4\",\"ObjectType\":\"organization.Organization\",\"link\":\"https://www.intersight.com/api/v1/organization/Organizations/60ca11dd6972652d3354a2c4\"}],\"SharedScope\":\"\",\"Tags\":[]}",
            "ancestors": [],
            "class_id": "vnic.EthNetworkPolicy",
            "create_time": "2022-01-21 15:57:14.099 +0000 UTC",
            "description": "",
            "domain_group_moid": "5b2541957a7662743465d06d",
            "id": "61ead7d9484db2745f4244bf",
            "mod_time": "2022-01-21 15:57:14.1 +0000 UTC",
            "moid": "61ead7d9484db2745f4244bf",
            "name": "wekatf_eth_net.53",
            "object_type": "vnic.EthNetworkPolicy",
            "organization": [
              {
                "additional_properties": "",
                "class_id": "mo.MoRef",
                "moid": "60ca11dd6972652d3354a2c4",
                "object_type": "organization.Organization",
                "selector": ""
              }
            ],
            "owners": [
              "5a58c3ba3768393836cb0f1b"
            ],
            "parent": [],
            "permission_resources": [
              {
                "additional_properties": "",
                "class_id": "mo.MoRef",
                "moid": "60ca11dd6972652d3354a2c4",
                "object_type": "organization.Organization",
                "selector": ""
              }
            ],
            "shared_scope": "",
            "tags": [],
            "target_platform": "Standalone",
            "version_context": [],
            "vlan_settings": [
              {
                "additional_properties": "",
                "allowed_vlans": "",
                "class_id": "vnic.VlanSettings",
                "default_vlan": 53,
                "mode": "TRUNK",
                "object_type": "vnic.VlanSettings"
              }
            ]
          },
          "sensitive_attributes": [],
          "private": "bnVsbA==",
          "dependencies": [
            "module.moids.data.intersight_organization_organization.organization_moid"
          ]
        }
      ]
    },
    {
      "module": "module.ethernet_networks[2]",
      "mode": "managed",
      "type": "intersight_vnic_eth_network_policy",
      "name": "v_eth_network1",
      "provider": "provider[\"registry.terraform.io/ciscodevnet/intersight\"]",
      "instances": [
        {
          "schema_version": 0,
          "attributes": {
            "account_moid": "5a58c3ba3768393836cb0f1b",
            "additional_properties": "{\"AccountMoid\":\"5a58c3ba3768393836cb0f1b\",\"Ancestors\":[],\"CreateTime\":\"2022-01-21T15:57:14.229Z\",\"DomainGroupMoid\":\"5b2541957a7662743465d06d\",\"ModTime\":\"2022-01-21T15:57:14.23Z\",\"Moid\":\"61ead7da484db2745f4244d0\",\"Owners\":[\"5a58c3ba3768393836cb0f1b\"],\"PermissionResources\":[{\"ClassId\":\"mo.MoRef\",\"Moid\":\"60ca11dd6972652d3354a2c4\",\"ObjectType\":\"organization.Organization\",\"link\":\"https://www.intersight.com/api/v1/organization/Organizations/60ca11dd6972652d3354a2c4\"}],\"SharedScope\":\"\",\"Tags\":[]}",
            "ancestors": [],
            "class_id": "vnic.EthNetworkPolicy",
            "create_time": "2022-01-21 15:57:14.229 +0000 UTC",
            "description": "",
            "domain_group_moid": "5b2541957a7662743465d06d",
            "id": "61ead7da484db2745f4244d0",
            "mod_time": "2022-01-21 15:57:14.23 +0000 UTC",
            "moid": "61ead7da484db2745f4244d0",
            "name": "wekatf_eth_net.54",
            "object_type": "vnic.EthNetworkPolicy",
            "organization": [
              {
                "additional_properties": "",
                "class_id": "mo.MoRef",
                "moid": "60ca11dd6972652d3354a2c4",
                "object_type": "organization.Organization",
                "selector": ""
              }
            ],
            "owners": [
              "5a58c3ba3768393836cb0f1b"
            ],
            "parent": [],
            "permission_resources": [
              {
                "additional_properties": "",
                "class_id": "mo.MoRef",
                "moid": "60ca11dd6972652d3354a2c4",
                "object_type": "organization.Organization",
                "selector": ""
              }
            ],
            "shared_scope": "",
            "tags": [],
            "target_platform": "Standalone",
            "version_context": [],
            "vlan_settings": [
              {
                "additional_properties": "",
                "allowed_vlans": "",
                "class_id": "vnic.VlanSettings",
                "default_vlan": 54,
                "mode": "TRUNK",
                "object_type": "vnic.VlanSettings"
              }
            ]
          },
          "sensitive_attributes": [],
          "private": "bnVsbA==",
          "dependencies": [
            "module.moids.data.intersight_organization_organization.organization_moid"
          ]
        }
      ]
    },
    {
      "module": "module.ethernet_qos[0]",
      "mode": "managed",
      "type": "intersight_vnic_eth_qos_policy",
      "name": "v_eth_qos1",
      "provider": "provider[\"registry.terraform.io/ciscodevnet/intersight\"]",
      "instances": [
        {
          "schema_version": 0,
          "attributes": {
            "account_moid": "5a58c3ba3768393836cb0f1b",
            "additional_properties": "{\"AccountMoid\":\"5a58c3ba3768393836cb0f1b\",\"Ancestors\":[],\"CreateTime\":\"2022-01-21T15:57:14.427Z\",\"DomainGroupMoid\":\"5b2541957a7662743465d06d\",\"ModTime\":\"2022-01-21T15:57:14.427Z\",\"Moid\":\"61ead7da484db2745f4244e8\",\"Owners\":[\"5a58c3ba3768393836cb0f1b\"],\"PermissionResources\":[{\"ClassId\":\"mo.MoRef\",\"Moid\":\"60ca11dd6972652d3354a2c4\",\"ObjectType\":\"organization.Organization\",\"link\":\"https://www.intersight.com/api/v1/organization/Organizations/60ca11dd6972652d3354a2c4\"}],\"SharedScope\":\"\",\"Tags\":[]}",
            "ancestors": [],
            "burst": 1024,
            "class_id": "vnic.EthQosPolicy",
            "cos": 0,
            "create_time": "2022-01-21 15:57:14.427 +0000 UTC",
            "description": "Vnic eth QoS policy",
            "domain_group_moid": "5b2541957a7662743465d06d",
            "id": "61ead7da484db2745f4244e8",
            "mod_time": "2022-01-21 15:57:14.427 +0000 UTC",
            "moid": "61ead7da484db2745f4244e8",
            "mtu": 1500,
            "name": "wekatf_qos.1500",
            "object_type": "vnic.EthQosPolicy",
            "organization": [
              {
                "additional_properties": "",
                "class_id": "mo.MoRef",
                "moid": "60ca11dd6972652d3354a2c4",
                "object_type": "organization.Organization",
                "selector": ""
              }
            ],
            "owners": [
              "5a58c3ba3768393836cb0f1b"
            ],
            "parent": [],
            "permission_resources": [
              {
                "additional_properties": "",
                "class_id": "mo.MoRef",
                "moid": "60ca11dd6972652d3354a2c4",
                "object_type": "organization.Organization",
                "selector": ""
              }
            ],
            "priority": "Best Effort",
            "rate_limit": 0,
            "shared_scope": "",
            "tags": [],
            "trust_host_cos": false,
            "version_context": []
          },
          "sensitive_attributes": [],
          "private": "bnVsbA==",
          "dependencies": [
            "module.moids.data.intersight_organization_organization.organization_moid"
          ]
        }
      ]
    },
    {
      "module": "module.ethernet_qos[1]",
      "mode": "managed",
      "type": "intersight_vnic_eth_qos_policy",
      "name": "v_eth_qos1",
      "provider": "provider[\"registry.terraform.io/ciscodevnet/intersight\"]",
      "instances": [
        {
          "schema_version": 0,
          "attributes": {
            "account_moid": "5a58c3ba3768393836cb0f1b",
            "additional_properties": "{\"AccountMoid\":\"5a58c3ba3768393836cb0f1b\",\"Ancestors\":[],\"CreateTime\":\"2022-01-21T15:57:14.259Z\",\"DomainGroupMoid\":\"5b2541957a7662743465d06d\",\"ModTime\":\"2022-01-21T15:57:14.259Z\",\"Moid\":\"61ead7da484db2745f4244da\",\"Owners\":[\"5a58c3ba3768393836cb0f1b\"],\"PermissionResources\":[{\"ClassId\":\"mo.MoRef\",\"Moid\":\"60ca11dd6972652d3354a2c4\",\"ObjectType\":\"organization.Organization\",\"link\":\"https://www.intersight.com/api/v1/organization/Organizations/60ca11dd6972652d3354a2c4\"}],\"SharedScope\":\"\",\"Tags\":[]}",
            "ancestors": [],
            "burst": 1024,
            "class_id": "vnic.EthQosPolicy",
            "cos": 0,
            "create_time": "2022-01-21 15:57:14.259 +0000 UTC",
            "description": "Vnic eth QoS policy",
            "domain_group_moid": "5b2541957a7662743465d06d",
            "id": "61ead7da484db2745f4244da",
            "mod_time": "2022-01-21 15:57:14.259 +0000 UTC",
            "moid": "61ead7da484db2745f4244da",
            "mtu": 9000,
            "name": "wekatf_qos.9000",
            "object_type": "vnic.EthQosPolicy",
            "organization": [
              {
                "additional_properties": "",
                "class_id": "mo.MoRef",
                "moid": "60ca11dd6972652d3354a2c4",
                "object_type": "organization.Organization",
                "selector": ""
              }
            ],
            "owners": [
              "5a58c3ba3768393836cb0f1b"
            ],
            "parent": [],
            "permission_resources": [
              {
                "additional_properties": "",
                "class_id": "mo.MoRef",
                "moid": "60ca11dd6972652d3354a2c4",
                "object_type": "organization.Organization",
                "selector": ""
              }
            ],
            "priority": "Best Effort",
            "rate_limit": 0,
            "shared_scope": "",
            "tags": [],
            "trust_host_cos": false,
            "version_context": []
          },
          "sensitive_attributes": [],
          "private": "bnVsbA==",
          "dependencies": [
            "module.moids.data.intersight_organization_organization.organization_moid"
          ]
        }
      ]
    },
    {
      "module": "module.lan_conn",
      "mode": "managed",
      "type": "intersight_vnic_lan_connectivity_policy",
      "name": "vnic_lan1",
      "provider": "provider[\"registry.terraform.io/ciscodevnet/intersight\"]",
      "instances": [
        {
          "schema_version": 0,
          "attributes": {
            "account_moid": "5a58c3ba3768393836cb0f1b",
            "additional_properties": "{\"AccountMoid\":\"5a58c3ba3768393836cb0f1b\",\"Ancestors\":[],\"CreateTime\":\"2022-01-21T15:57:14.289Z\",\"DomainGroupMoid\":\"5b2541957a7662743465d06d\",\"ModTime\":\"2022-01-21T15:57:14.289Z\",\"Moid\":\"61ead7da484db2745f4244e0\",\"Owners\":[\"5a58c3ba3768393836cb0f1b\"],\"PermissionResources\":[{\"ClassId\":\"mo.MoRef\",\"Moid\":\"60ca11dd6972652d3354a2c4\",\"ObjectType\":\"organization.Organization\",\"link\":\"https://www.intersight.com/api/v1/organization/Organizations/60ca11dd6972652d3354a2c4\"}],\"SharedScope\":\"\",\"Tags\":[]}",
            "ancestors": [],
            "azure_qos_enabled": false,
            "class_id": "vnic.LanConnectivityPolicy",
            "create_time": "2022-01-21 15:57:14.289 +0000 UTC",
            "description": "Vnic lan connectivity policy",
            "domain_group_moid": "5b2541957a7662743465d06d",
            "eth_ifs": [],
            "id": "61ead7da484db2745f4244e0",
            "iqn_allocation_type": "None",
            "iqn_pool": [],
            "mod_time": "2022-01-21 15:57:14.289 +0000 UTC",
            "moid": "61ead7da484db2745f4244e0",
            "name": "wekatf_lan_con",
            "object_type": "vnic.LanConnectivityPolicy",
            "organization": [
              {
                "additional_properties": "",
                "class_id": "mo.MoRef",
                "moid": "60ca11dd6972652d3354a2c4",
                "object_type": "organization.Organization",
                "selector": ""
              }
            ],
            "owners": [
              "5a58c3ba3768393836cb0f1b"
            ],
            "parent": [],
            "permission_resources": [
              {
                "additional_properties": "",
                "class_id": "mo.MoRef",
                "moid": "60ca11dd6972652d3354a2c4",
                "object_type": "organization.Organization",
                "selector": ""
              }
            ],
            "placement_mode": "auto",
            "profiles": [],
            "shared_scope": "",
            "static_iqn_name": "",
            "tags": [],
            "target_platform": "Standalone",
            "version_context": []
          },
          "sensitive_attributes": [],
          "private": "bnVsbA==",
          "dependencies": [
            "module.moids.data.intersight_organization_organization.organization_moid"
          ]
        }
      ]
    },
    {
      "module": "module.moids",
      "mode": "data",
      "type": "intersight_compute_physical_summary",
      "name": "server_moid",
      "provider": "provider[\"registry.terraform.io/ciscodevnet/intersight\"]",
      "instances": [
        {
          "index_key": 0,
          "schema_version": 0,
          "attributes": {
            "account_moid": null,
            "additional_properties": null,
            "admin_power_state": null,
            "alarm_summary": null,
            "ancestors": null,
            "asset_tag": null,
            "available_memory": null,
            "bios_post_complete": null,
            "chassis_id": null,
            "class_id": null,
            "connection_status": null,
            "cpu_capacity": null,
            "create_time": null,
            "device_mo_id": null,
            "dn": null,
            "domain_group_moid": null,
            "fault_summary": null,
            "firmware": null,
            "hardware_uuid": null,
            "id": "60b4dc9876752d3135aa9f65",
            "inventory_device_info": null,
            "ipv4_address": null,
            "kvm_ip_addresses": null,
            "management_mode": null,
            "memory_speed": null,
            "mgmt_ip_address": null,
            "mod_time": null,
            "model": null,
            "moid": null,
            "name": " C240-WZP21400H6C",
            "num_adaptors": null,
            "num_cpu_cores": null,
            "num_cpu_cores_enabled": null,
            "num_cpus": null,
            "num_eth_host_interfaces": null,
            "num_fc_host_interfaces": null,
            "num_threads": null,
            "object_type": null,
            "oper_power_state": null,
            "oper_reason": null,
            "oper_state": null,
            "operability": null,
            "owners": null,
            "parent": null,
            "permission_resources": null,
            "personality": null,
            "platform_type": null,
            "presence": null,
            "registered_device": null,
            "results": [
              {
                "account_moid": "5a58c3ba3768393836cb0f1b",
                "additional_properties": "{\"AccountMoid\":\"5a58c3ba3768393836cb0f1b\",\"Ancestors\":[],\"CreateTime\":\"2021-05-31T12:54:48.317Z\",\"DomainGroupMoid\":\"5b2541957a7662743465d06d\",\"ModTime\":\"2022-01-20T22:47:12.403Z\",\"Moid\":\"60b4dc9876752d3135aa9f65\",\"Owners\":[\"5a58c3ba3768393836cb0f1b\",\"60b4dc716f72612d33f51bd9\"],\"PermissionResources\":[{\"ClassId\":\"mo.MoRef\",\"Moid\":\"5ddee0c26972652d33555a3b\",\"ObjectType\":\"organization.Organization\",\"link\":\"https://www.intersight.com/api/v1/organization/Organizations/5ddee0c26972652d33555a3b\"},{\"ClassId\":\"mo.MoRef\",\"Moid\":\"60ca11dd6972652d3354a2c4\",\"ObjectType\":\"organization.Organization\",\"link\":\"https://www.intersight.com/api/v1/organization/Organizations/60ca11dd6972652d3354a2c4\"}],\"SharedScope\":\"\",\"Tags\":[{\"Key\":\"intersight.server.os.updateTimestamp\",\"Value\":\"2021-10-20T22:55:08.112Z\"},{\"Key\":\"intersight.server.os.kernelVersionString\",\"Value\":\"CentOS 8.2\"},{\"Key\":\"intersight.server.os.releaseVersionString\",\"Value\":\"4.18.0-193.el8.x86_64\"},{\"Key\":\"intersight.server.os.type\",\"Value\":\"Linux\"},{\"Key\":\"intersight.server.os.vendor\",\"Value\":\"CentOS\"},{\"Key\":\"intersight.server.os.name\",\"Value\":\"CentOS 8.2\"},{\"Key\":\"intersight.server.os.arch\",\"Value\":\"x86_64\"},{\"Key\":\"intersight.server.os.driver.0.name\",\"Value\":\"ixgbe\"},{\"Key\":\"intersight.server.os.driver.0.version\",\"Value\":\"5.1.0-k-rh8.2.0\"},{\"Key\":\"intersight.server.os.driver.0.description\",\"Value\":\"Cisco Systems Inc Device 01a4\"},{\"Key\":\"intersight.server.os.driver.1.name\",\"Value\":\"enic\"},{\"Key\":\"intersight.server.os.driver.1.version\",\"Value\":\"4.0.0.14-802.74\"},{\"Key\":\"intersight.server.os.driver.1.description\",\"Value\":\"Cisco Systems Inc VIC 1387 MLOM Ethernet NIC\"},{\"Key\":\"intersight.server.os.driver.2.name\",\"Value\":\"fnic\"},{\"Key\":\"intersight.server.os.driver.2.version\",\"Value\":\"2.0.0.69-178.0\"},{\"Key\":\"intersight.server.os.driver.2.description\",\"Value\":\"Cisco MQ FNIC FC\"},{\"Key\":\"intersight.server.os.driver.3.name\",\"Value\":\"ahci\"},{\"Key\":\"intersight.server.os.driver.3.version\",\"Value\":\"3.0\"},{\"Key\":\"intersight.server.os.driver.3.description\",\"Value\":\"Cisco Systems Inc Device 0101\"},{\"Key\":\"intersight.server.os.driver.4.name\",\"Value\":\"megaraid_sas\"},{\"Key\":\"intersight.server.os.driver.4.version\",\"Value\":\"7.710.50.00-rc1\"},{\"Key\":\"intersight.server.os.driver.4.description\",\"Value\":\"Cisco Systems Inc Device 0210\"},{\"Key\":\"Intersight.LicenseTier\",\"Value\":\"Premier\"}]}",
                "admin_power_state": "policy",
                "alarm_summary": [
                  {
                    "additional_properties": "",
                    "class_id": "compute.AlarmSummary",
                    "critical": 0,
                    "object_type": "compute.AlarmSummary",
                    "warning": 0
                  }
                ],
                "ancestors": [],
                "asset_tag": "Unknown",
                "available_memory": 196608,
                "bios_post_complete": false,
                "chassis_id": "",
                "class_id": "compute.PhysicalSummary",
                "connection_status": "",
                "cpu_capacity": 72.79999542236328,
                "create_time": "2021-05-31 12:54:48.317 +0000 UTC",
                "device_mo_id": "60b4dc716f72612d33f51bd9",
                "dn": "sys/rack-unit-1",
                "domain_group_moid": "5b2541957a7662743465d06d",
                "fault_summary": 0,
                "firmware": "4.1(3d)",
                "hardware_uuid": "",
                "inventory_device_info": [],
                "ipv4_address": "10.90.90.102",
                "kvm_ip_addresses": [
                  {
                    "additional_properties": "",
                    "address": "10.90.90.102",
                    "category": "Equipment",
                    "class_id": "compute.IpAddress",
                    "default_gateway": "10.90.90.1",
                    "dn": "sys/rack-unit-1/mgmt/if-1",
                    "http_port": 80,
                    "https_port": 443,
                    "kvm_port": 2068,
                    "kvm_vlan": 90,
                    "name": "Outband",
                    "object_type": "compute.IpAddress",
                    "subnet": "255.255.255.0",
                    "type": "MgmtInterface"
                  }
                ],
                "management_mode": "IntersightStandalone",
                "memory_speed": "2666",
                "mgmt_ip_address": "10.90.90.102",
                "mod_time": "2022-01-20 22:47:12.403 +0000 UTC",
                "model": "UCSC-C240-M5SX",
                "moid": "60b4dc9876752d3135aa9f65",
                "name": " C240-WZP21400H6C",
                "num_adaptors": 2,
                "num_cpu_cores": 28,
                "num_cpu_cores_enabled": 28,
                "num_cpus": 2,
                "num_eth_host_interfaces": 0,
                "num_fc_host_interfaces": 0,
                "num_threads": 56,
                "object_type": "compute.PhysicalSummary",
                "oper_power_state": "off",
                "oper_reason": [],
                "oper_state": "",
                "operability": "",
                "owners": [
                  "5a58c3ba3768393836cb0f1b",
                  "60b4dc716f72612d33f51bd9"
                ],
                "parent": [],
                "permission_resources": [
                  {
                    "additional_properties": "",
                    "class_id": "mo.MoRef",
                    "moid": "5ddee0c26972652d33555a3b",
                    "object_type": "organization.Organization",
                    "selector": ""
                  },
                  {
                    "additional_properties": "",
                    "class_id": "mo.MoRef",
                    "moid": "60ca11dd6972652d3354a2c4",
                    "object_type": "organization.Organization",
                    "selector": ""
                  }
                ],
                "personality": "",
                "platform_type": "IMCM5",
                "presence": "equipped",
                "registered_device": [
                  {
                    "additional_properties": "",
                    "class_id": "mo.MoRef",
                    "moid": "60b4dc716f72612d33f51bd9",
                    "object_type": "asset.DeviceRegistration",
                    "selector": ""
                  }
                ],
                "revision": "",
                "rn": "",
                "scaled_mode": "",
                "serial": "WZP21400H6C",
                "server_id": 1,
                "service_profile": "",
                "shared_scope": "",
                "slot_id": 0,
                "source_object_type": "compute.RackUnit",
                "tags": [
                  {
                    "additional_properties": "",
                    "key": "intersight.server.os.updateTimestamp",
                    "value": "2021-10-20T22:55:08.112Z"
                  },
                  {
                    "additional_properties": "",
                    "key": "intersight.server.os.kernelVersionString",
                    "value": "CentOS 8.2"
                  },
                  {
                    "additional_properties": "",
                    "key": "intersight.server.os.releaseVersionString",
                    "value": "4.18.0-193.el8.x86_64"
                  },
                  {
                    "additional_properties": "",
                    "key": "intersight.server.os.type",
                    "value": "Linux"
                  },
                  {
                    "additional_properties": "",
                    "key": "intersight.server.os.vendor",
                    "value": "CentOS"
                  },
                  {
                    "additional_properties": "",
                    "key": "intersight.server.os.name",
                    "value": "CentOS 8.2"
                  },
                  {
                    "additional_properties": "",
                    "key": "intersight.server.os.arch",
                    "value": "x86_64"
                  },
                  {
                    "additional_properties": "",
                    "key": "intersight.server.os.driver.0.name",
                    "value": "ixgbe"
                  },
                  {
                    "additional_properties": "",
                    "key": "intersight.server.os.driver.0.version",
                    "value": "5.1.0-k-rh8.2.0"
                  },
                  {
                    "additional_properties": "",
                    "key": "intersight.server.os.driver.0.description",
                    "value": "Cisco Systems Inc Device 01a4"
                  },
                  {
                    "additional_properties": "",
                    "key": "intersight.server.os.driver.1.name",
                    "value": "enic"
                  },
                  {
                    "additional_properties": "",
                    "key": "intersight.server.os.driver.1.version",
                    "value": "4.0.0.14-802.74"
                  },
                  {
                    "additional_properties": "",
                    "key": "intersight.server.os.driver.1.description",
                    "value": "Cisco Systems Inc VIC 1387 MLOM Ethernet NIC"
                  },
                  {
                    "additional_properties": "",
                    "key": "intersight.server.os.driver.2.name",
                    "value": "fnic"
                  },
                  {
                    "additional_properties": "",
                    "key": "intersight.server.os.driver.2.version",
                    "value": "2.0.0.69-178.0"
                  },
                  {
                    "additional_properties": "",
                    "key": "intersight.server.os.driver.2.description",
                    "value": "Cisco MQ FNIC FC"
                  },
                  {
                    "additional_properties": "",
                    "key": "intersight.server.os.driver.3.name",
                    "value": "ahci"
                  },
                  {
                    "additional_properties": "",
                    "key": "intersight.server.os.driver.3.version",
                    "value": "3.0"
                  },
                  {
                    "additional_properties": "",
                    "key": "intersight.server.os.driver.3.description",
                    "value": "Cisco Systems Inc Device 0101"
                  },
                  {
                    "additional_properties": "",
                    "key": "intersight.server.os.driver.4.name",
                    "value": "megaraid_sas"
                  },
                  {
                    "additional_properties": "",
                    "key": "intersight.server.os.driver.4.version",
                    "value": "7.710.50.00-rc1"
                  },
                  {
                    "additional_properties": "",
                    "key": "intersight.server.os.driver.4.description",
                    "value": "Cisco Systems Inc Device 0210"
                  },
                  {
                    "additional_properties": "",
                    "key": "Intersight.LicenseTier",
                    "value": "Premier"
                  }
                ],
                "topology_scan_status": "",
                "total_memory": 196608,
                "user_label": "",
                "uuid": "46D40186-C0F6-40C0-9709-1D3A7DFE3D87",
                "vendor": "Cisco Systems Inc",
                "version_context": []
              }
            ],
            "revision": null,
            "rn": null,
            "scaled_mode": null,
            "serial": null,
            "server_id": null,
            "service_profile": null,
            "shared_scope": null,
            "slot_id": null,
            "source_object_type": null,
            "tags": null,
            "topology_scan_status": null,
            "total_memory": null,
            "user_label": null,
            "uuid": null,
            "vendor": null,
            "version_context": null
          },
          "sensitive_attributes": []
        },
        {
          "index_key": 1,
          "schema_version": 0,
          "attributes": {
            "account_moid": null,
            "additional_properties": null,
            "admin_power_state": null,
            "alarm_summary": null,
            "ancestors": null,
            "asset_tag": null,
            "available_memory": null,
            "bios_post_complete": null,
            "chassis_id": null,
            "class_id": null,
            "connection_status": null,
            "cpu_capacity": null,
            "create_time": null,
            "device_mo_id": null,
            "dn": null,
            "domain_group_moid": null,
            "fault_summary": null,
            "firmware": null,
            "hardware_uuid": null,
            "id": "60b4dd9b76752d3135aae056",
            "inventory_device_info": null,
            "ipv4_address": null,
            "kvm_ip_addresses": null,
            "management_mode": null,
            "memory_speed": null,
            "mgmt_ip_address": null,
            "mod_time": null,
            "model": null,
            "moid": null,
            "name": " C240-WZP2138003C",
            "num_adaptors": null,
            "num_cpu_cores": null,
            "num_cpu_cores_enabled": null,
            "num_cpus": null,
            "num_eth_host_interfaces": null,
            "num_fc_host_interfaces": null,
            "num_threads": null,
            "object_type": null,
            "oper_power_state": null,
            "oper_reason": null,
            "oper_state": null,
            "operability": null,
            "owners": null,
            "parent": null,
            "permission_resources": null,
            "personality": null,
            "platform_type": null,
            "presence": null,
            "registered_device": null,
            "results": [
              {
                "account_moid": "5a58c3ba3768393836cb0f1b",
                "additional_properties": "{\"AccountMoid\":\"5a58c3ba3768393836cb0f1b\",\"Ancestors\":[],\"CreateTime\":\"2021-05-31T12:59:07.268Z\",\"DomainGroupMoid\":\"5b2541957a7662743465d06d\",\"ModTime\":\"2022-01-20T23:14:38.473Z\",\"Moid\":\"60b4dd9b76752d3135aae056\",\"Owners\":[\"5a58c3ba3768393836cb0f1b\",\"60b4dd766f72612d33f547f2\"],\"PermissionResources\":[{\"ClassId\":\"mo.MoRef\",\"Moid\":\"5ddee0c26972652d33555a3b\",\"ObjectType\":\"organization.Organization\",\"link\":\"https://www.intersight.com/api/v1/organization/Organizations/5ddee0c26972652d33555a3b\"},{\"ClassId\":\"mo.MoRef\",\"Moid\":\"60ca11dd6972652d3354a2c4\",\"ObjectType\":\"organization.Organization\",\"link\":\"https://www.intersight.com/api/v1/organization/Organizations/60ca11dd6972652d3354a2c4\"}],\"SharedScope\":\"\",\"Tags\":[{\"Key\":\"intersight.server.os.updateTimestamp\",\"Value\":\"2021-10-14T22:55:28.531Z\"},{\"Key\":\"intersight.server.os.kernelVersionString\",\"Value\":\"CentOS 8.2\"},{\"Key\":\"intersight.server.os.releaseVersionString\",\"Value\":\"4.18.0-193.el8.x86_64\"},{\"Key\":\"intersight.server.os.type\",\"Value\":\"Linux\"},{\"Key\":\"intersight.server.os.vendor\",\"Value\":\"CentOS\"},{\"Key\":\"intersight.server.os.name\",\"Value\":\"CentOS 8.2\"},{\"Key\":\"intersight.server.os.arch\",\"Value\":\"x86_64\"},{\"Key\":\"intersight.server.os.driver.0.name\",\"Value\":\"ixgbe\"},{\"Key\":\"intersight.server.os.driver.0.version\",\"Value\":\"5.1.0-k-rh8.2.0\"},{\"Key\":\"intersight.server.os.driver.0.description\",\"Value\":\"Cisco Systems Inc Device 01a4\"},{\"Key\":\"intersight.server.os.driver.1.name\",\"Value\":\"enic\"},{\"Key\":\"intersight.server.os.driver.1.version\",\"Value\":\"4.0.0.14-802.74\"},{\"Key\":\"intersight.server.os.driver.1.description\",\"Value\":\"Cisco Systems Inc VIC 1387 MLOM Ethernet NIC\"},{\"Key\":\"intersight.server.os.driver.2.name\",\"Value\":\"fnic\"},{\"Key\":\"intersight.server.os.driver.2.version\",\"Value\":\"2.0.0.69-178.0\"},{\"Key\":\"intersight.server.os.driver.2.description\",\"Value\":\"Cisco MQ FNIC FC\"},{\"Key\":\"intersight.server.os.driver.3.name\",\"Value\":\"ahci\"},{\"Key\":\"intersight.server.os.driver.3.version\",\"Value\":\"3.0\"},{\"Key\":\"intersight.server.os.driver.3.description\",\"Value\":\"Cisco Systems Inc Device 0101\"},{\"Key\":\"intersight.server.os.driver.4.name\",\"Value\":\"megaraid_sas\"},{\"Key\":\"intersight.server.os.driver.4.version\",\"Value\":\"7.710.50.00-rc1\"},{\"Key\":\"intersight.server.os.driver.4.description\",\"Value\":\"Cisco Systems Inc Device 0210\"},{\"Key\":\"Intersight.LicenseTier\",\"Value\":\"Premier\"}]}",
                "admin_power_state": "policy",
                "alarm_summary": [
                  {
                    "additional_properties": "",
                    "class_id": "compute.AlarmSummary",
                    "critical": 0,
                    "object_type": "compute.AlarmSummary",
                    "warning": 0
                  }
                ],
                "ancestors": [],
                "asset_tag": "Unknown",
                "available_memory": 196608,
                "bios_post_complete": false,
                "chassis_id": "",
                "class_id": "compute.PhysicalSummary",
                "connection_status": "",
                "cpu_capacity": 72.79999542236328,
                "create_time": "2021-05-31 12:59:07.268 +0000 UTC",
                "device_mo_id": "60b4dd766f72612d33f547f2",
                "dn": "sys/rack-unit-1",
                "domain_group_moid": "5b2541957a7662743465d06d",
                "fault_summary": 0,
                "firmware": "4.1(3d)",
                "hardware_uuid": "",
                "inventory_device_info": [],
                "ipv4_address": "10.90.90.103",
                "kvm_ip_addresses": [
                  {
                    "additional_properties": "",
                    "address": "10.90.90.103",
                    "category": "Equipment",
                    "class_id": "compute.IpAddress",
                    "default_gateway": "10.90.90.1",
                    "dn": "sys/rack-unit-1/mgmt/if-1",
                    "http_port": 80,
                    "https_port": 443,
                    "kvm_port": 2068,
                    "kvm_vlan": 90,
                    "name": "Outband",
                    "object_type": "compute.IpAddress",
                    "subnet": "255.255.255.0",
                    "type": "MgmtInterface"
                  }
                ],
                "management_mode": "IntersightStandalone",
                "memory_speed": "2666",
                "mgmt_ip_address": "10.90.90.103",
                "mod_time": "2022-01-20 23:14:38.473 +0000 UTC",
                "model": "UCSC-C240-M5SX",
                "moid": "60b4dd9b76752d3135aae056",
                "name": " C240-WZP2138003C",
                "num_adaptors": 2,
                "num_cpu_cores": 28,
                "num_cpu_cores_enabled": 28,
                "num_cpus": 2,
                "num_eth_host_interfaces": 0,
                "num_fc_host_interfaces": 0,
                "num_threads": 56,
                "object_type": "compute.PhysicalSummary",
                "oper_power_state": "off",
                "oper_reason": [],
                "oper_state": "",
                "operability": "",
                "owners": [
                  "5a58c3ba3768393836cb0f1b",
                  "60b4dd766f72612d33f547f2"
                ],
                "parent": [],
                "permission_resources": [
                  {
                    "additional_properties": "",
                    "class_id": "mo.MoRef",
                    "moid": "5ddee0c26972652d33555a3b",
                    "object_type": "organization.Organization",
                    "selector": ""
                  },
                  {
                    "additional_properties": "",
                    "class_id": "mo.MoRef",
                    "moid": "60ca11dd6972652d3354a2c4",
                    "object_type": "organization.Organization",
                    "selector": ""
                  }
                ],
                "personality": "",
                "platform_type": "IMCM5",
                "presence": "equipped",
                "registered_device": [
                  {
                    "additional_properties": "",
                    "class_id": "mo.MoRef",
                    "moid": "60b4dd766f72612d33f547f2",
                    "object_type": "asset.DeviceRegistration",
                    "selector": ""
                  }
                ],
                "revision": "",
                "rn": "",
                "scaled_mode": "",
                "serial": "WZP2138003C",
                "server_id": 1,
                "service_profile": "",
                "shared_scope": "",
                "slot_id": 0,
                "source_object_type": "compute.RackUnit",
                "tags": [
                  {
                    "additional_properties": "",
                    "key": "intersight.server.os.updateTimestamp",
                    "value": "2021-10-14T22:55:28.531Z"
                  },
                  {
                    "additional_properties": "",
                    "key": "intersight.server.os.kernelVersionString",
                    "value": "CentOS 8.2"
                  },
                  {
                    "additional_properties": "",
                    "key": "intersight.server.os.releaseVersionString",
                    "value": "4.18.0-193.el8.x86_64"
                  },
                  {
                    "additional_properties": "",
                    "key": "intersight.server.os.type",
                    "value": "Linux"
                  },
                  {
                    "additional_properties": "",
                    "key": "intersight.server.os.vendor",
                    "value": "CentOS"
                  },
                  {
                    "additional_properties": "",
                    "key": "intersight.server.os.name",
                    "value": "CentOS 8.2"
                  },
                  {
                    "additional_properties": "",
                    "key": "intersight.server.os.arch",
                    "value": "x86_64"
                  },
                  {
                    "additional_properties": "",
                    "key": "intersight.server.os.driver.0.name",
                    "value": "ixgbe"
                  },
                  {
                    "additional_properties": "",
                    "key": "intersight.server.os.driver.0.version",
                    "value": "5.1.0-k-rh8.2.0"
                  },
                  {
                    "additional_properties": "",
                    "key": "intersight.server.os.driver.0.description",
                    "value": "Cisco Systems Inc Device 01a4"
                  },
                  {
                    "additional_properties": "",
                    "key": "intersight.server.os.driver.1.name",
                    "value": "enic"
                  },
                  {
                    "additional_properties": "",
                    "key": "intersight.server.os.driver.1.version",
                    "value": "4.0.0.14-802.74"
                  },
                  {
                    "additional_properties": "",
                    "key": "intersight.server.os.driver.1.description",
                    "value": "Cisco Systems Inc VIC 1387 MLOM Ethernet NIC"
                  },
                  {
                    "additional_properties": "",
                    "key": "intersight.server.os.driver.2.name",
                    "value": "fnic"
                  },
                  {
                    "additional_properties": "",
                    "key": "intersight.server.os.driver.2.version",
                    "value": "2.0.0.69-178.0"
                  },
                  {
                    "additional_properties": "",
                    "key": "intersight.server.os.driver.2.description",
                    "value": "Cisco MQ FNIC FC"
                  },
                  {
                    "additional_properties": "",
                    "key": "intersight.server.os.driver.3.name",
                    "value": "ahci"
                  },
                  {
                    "additional_properties": "",
                    "key": "intersight.server.os.driver.3.version",
                    "value": "3.0"
                  },
                  {
                    "additional_properties": "",
                    "key": "intersight.server.os.driver.3.description",
                    "value": "Cisco Systems Inc Device 0101"
                  },
                  {
                    "additional_properties": "",
                    "key": "intersight.server.os.driver.4.name",
                    "value": "megaraid_sas"
                  },
                  {
                    "additional_properties": "",
                    "key": "intersight.server.os.driver.4.version",
                    "value": "7.710.50.00-rc1"
                  },
                  {
                    "additional_properties": "",
                    "key": "intersight.server.os.driver.4.description",
                    "value": "Cisco Systems Inc Device 0210"
                  },
                  {
                    "additional_properties": "",
                    "key": "Intersight.LicenseTier",
                    "value": "Premier"
                  }
                ],
                "topology_scan_status": "",
                "total_memory": 196608,
                "user_label": "",
                "uuid": "F0A4440A-0F00-4B43-AABB-FA14AD27D9FF",
                "vendor": "Cisco Systems Inc",
                "version_context": []
              }
            ],
            "revision": null,
            "rn": null,
            "scaled_mode": null,
            "serial": null,
            "server_id": null,
            "service_profile": null,
            "shared_scope": null,
            "slot_id": null,
            "source_object_type": null,
            "tags": null,
            "topology_scan_status": null,
            "total_memory": null,
            "user_label": null,
            "uuid": null,
            "vendor": null,
            "version_context": null
          },
          "sensitive_attributes": []
        },
        {
          "index_key": 2,
          "schema_version": 0,
          "attributes": {
            "account_moid": null,
            "additional_properties": null,
            "admin_power_state": null,
            "alarm_summary": null,
            "ancestors": null,
            "asset_tag": null,
            "available_memory": null,
            "bios_post_complete": null,
            "chassis_id": null,
            "class_id": null,
            "connection_status": null,
            "cpu_capacity": null,
            "create_time": null,
            "device_mo_id": null,
            "dn": null,
            "domain_group_moid": null,
            "fault_summary": null,
            "firmware": null,
            "hardware_uuid": null,
            "id": "60b4de2976752d3135aafef5",
            "inventory_device_info": null,
            "ipv4_address": null,
            "kvm_ip_addresses": null,
            "management_mode": null,
            "memory_speed": null,
            "mgmt_ip_address": null,
            "mod_time": null,
            "model": null,
            "moid": null,
            "name": " C240-WZP214903Y3",
            "num_adaptors": null,
            "num_cpu_cores": null,
            "num_cpu_cores_enabled": null,
            "num_cpus": null,
            "num_eth_host_interfaces": null,
            "num_fc_host_interfaces": null,
            "num_threads": null,
            "object_type": null,
            "oper_power_state": null,
            "oper_reason": null,
            "oper_state": null,
            "operability": null,
            "owners": null,
            "parent": null,
            "permission_resources": null,
            "personality": null,
            "platform_type": null,
            "presence": null,
            "registered_device": null,
            "results": [
              {
                "account_moid": "5a58c3ba3768393836cb0f1b",
                "additional_properties": "{\"AccountMoid\":\"5a58c3ba3768393836cb0f1b\",\"Ancestors\":[],\"CreateTime\":\"2021-05-31T13:01:29.585Z\",\"DomainGroupMoid\":\"5b2541957a7662743465d06d\",\"ModTime\":\"2022-01-21T11:53:47.074Z\",\"Moid\":\"60b4de2976752d3135aafef5\",\"Owners\":[\"5a58c3ba3768393836cb0f1b\",\"60b4de246f72612d33f564cb\"],\"PermissionResources\":[{\"ClassId\":\"mo.MoRef\",\"Moid\":\"5ddee0c26972652d33555a3b\",\"ObjectType\":\"organization.Organization\",\"link\":\"https://www.intersight.com/api/v1/organization/Organizations/5ddee0c26972652d33555a3b\"},{\"ClassId\":\"mo.MoRef\",\"Moid\":\"60ca11dd6972652d3354a2c4\",\"ObjectType\":\"organization.Organization\",\"link\":\"https://www.intersight.com/api/v1/organization/Organizations/60ca11dd6972652d3354a2c4\"}],\"SharedScope\":\"\",\"Tags\":[{\"Key\":\"intersight.server.os.updateTimestamp\",\"Value\":\"2021-08-26T15:47:15.332Z\"},{\"Key\":\"intersight.server.os.kernelVersionString\",\"Value\":\"CentOS 8.2\"},{\"Key\":\"intersight.server.os.releaseVersionString\",\"Value\":\"4.18.0-193.el8.x86_64\"},{\"Key\":\"intersight.server.os.type\",\"Value\":\"Linux\"},{\"Key\":\"intersight.server.os.vendor\",\"Value\":\"CentOS\"},{\"Key\":\"intersight.server.os.name\",\"Value\":\"CentOS 8.2\"},{\"Key\":\"intersight.server.os.arch\",\"Value\":\"x86_64\"},{\"Key\":\"intersight.server.os.driver.0.name\",\"Value\":\"ixgbe\"},{\"Key\":\"intersight.server.os.driver.0.version\",\"Value\":\"5.1.0-k-rh8.2.0\"},{\"Key\":\"intersight.server.os.driver.0.description\",\"Value\":\"Cisco Systems Inc Device 01a4\"},{\"Key\":\"intersight.server.os.driver.1.name\",\"Value\":\"enic\"},{\"Key\":\"intersight.server.os.driver.1.version\",\"Value\":\"4.0.0.14-802.74\"},{\"Key\":\"intersight.server.os.driver.1.description\",\"Value\":\"Cisco Systems Inc VIC 1387 MLOM Ethernet NIC\"},{\"Key\":\"intersight.server.os.driver.2.name\",\"Value\":\"fnic\"},{\"Key\":\"intersight.server.os.driver.2.version\",\"Value\":\"2.0.0.69-178.0\"},{\"Key\":\"intersight.server.os.driver.2.description\",\"Value\":\"Cisco MQ FNIC FC\"},{\"Key\":\"intersight.server.os.driver.3.name\",\"Value\":\"ahci\"},{\"Key\":\"intersight.server.os.driver.3.version\",\"Value\":\"3.0\"},{\"Key\":\"intersight.server.os.driver.3.description\",\"Value\":\"Cisco Systems Inc Device 0101\"},{\"Key\":\"intersight.server.os.driver.4.name\",\"Value\":\"megaraid_sas\"},{\"Key\":\"intersight.server.os.driver.4.version\",\"Value\":\"7.710.50.00-rc1\"},{\"Key\":\"intersight.server.os.driver.4.description\",\"Value\":\"Cisco Systems Inc Device 0210\"},{\"Key\":\"Intersight.LicenseTier\",\"Value\":\"Premier\"}]}",
                "admin_power_state": "policy",
                "alarm_summary": [
                  {
                    "additional_properties": "",
                    "class_id": "compute.AlarmSummary",
                    "critical": 0,
                    "object_type": "compute.AlarmSummary",
                    "warning": 0
                  }
                ],
                "ancestors": [],
                "asset_tag": "Unknown",
                "available_memory": 196608,
                "bios_post_complete": false,
                "chassis_id": "",
                "class_id": "compute.PhysicalSummary",
                "connection_status": "",
                "cpu_capacity": 72.79999542236328,
                "create_time": "2021-05-31 13:01:29.585 +0000 UTC",
                "device_mo_id": "60b4de246f72612d33f564cb",
                "dn": "sys/rack-unit-1",
                "domain_group_moid": "5b2541957a7662743465d06d",
                "fault_summary": 0,
                "firmware": "4.1(3d)",
                "hardware_uuid": "",
                "inventory_device_info": [],
                "ipv4_address": "10.90.90.104",
                "kvm_ip_addresses": [
                  {
                    "additional_properties": "",
                    "address": "10.90.90.104",
                    "category": "Equipment",
                    "class_id": "compute.IpAddress",
                    "default_gateway": "10.90.90.1",
                    "dn": "sys/rack-unit-1/mgmt/if-1",
                    "http_port": 80,
                    "https_port": 443,
                    "kvm_port": 2068,
                    "kvm_vlan": 90,
                    "name": "Outband",
                    "object_type": "compute.IpAddress",
                    "subnet": "255.255.255.0",
                    "type": "MgmtInterface"
                  }
                ],
                "management_mode": "IntersightStandalone",
                "memory_speed": "2666",
                "mgmt_ip_address": "10.90.90.104",
                "mod_time": "2022-01-21 11:53:47.074 +0000 UTC",
                "model": "UCSC-C240-M5SX",
                "moid": "60b4de2976752d3135aafef5",
                "name": " C240-WZP214903Y3",
                "num_adaptors": 2,
                "num_cpu_cores": 28,
                "num_cpu_cores_enabled": 28,
                "num_cpus": 2,
                "num_eth_host_interfaces": 0,
                "num_fc_host_interfaces": 0,
                "num_threads": 56,
                "object_type": "compute.PhysicalSummary",
                "oper_power_state": "off",
                "oper_reason": [],
                "oper_state": "",
                "operability": "",
                "owners": [
                  "5a58c3ba3768393836cb0f1b",
                  "60b4de246f72612d33f564cb"
                ],
                "parent": [],
                "permission_resources": [
                  {
                    "additional_properties": "",
                    "class_id": "mo.MoRef",
                    "moid": "5ddee0c26972652d33555a3b",
                    "object_type": "organization.Organization",
                    "selector": ""
                  },
                  {
                    "additional_properties": "",
                    "class_id": "mo.MoRef",
                    "moid": "60ca11dd6972652d3354a2c4",
                    "object_type": "organization.Organization",
                    "selector": ""
                  }
                ],
                "personality": "",
                "platform_type": "IMCM5",
                "presence": "equipped",
                "registered_device": [
                  {
                    "additional_properties": "",
                    "class_id": "mo.MoRef",
                    "moid": "60b4de246f72612d33f564cb",
                    "object_type": "asset.DeviceRegistration",
                    "selector": ""
                  }
                ],
                "revision": "",
                "rn": "",
                "scaled_mode": "",
                "serial": "WZP214903Y3",
                "server_id": 1,
                "service_profile": "",
                "shared_scope": "",
                "slot_id": 0,
                "source_object_type": "compute.RackUnit",
                "tags": [
                  {
                    "additional_properties": "",
                    "key": "intersight.server.os.updateTimestamp",
                    "value": "2021-08-26T15:47:15.332Z"
                  },
                  {
                    "additional_properties": "",
                    "key": "intersight.server.os.kernelVersionString",
                    "value": "CentOS 8.2"
                  },
                  {
                    "additional_properties": "",
                    "key": "intersight.server.os.releaseVersionString",
                    "value": "4.18.0-193.el8.x86_64"
                  },
                  {
                    "additional_properties": "",
                    "key": "intersight.server.os.type",
                    "value": "Linux"
                  },
                  {
                    "additional_properties": "",
                    "key": "intersight.server.os.vendor",
                    "value": "CentOS"
                  },
                  {
                    "additional_properties": "",
                    "key": "intersight.server.os.name",
                    "value": "CentOS 8.2"
                  },
                  {
                    "additional_properties": "",
                    "key": "intersight.server.os.arch",
                    "value": "x86_64"
                  },
                  {
                    "additional_properties": "",
                    "key": "intersight.server.os.driver.0.name",
                    "value": "ixgbe"
                  },
                  {
                    "additional_properties": "",
                    "key": "intersight.server.os.driver.0.version",
                    "value": "5.1.0-k-rh8.2.0"
                  },
                  {
                    "additional_properties": "",
                    "key": "intersight.server.os.driver.0.description",
                    "value": "Cisco Systems Inc Device 01a4"
                  },
                  {
                    "additional_properties": "",
                    "key": "intersight.server.os.driver.1.name",
                    "value": "enic"
                  },
                  {
                    "additional_properties": "",
                    "key": "intersight.server.os.driver.1.version",
                    "value": "4.0.0.14-802.74"
                  },
                  {
                    "additional_properties": "",
                    "key": "intersight.server.os.driver.1.description",
                    "value": "Cisco Systems Inc VIC 1387 MLOM Ethernet NIC"
                  },
                  {
                    "additional_properties": "",
                    "key": "intersight.server.os.driver.2.name",
                    "value": "fnic"
                  },
                  {
                    "additional_properties": "",
                    "key": "intersight.server.os.driver.2.version",
                    "value": "2.0.0.69-178.0"
                  },
                  {
                    "additional_properties": "",
                    "key": "intersight.server.os.driver.2.description",
                    "value": "Cisco MQ FNIC FC"
                  },
                  {
                    "additional_properties": "",
                    "key": "intersight.server.os.driver.3.name",
                    "value": "ahci"
                  },
                  {
                    "additional_properties": "",
                    "key": "intersight.server.os.driver.3.version",
                    "value": "3.0"
                  },
                  {
                    "additional_properties": "",
                    "key": "intersight.server.os.driver.3.description",
                    "value": "Cisco Systems Inc Device 0101"
                  },
                  {
                    "additional_properties": "",
                    "key": "intersight.server.os.driver.4.name",
                    "value": "megaraid_sas"
                  },
                  {
                    "additional_properties": "",
                    "key": "intersight.server.os.driver.4.version",
                    "value": "7.710.50.00-rc1"
                  },
                  {
                    "additional_properties": "",
                    "key": "intersight.server.os.driver.4.description",
                    "value": "Cisco Systems Inc Device 0210"
                  },
                  {
                    "additional_properties": "",
                    "key": "Intersight.LicenseTier",
                    "value": "Premier"
                  }
                ],
                "topology_scan_status": "",
                "total_memory": 196608,
                "user_label": "",
                "uuid": "38BC420E-4142-4B20-8E67-C0911F02BE86",
                "vendor": "Cisco Systems Inc",
                "version_context": []
              }
            ],
            "revision": null,
            "rn": null,
            "scaled_mode": null,
            "serial": null,
            "server_id": null,
            "service_profile": null,
            "shared_scope": null,
            "slot_id": null,
            "source_object_type": null,
            "tags": null,
            "topology_scan_status": null,
            "total_memory": null,
            "user_label": null,
            "uuid": null,
            "vendor": null,
            "version_context": null
          },
          "sensitive_attributes": []
        },
        {
          "index_key": 3,
          "schema_version": 0,
          "attributes": {
            "account_moid": null,
            "additional_properties": null,
            "admin_power_state": null,
            "alarm_summary": null,
            "ancestors": null,
            "asset_tag": null,
            "available_memory": null,
            "bios_post_complete": null,
            "chassis_id": null,
            "class_id": null,
            "connection_status": null,
            "cpu_capacity": null,
            "create_time": null,
            "device_mo_id": null,
            "dn": null,
            "domain_group_moid": null,
            "fault_summary": null,
            "firmware": null,
            "hardware_uuid": null,
            "id": "60b4ded976752d3135ab27f0",
            "inventory_device_info": null,
            "ipv4_address": null,
            "kvm_ip_addresses": null,
            "management_mode": null,
            "memory_speed": null,
            "mgmt_ip_address": null,
            "mod_time": null,
            "model": null,
            "moid": null,
            "name": " C240-WZP2138002S",
            "num_adaptors": null,
            "num_cpu_cores": null,
            "num_cpu_cores_enabled": null,
            "num_cpus": null,
            "num_eth_host_interfaces": null,
            "num_fc_host_interfaces": null,
            "num_threads": null,
            "object_type": null,
            "oper_power_state": null,
            "oper_reason": null,
            "oper_state": null,
            "operability": null,
            "owners": null,
            "parent": null,
            "permission_resources": null,
            "personality": null,
            "platform_type": null,
            "presence": null,
            "registered_device": null,
            "results": [
              {
                "account_moid": "5a58c3ba3768393836cb0f1b",
                "additional_properties": "{\"AccountMoid\":\"5a58c3ba3768393836cb0f1b\",\"Ancestors\":[],\"CreateTime\":\"2021-05-31T13:04:25.937Z\",\"DomainGroupMoid\":\"5b2541957a7662743465d06d\",\"ModTime\":\"2022-01-21T15:12:29.97Z\",\"Moid\":\"60b4ded976752d3135ab27f0\",\"Owners\":[\"5a58c3ba3768393836cb0f1b\",\"60b4decd6f72612d33f58041\"],\"PermissionResources\":[{\"ClassId\":\"mo.MoRef\",\"Moid\":\"5ddee0c26972652d33555a3b\",\"ObjectType\":\"organization.Organization\",\"link\":\"https://www.intersight.com/api/v1/organization/Organizations/5ddee0c26972652d33555a3b\"},{\"ClassId\":\"mo.MoRef\",\"Moid\":\"60ca11dd6972652d3354a2c4\",\"ObjectType\":\"organization.Organization\",\"link\":\"https://www.intersight.com/api/v1/organization/Organizations/60ca11dd6972652d3354a2c4\"}],\"SharedScope\":\"\",\"Tags\":[{\"Key\":\"intersight.server.os.updateTimestamp\",\"Value\":\"2021-08-26T15:48:56.265Z\"},{\"Key\":\"intersight.server.os.kernelVersionString\",\"Value\":\"CentOS 8.2\"},{\"Key\":\"intersight.server.os.releaseVersionString\",\"Value\":\"4.18.0-193.el8.x86_64\"},{\"Key\":\"intersight.server.os.type\",\"Value\":\"Linux\"},{\"Key\":\"intersight.server.os.vendor\",\"Value\":\"CentOS\"},{\"Key\":\"intersight.server.os.name\",\"Value\":\"CentOS 8.2\"},{\"Key\":\"intersight.server.os.arch\",\"Value\":\"x86_64\"},{\"Key\":\"intersight.server.os.driver.0.name\",\"Value\":\"ixgbe\"},{\"Key\":\"intersight.server.os.driver.0.version\",\"Value\":\"5.1.0-k-rh8.2.0\"},{\"Key\":\"intersight.server.os.driver.0.description\",\"Value\":\"Cisco Systems Inc Device 01a4\"},{\"Key\":\"intersight.server.os.driver.1.name\",\"Value\":\"enic\"},{\"Key\":\"intersight.server.os.driver.1.version\",\"Value\":\"4.0.0.14-802.74\"},{\"Key\":\"intersight.server.os.driver.1.description\",\"Value\":\"Cisco Systems Inc VIC 1387 MLOM Ethernet NIC\"},{\"Key\":\"intersight.server.os.driver.2.name\",\"Value\":\"fnic\"},{\"Key\":\"intersight.server.os.driver.2.version\",\"Value\":\"2.0.0.69-178.0\"},{\"Key\":\"intersight.server.os.driver.2.description\",\"Value\":\"Cisco MQ FNIC FC\"},{\"Key\":\"intersight.server.os.driver.3.name\",\"Value\":\"ahci\"},{\"Key\":\"intersight.server.os.driver.3.version\",\"Value\":\"3.0\"},{\"Key\":\"intersight.server.os.driver.3.description\",\"Value\":\"Cisco Systems Inc Device 0101\"},{\"Key\":\"intersight.server.os.driver.4.name\",\"Value\":\"megaraid_sas\"},{\"Key\":\"intersight.server.os.driver.4.version\",\"Value\":\"7.710.50.00-rc1\"},{\"Key\":\"intersight.server.os.driver.4.description\",\"Value\":\"Cisco Systems Inc Device 0210\"},{\"Key\":\"Intersight.LicenseTier\",\"Value\":\"Premier\"}]}",
                "admin_power_state": "policy",
                "alarm_summary": [
                  {
                    "additional_properties": "",
                    "class_id": "compute.AlarmSummary",
                    "critical": 0,
                    "object_type": "compute.AlarmSummary",
                    "warning": 0
                  }
                ],
                "ancestors": [],
                "asset_tag": "Unknown",
                "available_memory": 196608,
                "bios_post_complete": false,
                "chassis_id": "",
                "class_id": "compute.PhysicalSummary",
                "connection_status": "",
                "cpu_capacity": 72.79999542236328,
                "create_time": "2021-05-31 13:04:25.937 +0000 UTC",
                "device_mo_id": "60b4decd6f72612d33f58041",
                "dn": "sys/rack-unit-1",
                "domain_group_moid": "5b2541957a7662743465d06d",
                "fault_summary": 0,
                "firmware": "4.1(3d)",
                "hardware_uuid": "",
                "inventory_device_info": [],
                "ipv4_address": "10.90.90.106",
                "kvm_ip_addresses": [
                  {
                    "additional_properties": "",
                    "address": "10.90.90.106",
                    "category": "Equipment",
                    "class_id": "compute.IpAddress",
                    "default_gateway": "10.90.90.1",
                    "dn": "sys/rack-unit-1/mgmt/if-1",
                    "http_port": 80,
                    "https_port": 443,
                    "kvm_port": 2068,
                    "kvm_vlan": 90,
                    "name": "Outband",
                    "object_type": "compute.IpAddress",
                    "subnet": "255.255.255.0",
                    "type": "MgmtInterface"
                  }
                ],
                "management_mode": "IntersightStandalone",
                "memory_speed": "2666",
                "mgmt_ip_address": "10.90.90.106",
                "mod_time": "2022-01-21 15:12:29.97 +0000 UTC",
                "model": "UCSC-C240-M5SX",
                "moid": "60b4ded976752d3135ab27f0",
                "name": " C240-WZP2138002S",
                "num_adaptors": 2,
                "num_cpu_cores": 28,
                "num_cpu_cores_enabled": 28,
                "num_cpus": 2,
                "num_eth_host_interfaces": 0,
                "num_fc_host_interfaces": 0,
                "num_threads": 56,
                "object_type": "compute.PhysicalSummary",
                "oper_power_state": "off",
                "oper_reason": [],
                "oper_state": "",
                "operability": "",
                "owners": [
                  "5a58c3ba3768393836cb0f1b",
                  "60b4decd6f72612d33f58041"
                ],
                "parent": [],
                "permission_resources": [
                  {
                    "additional_properties": "",
                    "class_id": "mo.MoRef",
                    "moid": "5ddee0c26972652d33555a3b",
                    "object_type": "organization.Organization",
                    "selector": ""
                  },
                  {
                    "additional_properties": "",
                    "class_id": "mo.MoRef",
                    "moid": "60ca11dd6972652d3354a2c4",
                    "object_type": "organization.Organization",
                    "selector": ""
                  }
                ],
                "personality": "",
                "platform_type": "IMCM5",
                "presence": "equipped",
                "registered_device": [
                  {
                    "additional_properties": "",
                    "class_id": "mo.MoRef",
                    "moid": "60b4decd6f72612d33f58041",
                    "object_type": "asset.DeviceRegistration",
                    "selector": ""
                  }
                ],
                "revision": "",
                "rn": "",
                "scaled_mode": "",
                "serial": "WZP2138002S",
                "server_id": 1,
                "service_profile": "",
                "shared_scope": "",
                "slot_id": 0,
                "source_object_type": "compute.RackUnit",
                "tags": [
                  {
                    "additional_properties": "",
                    "key": "intersight.server.os.updateTimestamp",
                    "value": "2021-08-26T15:48:56.265Z"
                  },
                  {
                    "additional_properties": "",
                    "key": "intersight.server.os.kernelVersionString",
                    "value": "CentOS 8.2"
                  },
                  {
                    "additional_properties": "",
                    "key": "intersight.server.os.releaseVersionString",
                    "value": "4.18.0-193.el8.x86_64"
                  },
                  {
                    "additional_properties": "",
                    "key": "intersight.server.os.type",
                    "value": "Linux"
                  },
                  {
                    "additional_properties": "",
                    "key": "intersight.server.os.vendor",
                    "value": "CentOS"
                  },
                  {
                    "additional_properties": "",
                    "key": "intersight.server.os.name",
                    "value": "CentOS 8.2"
                  },
                  {
                    "additional_properties": "",
                    "key": "intersight.server.os.arch",
                    "value": "x86_64"
                  },
                  {
                    "additional_properties": "",
                    "key": "intersight.server.os.driver.0.name",
                    "value": "ixgbe"
                  },
                  {
                    "additional_properties": "",
                    "key": "intersight.server.os.driver.0.version",
                    "value": "5.1.0-k-rh8.2.0"
                  },
                  {
                    "additional_properties": "",
                    "key": "intersight.server.os.driver.0.description",
                    "value": "Cisco Systems Inc Device 01a4"
                  },
                  {
                    "additional_properties": "",
                    "key": "intersight.server.os.driver.1.name",
                    "value": "enic"
                  },
                  {
                    "additional_properties": "",
                    "key": "intersight.server.os.driver.1.version",
                    "value": "4.0.0.14-802.74"
                  },
                  {
                    "additional_properties": "",
                    "key": "intersight.server.os.driver.1.description",
                    "value": "Cisco Systems Inc VIC 1387 MLOM Ethernet NIC"
                  },
                  {
                    "additional_properties": "",
                    "key": "intersight.server.os.driver.2.name",
                    "value": "fnic"
                  },
                  {
                    "additional_properties": "",
                    "key": "intersight.server.os.driver.2.version",
                    "value": "2.0.0.69-178.0"
                  },
                  {
                    "additional_properties": "",
                    "key": "intersight.server.os.driver.2.description",
                    "value": "Cisco MQ FNIC FC"
                  },
                  {
                    "additional_properties": "",
                    "key": "intersight.server.os.driver.3.name",
                    "value": "ahci"
                  },
                  {
                    "additional_properties": "",
                    "key": "intersight.server.os.driver.3.version",
                    "value": "3.0"
                  },
                  {
                    "additional_properties": "",
                    "key": "intersight.server.os.driver.3.description",
                    "value": "Cisco Systems Inc Device 0101"
                  },
                  {
                    "additional_properties": "",
                    "key": "intersight.server.os.driver.4.name",
                    "value": "megaraid_sas"
                  },
                  {
                    "additional_properties": "",
                    "key": "intersight.server.os.driver.4.version",
                    "value": "7.710.50.00-rc1"
                  },
                  {
                    "additional_properties": "",
                    "key": "intersight.server.os.driver.4.description",
                    "value": "Cisco Systems Inc Device 0210"
                  },
                  {
                    "additional_properties": "",
                    "key": "Intersight.LicenseTier",
                    "value": "Premier"
                  }
                ],
                "topology_scan_status": "",
                "total_memory": 196608,
                "user_label": "",
                "uuid": "7FBFD356-09D1-4E03-A7FC-4220E1C7BD12",
                "vendor": "Cisco Systems Inc",
                "version_context": []
              }
            ],
            "revision": null,
            "rn": null,
            "scaled_mode": null,
            "serial": null,
            "server_id": null,
            "service_profile": null,
            "shared_scope": null,
            "slot_id": null,
            "source_object_type": null,
            "tags": null,
            "topology_scan_status": null,
            "total_memory": null,
            "user_label": null,
            "uuid": null,
            "vendor": null,
            "version_context": null
          },
          "sensitive_attributes": []
        },
        {
          "index_key": 4,
          "schema_version": 0,
          "attributes": {
            "account_moid": null,
            "additional_properties": null,
            "admin_power_state": null,
            "alarm_summary": null,
            "ancestors": null,
            "asset_tag": null,
            "available_memory": null,
            "bios_post_complete": null,
            "chassis_id": null,
            "class_id": null,
            "connection_status": null,
            "cpu_capacity": null,
            "create_time": null,
            "device_mo_id": null,
            "dn": null,
            "domain_group_moid": null,
            "fault_summary": null,
            "firmware": null,
            "hardware_uuid": null,
            "id": "60b4df5876752d3135ab46bb",
            "inventory_device_info": null,
            "ipv4_address": null,
            "kvm_ip_addresses": null,
            "management_mode": null,
            "memory_speed": null,
            "mgmt_ip_address": null,
            "mod_time": null,
            "model": null,
            "moid": null,
            "name": " C240-WZP2138001O",
            "num_adaptors": null,
            "num_cpu_cores": null,
            "num_cpu_cores_enabled": null,
            "num_cpus": null,
            "num_eth_host_interfaces": null,
            "num_fc_host_interfaces": null,
            "num_threads": null,
            "object_type": null,
            "oper_power_state": null,
            "oper_reason": null,
            "oper_state": null,
            "operability": null,
            "owners": null,
            "parent": null,
            "permission_resources": null,
            "personality": null,
            "platform_type": null,
            "presence": null,
            "registered_device": null,
            "results": [
              {
                "account_moid": "5a58c3ba3768393836cb0f1b",
                "additional_properties": "{\"AccountMoid\":\"5a58c3ba3768393836cb0f1b\",\"Ancestors\":[],\"CreateTime\":\"2021-05-31T13:06:32.785Z\",\"DomainGroupMoid\":\"5b2541957a7662743465d06d\",\"ModTime\":\"2022-01-21T14:43:54.657Z\",\"Moid\":\"60b4df5876752d3135ab46bb\",\"Owners\":[\"5a58c3ba3768393836cb0f1b\",\"60b4df396f72612d33f591e3\"],\"PermissionResources\":[{\"ClassId\":\"mo.MoRef\",\"Moid\":\"5ddee0c26972652d33555a3b\",\"ObjectType\":\"organization.Organization\",\"link\":\"https://www.intersight.com/api/v1/organization/Organizations/5ddee0c26972652d33555a3b\"},{\"ClassId\":\"mo.MoRef\",\"Moid\":\"60ca11dd6972652d3354a2c4\",\"ObjectType\":\"organization.Organization\",\"link\":\"https://www.intersight.com/api/v1/organization/Organizations/60ca11dd6972652d3354a2c4\"}],\"SharedScope\":\"\",\"Tags\":[{\"Key\":\"intersight.server.os.updateTimestamp\",\"Value\":\"2021-08-26T15:49:39.801Z\"},{\"Key\":\"intersight.server.os.kernelVersionString\",\"Value\":\"CentOS 8.2\"},{\"Key\":\"intersight.server.os.releaseVersionString\",\"Value\":\"4.18.0-193.el8.x86_64\"},{\"Key\":\"intersight.server.os.type\",\"Value\":\"Linux\"},{\"Key\":\"intersight.server.os.vendor\",\"Value\":\"CentOS\"},{\"Key\":\"intersight.server.os.name\",\"Value\":\"CentOS 8.2\"},{\"Key\":\"intersight.server.os.arch\",\"Value\":\"x86_64\"},{\"Key\":\"intersight.server.os.driver.0.name\",\"Value\":\"ixgbe\"},{\"Key\":\"intersight.server.os.driver.0.version\",\"Value\":\"5.1.0-k-rh8.2.0\"},{\"Key\":\"intersight.server.os.driver.0.description\",\"Value\":\"Cisco Systems Inc Device 01a4\"},{\"Key\":\"intersight.server.os.driver.1.name\",\"Value\":\"enic\"},{\"Key\":\"intersight.server.os.driver.1.version\",\"Value\":\"4.0.0.14-802.74\"},{\"Key\":\"intersight.server.os.driver.1.description\",\"Value\":\"Cisco Systems Inc VIC 1387 MLOM Ethernet NIC\"},{\"Key\":\"intersight.server.os.driver.2.name\",\"Value\":\"fnic\"},{\"Key\":\"intersight.server.os.driver.2.version\",\"Value\":\"2.0.0.69-178.0\"},{\"Key\":\"intersight.server.os.driver.2.description\",\"Value\":\"Cisco MQ FNIC FC\"},{\"Key\":\"intersight.server.os.driver.3.name\",\"Value\":\"ahci\"},{\"Key\":\"intersight.server.os.driver.3.version\",\"Value\":\"3.0\"},{\"Key\":\"intersight.server.os.driver.3.description\",\"Value\":\"Cisco Systems Inc Device 0101\"},{\"Key\":\"intersight.server.os.driver.4.name\",\"Value\":\"megaraid_sas\"},{\"Key\":\"intersight.server.os.driver.4.version\",\"Value\":\"7.710.50.00-rc1\"},{\"Key\":\"intersight.server.os.driver.4.description\",\"Value\":\"Cisco Systems Inc Device 0210\"},{\"Key\":\"Intersight.LicenseTier\",\"Value\":\"Premier\"}]}",
                "admin_power_state": "policy",
                "alarm_summary": [
                  {
                    "additional_properties": "",
                    "class_id": "compute.AlarmSummary",
                    "critical": 0,
                    "object_type": "compute.AlarmSummary",
                    "warning": 0
                  }
                ],
                "ancestors": [],
                "asset_tag": "Unknown",
                "available_memory": 196608,
                "bios_post_complete": false,
                "chassis_id": "",
                "class_id": "compute.PhysicalSummary",
                "connection_status": "",
                "cpu_capacity": 72.79999542236328,
                "create_time": "2021-05-31 13:06:32.785 +0000 UTC",
                "device_mo_id": "60b4df396f72612d33f591e3",
                "dn": "sys/rack-unit-1",
                "domain_group_moid": "5b2541957a7662743465d06d",
                "fault_summary": 0,
                "firmware": "4.1(3d)",
                "hardware_uuid": "",
                "inventory_device_info": [],
                "ipv4_address": "10.90.90.107",
                "kvm_ip_addresses": [
                  {
                    "additional_properties": "",
                    "address": "10.90.90.107",
                    "category": "Equipment",
                    "class_id": "compute.IpAddress",
                    "default_gateway": "10.90.90.1",
                    "dn": "sys/rack-unit-1/mgmt/if-1",
                    "http_port": 80,
                    "https_port": 443,
                    "kvm_port": 2068,
                    "kvm_vlan": 90,
                    "name": "Outband",
                    "object_type": "compute.IpAddress",
                    "subnet": "255.255.255.0",
                    "type": "MgmtInterface"
                  }
                ],
                "management_mode": "IntersightStandalone",
                "memory_speed": "2666",
                "mgmt_ip_address": "10.90.90.107",
                "mod_time": "2022-01-21 14:43:54.657 +0000 UTC",
                "model": "UCSC-C240-M5SX",
                "moid": "60b4df5876752d3135ab46bb",
                "name": " C240-WZP2138001O",
                "num_adaptors": 2,
                "num_cpu_cores": 28,
                "num_cpu_cores_enabled": 28,
                "num_cpus": 2,
                "num_eth_host_interfaces": 0,
                "num_fc_host_interfaces": 0,
                "num_threads": 56,
                "object_type": "compute.PhysicalSummary",
                "oper_power_state": "off",
                "oper_reason": [],
                "oper_state": "",
                "operability": "",
                "owners": [
                  "5a58c3ba3768393836cb0f1b",
                  "60b4df396f72612d33f591e3"
                ],
                "parent": [],
                "permission_resources": [
                  {
                    "additional_properties": "",
                    "class_id": "mo.MoRef",
                    "moid": "5ddee0c26972652d33555a3b",
                    "object_type": "organization.Organization",
                    "selector": ""
                  },
                  {
                    "additional_properties": "",
                    "class_id": "mo.MoRef",
                    "moid": "60ca11dd6972652d3354a2c4",
                    "object_type": "organization.Organization",
                    "selector": ""
                  }
                ],
                "personality": "",
                "platform_type": "IMCM5",
                "presence": "equipped",
                "registered_device": [
                  {
                    "additional_properties": "",
                    "class_id": "mo.MoRef",
                    "moid": "60b4df396f72612d33f591e3",
                    "object_type": "asset.DeviceRegistration",
                    "selector": ""
                  }
                ],
                "revision": "",
                "rn": "",
                "scaled_mode": "",
                "serial": "WZP2138001O",
                "server_id": 1,
                "service_profile": "",
                "shared_scope": "",
                "slot_id": 0,
                "source_object_type": "compute.RackUnit",
                "tags": [
                  {
                    "additional_properties": "",
                    "key": "intersight.server.os.updateTimestamp",
                    "value": "2021-08-26T15:49:39.801Z"
                  },
                  {
                    "additional_properties": "",
                    "key": "intersight.server.os.kernelVersionString",
                    "value": "CentOS 8.2"
                  },
                  {
                    "additional_properties": "",
                    "key": "intersight.server.os.releaseVersionString",
                    "value": "4.18.0-193.el8.x86_64"
                  },
                  {
                    "additional_properties": "",
                    "key": "intersight.server.os.type",
                    "value": "Linux"
                  },
                  {
                    "additional_properties": "",
                    "key": "intersight.server.os.vendor",
                    "value": "CentOS"
                  },
                  {
                    "additional_properties": "",
                    "key": "intersight.server.os.name",
                    "value": "CentOS 8.2"
                  },
                  {
                    "additional_properties": "",
                    "key": "intersight.server.os.arch",
                    "value": "x86_64"
                  },
                  {
                    "additional_properties": "",
                    "key": "intersight.server.os.driver.0.name",
                    "value": "ixgbe"
                  },
                  {
                    "additional_properties": "",
                    "key": "intersight.server.os.driver.0.version",
                    "value": "5.1.0-k-rh8.2.0"
                  },
                  {
                    "additional_properties": "",
                    "key": "intersight.server.os.driver.0.description",
                    "value": "Cisco Systems Inc Device 01a4"
                  },
                  {
                    "additional_properties": "",
                    "key": "intersight.server.os.driver.1.name",
                    "value": "enic"
                  },
                  {
                    "additional_properties": "",
                    "key": "intersight.server.os.driver.1.version",
                    "value": "4.0.0.14-802.74"
                  },
                  {
                    "additional_properties": "",
                    "key": "intersight.server.os.driver.1.description",
                    "value": "Cisco Systems Inc VIC 1387 MLOM Ethernet NIC"
                  },
                  {
                    "additional_properties": "",
                    "key": "intersight.server.os.driver.2.name",
                    "value": "fnic"
                  },
                  {
                    "additional_properties": "",
                    "key": "intersight.server.os.driver.2.version",
                    "value": "2.0.0.69-178.0"
                  },
                  {
                    "additional_properties": "",
                    "key": "intersight.server.os.driver.2.description",
                    "value": "Cisco MQ FNIC FC"
                  },
                  {
                    "additional_properties": "",
                    "key": "intersight.server.os.driver.3.name",
                    "value": "ahci"
                  },
                  {
                    "additional_properties": "",
                    "key": "intersight.server.os.driver.3.version",
                    "value": "3.0"
                  },
                  {
                    "additional_properties": "",
                    "key": "intersight.server.os.driver.3.description",
                    "value": "Cisco Systems Inc Device 0101"
                  },
                  {
                    "additional_properties": "",
                    "key": "intersight.server.os.driver.4.name",
                    "value": "megaraid_sas"
                  },
                  {
                    "additional_properties": "",
                    "key": "intersight.server.os.driver.4.version",
                    "value": "7.710.50.00-rc1"
                  },
                  {
                    "additional_properties": "",
                    "key": "intersight.server.os.driver.4.description",
                    "value": "Cisco Systems Inc Device 0210"
                  },
                  {
                    "additional_properties": "",
                    "key": "Intersight.LicenseTier",
                    "value": "Premier"
                  }
                ],
                "topology_scan_status": "",
                "total_memory": 196608,
                "user_label": "",
                "uuid": "9D925568-5A99-4998-9477-1F41EB55B1CB",
                "vendor": "Cisco Systems Inc",
                "version_context": []
              }
            ],
            "revision": null,
            "rn": null,
            "scaled_mode": null,
            "serial": null,
            "server_id": null,
            "service_profile": null,
            "shared_scope": null,
            "slot_id": null,
            "source_object_type": null,
            "tags": null,
            "topology_scan_status": null,
            "total_memory": null,
            "user_label": null,
            "uuid": null,
            "vendor": null,
            "version_context": null
          },
          "sensitive_attributes": []
        },
        {
          "index_key": 5,
          "schema_version": 0,
          "attributes": {
            "account_moid": null,
            "additional_properties": null,
            "admin_power_state": null,
            "alarm_summary": null,
            "ancestors": null,
            "asset_tag": null,
            "available_memory": null,
            "bios_post_complete": null,
            "chassis_id": null,
            "class_id": null,
            "connection_status": null,
            "cpu_capacity": null,
            "create_time": null,
            "device_mo_id": null,
            "dn": null,
            "domain_group_moid": null,
            "fault_summary": null,
            "firmware": null,
            "hardware_uuid": null,
            "id": "60b4dfbb76752d3135ab61ec",
            "inventory_device_info": null,
            "ipv4_address": null,
            "kvm_ip_addresses": null,
            "management_mode": null,
            "memory_speed": null,
            "mgmt_ip_address": null,
            "mod_time": null,
            "model": null,
            "moid": null,
            "name": " C240-WZP21380LWF",
            "num_adaptors": null,
            "num_cpu_cores": null,
            "num_cpu_cores_enabled": null,
            "num_cpus": null,
            "num_eth_host_interfaces": null,
            "num_fc_host_interfaces": null,
            "num_threads": null,
            "object_type": null,
            "oper_power_state": null,
            "oper_reason": null,
            "oper_state": null,
            "operability": null,
            "owners": null,
            "parent": null,
            "permission_resources": null,
            "personality": null,
            "platform_type": null,
            "presence": null,
            "registered_device": null,
            "results": [
              {
                "account_moid": "5a58c3ba3768393836cb0f1b",
                "additional_properties": "{\"AccountMoid\":\"5a58c3ba3768393836cb0f1b\",\"Ancestors\":[],\"CreateTime\":\"2021-05-31T13:08:11.924Z\",\"DomainGroupMoid\":\"5b2541957a7662743465d06d\",\"ModTime\":\"2022-01-20T16:24:32.635Z\",\"Moid\":\"60b4dfbb76752d3135ab61ec\",\"Owners\":[\"5a58c3ba3768393836cb0f1b\",\"60b4df9c6f72612d33f5a227\"],\"PermissionResources\":[{\"ClassId\":\"mo.MoRef\",\"Moid\":\"5ddee0c26972652d33555a3b\",\"ObjectType\":\"organization.Organization\",\"link\":\"https://www.intersight.com/api/v1/organization/Organizations/5ddee0c26972652d33555a3b\"},{\"ClassId\":\"mo.MoRef\",\"Moid\":\"60ca11dd6972652d3354a2c4\",\"ObjectType\":\"organization.Organization\",\"link\":\"https://www.intersight.com/api/v1/organization/Organizations/60ca11dd6972652d3354a2c4\"}],\"SharedScope\":\"\",\"Tags\":[{\"Key\":\"intersight.server.os.updateTimestamp\",\"Value\":\"2021-08-26T15:51:19.280Z\"},{\"Key\":\"intersight.server.os.kernelVersionString\",\"Value\":\"CentOS 8.2\"},{\"Key\":\"intersight.server.os.releaseVersionString\",\"Value\":\"4.18.0-193.el8.x86_64\"},{\"Key\":\"intersight.server.os.type\",\"Value\":\"Linux\"},{\"Key\":\"intersight.server.os.vendor\",\"Value\":\"CentOS\"},{\"Key\":\"intersight.server.os.name\",\"Value\":\"CentOS 8.2\"},{\"Key\":\"intersight.server.os.arch\",\"Value\":\"x86_64\"},{\"Key\":\"intersight.server.os.driver.0.name\",\"Value\":\"ixgbe\"},{\"Key\":\"intersight.server.os.driver.0.version\",\"Value\":\"5.1.0-k-rh8.2.0\"},{\"Key\":\"intersight.server.os.driver.0.description\",\"Value\":\"Cisco Systems Inc Device 01a4\"},{\"Key\":\"intersight.server.os.driver.1.name\",\"Value\":\"enic\"},{\"Key\":\"intersight.server.os.driver.1.version\",\"Value\":\"4.0.0.14-802.74\"},{\"Key\":\"intersight.server.os.driver.1.description\",\"Value\":\"Cisco Systems Inc VIC 1387 MLOM Ethernet NIC\"},{\"Key\":\"intersight.server.os.driver.2.name\",\"Value\":\"fnic\"},{\"Key\":\"intersight.server.os.driver.2.version\",\"Value\":\"2.0.0.69-178.0\"},{\"Key\":\"intersight.server.os.driver.2.description\",\"Value\":\"Cisco MQ FNIC FC\"},{\"Key\":\"intersight.server.os.driver.3.name\",\"Value\":\"ahci\"},{\"Key\":\"intersight.server.os.driver.3.version\",\"Value\":\"3.0\"},{\"Key\":\"intersight.server.os.driver.3.description\",\"Value\":\"Cisco Systems Inc Device 0101\"},{\"Key\":\"intersight.server.os.driver.4.name\",\"Value\":\"megaraid_sas\"},{\"Key\":\"intersight.server.os.driver.4.version\",\"Value\":\"7.710.50.00-rc1\"},{\"Key\":\"intersight.server.os.driver.4.description\",\"Value\":\"Cisco Systems Inc Device 0210\"},{\"Key\":\"Intersight.LicenseTier\",\"Value\":\"Premier\"}]}",
                "admin_power_state": "policy",
                "alarm_summary": [
                  {
                    "additional_properties": "",
                    "class_id": "compute.AlarmSummary",
                    "critical": 0,
                    "object_type": "compute.AlarmSummary",
                    "warning": 0
                  }
                ],
                "ancestors": [],
                "asset_tag": "Unknown",
                "available_memory": 196608,
                "bios_post_complete": false,
                "chassis_id": "",
                "class_id": "compute.PhysicalSummary",
                "connection_status": "",
                "cpu_capacity": 72.79999542236328,
                "create_time": "2021-05-31 13:08:11.924 +0000 UTC",
                "device_mo_id": "60b4df9c6f72612d33f5a227",
                "dn": "sys/rack-unit-1",
                "domain_group_moid": "5b2541957a7662743465d06d",
                "fault_summary": 0,
                "firmware": "4.1(3d)",
                "hardware_uuid": "",
                "inventory_device_info": [],
                "ipv4_address": "10.90.90.108",
                "kvm_ip_addresses": [
                  {
                    "additional_properties": "",
                    "address": "10.90.90.108",
                    "category": "Equipment",
                    "class_id": "compute.IpAddress",
                    "default_gateway": "10.90.90.1",
                    "dn": "sys/rack-unit-1/mgmt/if-1",
                    "http_port": 80,
                    "https_port": 443,
                    "kvm_port": 2068,
                    "kvm_vlan": 90,
                    "name": "Outband",
                    "object_type": "compute.IpAddress",
                    "subnet": "255.255.255.0",
                    "type": "MgmtInterface"
                  }
                ],
                "management_mode": "IntersightStandalone",
                "memory_speed": "2666",
                "mgmt_ip_address": "10.90.90.108",
                "mod_time": "2022-01-20 16:24:32.635 +0000 UTC",
                "model": "UCSC-C240-M5SX",
                "moid": "60b4dfbb76752d3135ab61ec",
                "name": " C240-WZP21380LWF",
                "num_adaptors": 2,
                "num_cpu_cores": 28,
                "num_cpu_cores_enabled": 28,
                "num_cpus": 2,
                "num_eth_host_interfaces": 0,
                "num_fc_host_interfaces": 0,
                "num_threads": 56,
                "object_type": "compute.PhysicalSummary",
                "oper_power_state": "off",
                "oper_reason": [],
                "oper_state": "",
                "operability": "",
                "owners": [
                  "5a58c3ba3768393836cb0f1b",
                  "60b4df9c6f72612d33f5a227"
                ],
                "parent": [],
                "permission_resources": [
                  {
                    "additional_properties": "",
                    "class_id": "mo.MoRef",
                    "moid": "5ddee0c26972652d33555a3b",
                    "object_type": "organization.Organization",
                    "selector": ""
                  },
                  {
                    "additional_properties": "",
                    "class_id": "mo.MoRef",
                    "moid": "60ca11dd6972652d3354a2c4",
                    "object_type": "organization.Organization",
                    "selector": ""
                  }
                ],
                "personality": "",
                "platform_type": "IMCM5",
                "presence": "equipped",
                "registered_device": [
                  {
                    "additional_properties": "",
                    "class_id": "mo.MoRef",
                    "moid": "60b4df9c6f72612d33f5a227",
                    "object_type": "asset.DeviceRegistration",
                    "selector": ""
                  }
                ],
                "revision": "",
                "rn": "",
                "scaled_mode": "",
                "serial": "WZP21380LWF",
                "server_id": 1,
                "service_profile": "",
                "shared_scope": "",
                "slot_id": 0,
                "source_object_type": "compute.RackUnit",
                "tags": [
                  {
                    "additional_properties": "",
                    "key": "intersight.server.os.updateTimestamp",
                    "value": "2021-08-26T15:51:19.280Z"
                  },
                  {
                    "additional_properties": "",
                    "key": "intersight.server.os.kernelVersionString",
                    "value": "CentOS 8.2"
                  },
                  {
                    "additional_properties": "",
                    "key": "intersight.server.os.releaseVersionString",
                    "value": "4.18.0-193.el8.x86_64"
                  },
                  {
                    "additional_properties": "",
                    "key": "intersight.server.os.type",
                    "value": "Linux"
                  },
                  {
                    "additional_properties": "",
                    "key": "intersight.server.os.vendor",
                    "value": "CentOS"
                  },
                  {
                    "additional_properties": "",
                    "key": "intersight.server.os.name",
                    "value": "CentOS 8.2"
                  },
                  {
                    "additional_properties": "",
                    "key": "intersight.server.os.arch",
                    "value": "x86_64"
                  },
                  {
                    "additional_properties": "",
                    "key": "intersight.server.os.driver.0.name",
                    "value": "ixgbe"
                  },
                  {
                    "additional_properties": "",
                    "key": "intersight.server.os.driver.0.version",
                    "value": "5.1.0-k-rh8.2.0"
                  },
                  {
                    "additional_properties": "",
                    "key": "intersight.server.os.driver.0.description",
                    "value": "Cisco Systems Inc Device 01a4"
                  },
                  {
                    "additional_properties": "",
                    "key": "intersight.server.os.driver.1.name",
                    "value": "enic"
                  },
                  {
                    "additional_properties": "",
                    "key": "intersight.server.os.driver.1.version",
                    "value": "4.0.0.14-802.74"
                  },
                  {
                    "additional_properties": "",
                    "key": "intersight.server.os.driver.1.description",
                    "value": "Cisco Systems Inc VIC 1387 MLOM Ethernet NIC"
                  },
                  {
                    "additional_properties": "",
                    "key": "intersight.server.os.driver.2.name",
                    "value": "fnic"
                  },
                  {
                    "additional_properties": "",
                    "key": "intersight.server.os.driver.2.version",
                    "value": "2.0.0.69-178.0"
                  },
                  {
                    "additional_properties": "",
                    "key": "intersight.server.os.driver.2.description",
                    "value": "Cisco MQ FNIC FC"
                  },
                  {
                    "additional_properties": "",
                    "key": "intersight.server.os.driver.3.name",
                    "value": "ahci"
                  },
                  {
                    "additional_properties": "",
                    "key": "intersight.server.os.driver.3.version",
                    "value": "3.0"
                  },
                  {
                    "additional_properties": "",
                    "key": "intersight.server.os.driver.3.description",
                    "value": "Cisco Systems Inc Device 0101"
                  },
                  {
                    "additional_properties": "",
                    "key": "intersight.server.os.driver.4.name",
                    "value": "megaraid_sas"
                  },
                  {
                    "additional_properties": "",
                    "key": "intersight.server.os.driver.4.version",
                    "value": "7.710.50.00-rc1"
                  },
                  {
                    "additional_properties": "",
                    "key": "intersight.server.os.driver.4.description",
                    "value": "Cisco Systems Inc Device 0210"
                  },
                  {
                    "additional_properties": "",
                    "key": "Intersight.LicenseTier",
                    "value": "Premier"
                  }
                ],
                "topology_scan_status": "",
                "total_memory": 196608,
                "user_label": "",
                "uuid": "38E9136A-0E83-47F4-A933-1F3D8A1DA185",
                "vendor": "Cisco Systems Inc",
                "version_context": []
              }
            ],
            "revision": null,
            "rn": null,
            "scaled_mode": null,
            "serial": null,
            "server_id": null,
            "service_profile": null,
            "shared_scope": null,
            "slot_id": null,
            "source_object_type": null,
            "tags": null,
            "topology_scan_status": null,
            "total_memory": null,
            "user_label": null,
            "uuid": null,
            "vendor": null,
            "version_context": null
          },
          "sensitive_attributes": []
        },
        {
          "index_key": 6,
          "schema_version": 0,
          "attributes": {
            "account_moid": null,
            "additional_properties": null,
            "admin_power_state": null,
            "alarm_summary": null,
            "ancestors": null,
            "asset_tag": null,
            "available_memory": null,
            "bios_post_complete": null,
            "chassis_id": null,
            "class_id": null,
            "connection_status": null,
            "cpu_capacity": null,
            "create_time": null,
            "device_mo_id": null,
            "dn": null,
            "domain_group_moid": null,
            "fault_summary": null,
            "firmware": null,
            "hardware_uuid": null,
            "id": "60b4e05676752d3135ab8a7f",
            "inventory_device_info": null,
            "ipv4_address": null,
            "kvm_ip_addresses": null,
            "management_mode": null,
            "memory_speed": null,
            "mgmt_ip_address": null,
            "mod_time": null,
            "model": null,
            "moid": null,
            "name": " C240-WZP21380LX4",
            "num_adaptors": null,
            "num_cpu_cores": null,
            "num_cpu_cores_enabled": null,
            "num_cpus": null,
            "num_eth_host_interfaces": null,
            "num_fc_host_interfaces": null,
            "num_threads": null,
            "object_type": null,
            "oper_power_state": null,
            "oper_reason": null,
            "oper_state": null,
            "operability": null,
            "owners": null,
            "parent": null,
            "permission_resources": null,
            "personality": null,
            "platform_type": null,
            "presence": null,
            "registered_device": null,
            "results": [
              {
                "account_moid": "5a58c3ba3768393836cb0f1b",
                "additional_properties": "{\"AccountMoid\":\"5a58c3ba3768393836cb0f1b\",\"Ancestors\":[],\"CreateTime\":\"2021-05-31T13:10:47.001Z\",\"DomainGroupMoid\":\"5b2541957a7662743465d06d\",\"ModTime\":\"2022-01-20T23:29:29.118Z\",\"Moid\":\"60b4e05676752d3135ab8a7f\",\"Owners\":[\"5a58c3ba3768393836cb0f1b\",\"60b4e01f6f72612d33f5b8d6\"],\"PermissionResources\":[{\"ClassId\":\"mo.MoRef\",\"Moid\":\"5ddee0c26972652d33555a3b\",\"ObjectType\":\"organization.Organization\",\"link\":\"https://www.intersight.com/api/v1/organization/Organizations/5ddee0c26972652d33555a3b\"},{\"ClassId\":\"mo.MoRef\",\"Moid\":\"60ca11dd6972652d3354a2c4\",\"ObjectType\":\"organization.Organization\",\"link\":\"https://www.intersight.com/api/v1/organization/Organizations/60ca11dd6972652d3354a2c4\"}],\"SharedScope\":\"\",\"Tags\":[{\"Key\":\"intersight.server.os.updateTimestamp\",\"Value\":\"2021-08-26T16:17:48.029Z\"},{\"Key\":\"intersight.server.os.kernelVersionString\",\"Value\":\"CentOS 8.2\"},{\"Key\":\"intersight.server.os.releaseVersionString\",\"Value\":\"4.18.0-193.el8.x86_64\"},{\"Key\":\"intersight.server.os.type\",\"Value\":\"Linux\"},{\"Key\":\"intersight.server.os.vendor\",\"Value\":\"CentOS\"},{\"Key\":\"intersight.server.os.name\",\"Value\":\"CentOS 8.2\"},{\"Key\":\"intersight.server.os.arch\",\"Value\":\"x86_64\"},{\"Key\":\"intersight.server.os.driver.0.name\",\"Value\":\"ixgbe\"},{\"Key\":\"intersight.server.os.driver.0.version\",\"Value\":\"5.1.0-k-rh8.2.0\"},{\"Key\":\"intersight.server.os.driver.0.description\",\"Value\":\"Cisco Systems Inc Device 01a4\"},{\"Key\":\"intersight.server.os.driver.1.name\",\"Value\":\"enic\"},{\"Key\":\"intersight.server.os.driver.1.version\",\"Value\":\"4.0.0.14-802.74\"},{\"Key\":\"intersight.server.os.driver.1.description\",\"Value\":\"Cisco Systems Inc VIC 1387 MLOM Ethernet NIC\"},{\"Key\":\"intersight.server.os.driver.2.name\",\"Value\":\"fnic\"},{\"Key\":\"intersight.server.os.driver.2.version\",\"Value\":\"2.0.0.69-178.0\"},{\"Key\":\"intersight.server.os.driver.2.description\",\"Value\":\"Cisco MQ FNIC FC\"},{\"Key\":\"intersight.server.os.driver.3.name\",\"Value\":\"ahci\"},{\"Key\":\"intersight.server.os.driver.3.version\",\"Value\":\"3.0\"},{\"Key\":\"intersight.server.os.driver.3.description\",\"Value\":\"Cisco Systems Inc Device 0101\"},{\"Key\":\"intersight.server.os.driver.4.name\",\"Value\":\"megaraid_sas\"},{\"Key\":\"intersight.server.os.driver.4.version\",\"Value\":\"7.710.50.00-rc1\"},{\"Key\":\"intersight.server.os.driver.4.description\",\"Value\":\"Cisco Systems Inc Device 0210\"},{\"Key\":\"Intersight.LicenseTier\",\"Value\":\"Premier\"}]}",
                "admin_power_state": "policy",
                "alarm_summary": [
                  {
                    "additional_properties": "",
                    "class_id": "compute.AlarmSummary",
                    "critical": 0,
                    "object_type": "compute.AlarmSummary",
                    "warning": 0
                  }
                ],
                "ancestors": [],
                "asset_tag": "Unknown",
                "available_memory": 196608,
                "bios_post_complete": false,
                "chassis_id": "",
                "class_id": "compute.PhysicalSummary",
                "connection_status": "",
                "cpu_capacity": 72.79999542236328,
                "create_time": "2021-05-31 13:10:47.001 +0000 UTC",
                "device_mo_id": "60b4e01f6f72612d33f5b8d6",
                "dn": "sys/rack-unit-1",
                "domain_group_moid": "5b2541957a7662743465d06d",
                "fault_summary": 0,
                "firmware": "4.1(3d)",
                "hardware_uuid": "",
                "inventory_device_info": [],
                "ipv4_address": "10.90.90.109",
                "kvm_ip_addresses": [
                  {
                    "additional_properties": "",
                    "address": "10.90.90.109",
                    "category": "Equipment",
                    "class_id": "compute.IpAddress",
                    "default_gateway": "10.90.90.1",
                    "dn": "sys/rack-unit-1/mgmt/if-1",
                    "http_port": 80,
                    "https_port": 443,
                    "kvm_port": 2068,
                    "kvm_vlan": 90,
                    "name": "Outband",
                    "object_type": "compute.IpAddress",
                    "subnet": "255.255.255.0",
                    "type": "MgmtInterface"
                  }
                ],
                "management_mode": "IntersightStandalone",
                "memory_speed": "2666",
                "mgmt_ip_address": "10.90.90.109",
                "mod_time": "2022-01-20 23:29:29.118 +0000 UTC",
                "model": "UCSC-C240-M5SX",
                "moid": "60b4e05676752d3135ab8a7f",
                "name": " C240-WZP21380LX4",
                "num_adaptors": 2,
                "num_cpu_cores": 28,
                "num_cpu_cores_enabled": 28,
                "num_cpus": 2,
                "num_eth_host_interfaces": 0,
                "num_fc_host_interfaces": 0,
                "num_threads": 56,
                "object_type": "compute.PhysicalSummary",
                "oper_power_state": "off",
                "oper_reason": [],
                "oper_state": "",
                "operability": "",
                "owners": [
                  "5a58c3ba3768393836cb0f1b",
                  "60b4e01f6f72612d33f5b8d6"
                ],
                "parent": [],
                "permission_resources": [
                  {
                    "additional_properties": "",
                    "class_id": "mo.MoRef",
                    "moid": "5ddee0c26972652d33555a3b",
                    "object_type": "organization.Organization",
                    "selector": ""
                  },
                  {
                    "additional_properties": "",
                    "class_id": "mo.MoRef",
                    "moid": "60ca11dd6972652d3354a2c4",
                    "object_type": "organization.Organization",
                    "selector": ""
                  }
                ],
                "personality": "",
                "platform_type": "IMCM5",
                "presence": "equipped",
                "registered_device": [
                  {
                    "additional_properties": "",
                    "class_id": "mo.MoRef",
                    "moid": "60b4e01f6f72612d33f5b8d6",
                    "object_type": "asset.DeviceRegistration",
                    "selector": ""
                  }
                ],
                "revision": "",
                "rn": "",
                "scaled_mode": "",
                "serial": "WZP21380LX4",
                "server_id": 1,
                "service_profile": "",
                "shared_scope": "",
                "slot_id": 0,
                "source_object_type": "compute.RackUnit",
                "tags": [
                  {
                    "additional_properties": "",
                    "key": "intersight.server.os.updateTimestamp",
                    "value": "2021-08-26T16:17:48.029Z"
                  },
                  {
                    "additional_properties": "",
                    "key": "intersight.server.os.kernelVersionString",
                    "value": "CentOS 8.2"
                  },
                  {
                    "additional_properties": "",
                    "key": "intersight.server.os.releaseVersionString",
                    "value": "4.18.0-193.el8.x86_64"
                  },
                  {
                    "additional_properties": "",
                    "key": "intersight.server.os.type",
                    "value": "Linux"
                  },
                  {
                    "additional_properties": "",
                    "key": "intersight.server.os.vendor",
                    "value": "CentOS"
                  },
                  {
                    "additional_properties": "",
                    "key": "intersight.server.os.name",
                    "value": "CentOS 8.2"
                  },
                  {
                    "additional_properties": "",
                    "key": "intersight.server.os.arch",
                    "value": "x86_64"
                  },
                  {
                    "additional_properties": "",
                    "key": "intersight.server.os.driver.0.name",
                    "value": "ixgbe"
                  },
                  {
                    "additional_properties": "",
                    "key": "intersight.server.os.driver.0.version",
                    "value": "5.1.0-k-rh8.2.0"
                  },
                  {
                    "additional_properties": "",
                    "key": "intersight.server.os.driver.0.description",
                    "value": "Cisco Systems Inc Device 01a4"
                  },
                  {
                    "additional_properties": "",
                    "key": "intersight.server.os.driver.1.name",
                    "value": "enic"
                  },
                  {
                    "additional_properties": "",
                    "key": "intersight.server.os.driver.1.version",
                    "value": "4.0.0.14-802.74"
                  },
                  {
                    "additional_properties": "",
                    "key": "intersight.server.os.driver.1.description",
                    "value": "Cisco Systems Inc VIC 1387 MLOM Ethernet NIC"
                  },
                  {
                    "additional_properties": "",
                    "key": "intersight.server.os.driver.2.name",
                    "value": "fnic"
                  },
                  {
                    "additional_properties": "",
                    "key": "intersight.server.os.driver.2.version",
                    "value": "2.0.0.69-178.0"
                  },
                  {
                    "additional_properties": "",
                    "key": "intersight.server.os.driver.2.description",
                    "value": "Cisco MQ FNIC FC"
                  },
                  {
                    "additional_properties": "",
                    "key": "intersight.server.os.driver.3.name",
                    "value": "ahci"
                  },
                  {
                    "additional_properties": "",
                    "key": "intersight.server.os.driver.3.version",
                    "value": "3.0"
                  },
                  {
                    "additional_properties": "",
                    "key": "intersight.server.os.driver.3.description",
                    "value": "Cisco Systems Inc Device 0101"
                  },
                  {
                    "additional_properties": "",
                    "key": "intersight.server.os.driver.4.name",
                    "value": "megaraid_sas"
                  },
                  {
                    "additional_properties": "",
                    "key": "intersight.server.os.driver.4.version",
                    "value": "7.710.50.00-rc1"
                  },
                  {
                    "additional_properties": "",
                    "key": "intersight.server.os.driver.4.description",
                    "value": "Cisco Systems Inc Device 0210"
                  },
                  {
                    "additional_properties": "",
                    "key": "Intersight.LicenseTier",
                    "value": "Premier"
                  }
                ],
                "topology_scan_status": "",
                "total_memory": 196608,
                "user_label": "",
                "uuid": "EA4CC220-17C1-4000-9930-1A695F6FD167",
                "vendor": "Cisco Systems Inc",
                "version_context": []
              }
            ],
            "revision": null,
            "rn": null,
            "scaled_mode": null,
            "serial": null,
            "server_id": null,
            "service_profile": null,
            "shared_scope": null,
            "slot_id": null,
            "source_object_type": null,
            "tags": null,
            "topology_scan_status": null,
            "total_memory": null,
            "user_label": null,
            "uuid": null,
            "vendor": null,
            "version_context": null
          },
          "sensitive_attributes": []
        },
        {
          "index_key": 7,
          "schema_version": 0,
          "attributes": {
            "account_moid": null,
            "additional_properties": null,
            "admin_power_state": null,
            "alarm_summary": null,
            "ancestors": null,
            "asset_tag": null,
            "available_memory": null,
            "bios_post_complete": null,
            "chassis_id": null,
            "class_id": null,
            "connection_status": null,
            "cpu_capacity": null,
            "create_time": null,
            "device_mo_id": null,
            "dn": null,
            "domain_group_moid": null,
            "fault_summary": null,
            "firmware": null,
            "hardware_uuid": null,
            "id": "60b4e07176752d3135ab90ed",
            "inventory_device_info": null,
            "ipv4_address": null,
            "kvm_ip_addresses": null,
            "management_mode": null,
            "memory_speed": null,
            "mgmt_ip_address": null,
            "mod_time": null,
            "model": null,
            "moid": null,
            "name": " C240-WZP21400H6O",
            "num_adaptors": null,
            "num_cpu_cores": null,
            "num_cpu_cores_enabled": null,
            "num_cpus": null,
            "num_eth_host_interfaces": null,
            "num_fc_host_interfaces": null,
            "num_threads": null,
            "object_type": null,
            "oper_power_state": null,
            "oper_reason": null,
            "oper_state": null,
            "operability": null,
            "owners": null,
            "parent": null,
            "permission_resources": null,
            "personality": null,
            "platform_type": null,
            "presence": null,
            "registered_device": null,
            "results": [
              {
                "account_moid": "5a58c3ba3768393836cb0f1b",
                "additional_properties": "{\"AccountMoid\":\"5a58c3ba3768393836cb0f1b\",\"Ancestors\":[],\"CreateTime\":\"2021-05-31T13:11:13.413Z\",\"DomainGroupMoid\":\"5b2541957a7662743465d06d\",\"ModTime\":\"2022-01-21T00:17:02.405Z\",\"Moid\":\"60b4e07176752d3135ab90ed\",\"Owners\":[\"5a58c3ba3768393836cb0f1b\",\"60b4e04d6f72612d33f5c0d2\"],\"PermissionResources\":[{\"ClassId\":\"mo.MoRef\",\"Moid\":\"5ddee0c26972652d33555a3b\",\"ObjectType\":\"organization.Organization\",\"link\":\"https://www.intersight.com/api/v1/organization/Organizations/5ddee0c26972652d33555a3b\"},{\"ClassId\":\"mo.MoRef\",\"Moid\":\"60ca11dd6972652d3354a2c4\",\"ObjectType\":\"organization.Organization\",\"link\":\"https://www.intersight.com/api/v1/organization/Organizations/60ca11dd6972652d3354a2c4\"}],\"SharedScope\":\"\",\"Tags\":[{\"Key\":\"intersight.server.os.updateTimestamp\",\"Value\":\"2021-08-26T16:01:10.307Z\"},{\"Key\":\"intersight.server.os.kernelVersionString\",\"Value\":\"CentOS 8.2\"},{\"Key\":\"intersight.server.os.releaseVersionString\",\"Value\":\"4.18.0-193.el8.x86_64\"},{\"Key\":\"intersight.server.os.type\",\"Value\":\"Linux\"},{\"Key\":\"intersight.server.os.vendor\",\"Value\":\"CentOS\"},{\"Key\":\"intersight.server.os.name\",\"Value\":\"CentOS 8.2\"},{\"Key\":\"intersight.server.os.arch\",\"Value\":\"x86_64\"},{\"Key\":\"intersight.server.os.driver.0.name\",\"Value\":\"ixgbe\"},{\"Key\":\"intersight.server.os.driver.0.version\",\"Value\":\"5.1.0-k-rh8.2.0\"},{\"Key\":\"intersight.server.os.driver.0.description\",\"Value\":\"Cisco Systems Inc Device 01a4\"},{\"Key\":\"intersight.server.os.driver.1.name\",\"Value\":\"enic\"},{\"Key\":\"intersight.server.os.driver.1.version\",\"Value\":\"4.0.0.14-802.74\"},{\"Key\":\"intersight.server.os.driver.1.description\",\"Value\":\"Cisco Systems Inc VIC 1387 MLOM Ethernet NIC\"},{\"Key\":\"intersight.server.os.driver.2.name\",\"Value\":\"fnic\"},{\"Key\":\"intersight.server.os.driver.2.version\",\"Value\":\"2.0.0.69-178.0\"},{\"Key\":\"intersight.server.os.driver.2.description\",\"Value\":\"Cisco MQ FNIC FC\"},{\"Key\":\"intersight.server.os.driver.3.name\",\"Value\":\"ahci\"},{\"Key\":\"intersight.server.os.driver.3.version\",\"Value\":\"3.0\"},{\"Key\":\"intersight.server.os.driver.3.description\",\"Value\":\"Cisco Systems Inc Device 0101\"},{\"Key\":\"intersight.server.os.driver.4.name\",\"Value\":\"megaraid_sas\"},{\"Key\":\"intersight.server.os.driver.4.version\",\"Value\":\"7.710.50.00-rc1\"},{\"Key\":\"intersight.server.os.driver.4.description\",\"Value\":\"Cisco Systems Inc Device 0210\"},{\"Key\":\"Intersight.LicenseTier\",\"Value\":\"Premier\"}]}",
                "admin_power_state": "policy",
                "alarm_summary": [
                  {
                    "additional_properties": "",
                    "class_id": "compute.AlarmSummary",
                    "critical": 0,
                    "object_type": "compute.AlarmSummary",
                    "warning": 0
                  }
                ],
                "ancestors": [],
                "asset_tag": "Unknown",
                "available_memory": 196608,
                "bios_post_complete": false,
                "chassis_id": "",
                "class_id": "compute.PhysicalSummary",
                "connection_status": "",
                "cpu_capacity": 72.79999542236328,
                "create_time": "2021-05-31 13:11:13.413 +0000 UTC",
                "device_mo_id": "60b4e04d6f72612d33f5c0d2",
                "dn": "sys/rack-unit-1",
                "domain_group_moid": "5b2541957a7662743465d06d",
                "fault_summary": 0,
                "firmware": "4.1(3d)",
                "hardware_uuid": "",
                "inventory_device_info": [],
                "ipv4_address": "10.90.90.110",
                "kvm_ip_addresses": [
                  {
                    "additional_properties": "",
                    "address": "10.90.90.110",
                    "category": "Equipment",
                    "class_id": "compute.IpAddress",
                    "default_gateway": "10.90.90.1",
                    "dn": "sys/rack-unit-1/mgmt/if-1",
                    "http_port": 80,
                    "https_port": 443,
                    "kvm_port": 2068,
                    "kvm_vlan": 90,
                    "name": "Outband",
                    "object_type": "compute.IpAddress",
                    "subnet": "255.255.255.0",
                    "type": "MgmtInterface"
                  }
                ],
                "management_mode": "IntersightStandalone",
                "memory_speed": "2666",
                "mgmt_ip_address": "10.90.90.110",
                "mod_time": "2022-01-21 00:17:02.405 +0000 UTC",
                "model": "UCSC-C240-M5SX",
                "moid": "60b4e07176752d3135ab90ed",
                "name": " C240-WZP21400H6O",
                "num_adaptors": 2,
                "num_cpu_cores": 28,
                "num_cpu_cores_enabled": 28,
                "num_cpus": 2,
                "num_eth_host_interfaces": 0,
                "num_fc_host_interfaces": 0,
                "num_threads": 56,
                "object_type": "compute.PhysicalSummary",
                "oper_power_state": "off",
                "oper_reason": [],
                "oper_state": "",
                "operability": "",
                "owners": [
                  "5a58c3ba3768393836cb0f1b",
                  "60b4e04d6f72612d33f5c0d2"
                ],
                "parent": [],
                "permission_resources": [
                  {
                    "additional_properties": "",
                    "class_id": "mo.MoRef",
                    "moid": "5ddee0c26972652d33555a3b",
                    "object_type": "organization.Organization",
                    "selector": ""
                  },
                  {
                    "additional_properties": "",
                    "class_id": "mo.MoRef",
                    "moid": "60ca11dd6972652d3354a2c4",
                    "object_type": "organization.Organization",
                    "selector": ""
                  }
                ],
                "personality": "",
                "platform_type": "IMCM5",
                "presence": "equipped",
                "registered_device": [
                  {
                    "additional_properties": "",
                    "class_id": "mo.MoRef",
                    "moid": "60b4e04d6f72612d33f5c0d2",
                    "object_type": "asset.DeviceRegistration",
                    "selector": ""
                  }
                ],
                "revision": "",
                "rn": "",
                "scaled_mode": "",
                "serial": "WZP21400H6O",
                "server_id": 1,
                "service_profile": "",
                "shared_scope": "",
                "slot_id": 0,
                "source_object_type": "compute.RackUnit",
                "tags": [
                  {
                    "additional_properties": "",
                    "key": "intersight.server.os.updateTimestamp",
                    "value": "2021-08-26T16:01:10.307Z"
                  },
                  {
                    "additional_properties": "",
                    "key": "intersight.server.os.kernelVersionString",
                    "value": "CentOS 8.2"
                  },
                  {
                    "additional_properties": "",
                    "key": "intersight.server.os.releaseVersionString",
                    "value": "4.18.0-193.el8.x86_64"
                  },
                  {
                    "additional_properties": "",
                    "key": "intersight.server.os.type",
                    "value": "Linux"
                  },
                  {
                    "additional_properties": "",
                    "key": "intersight.server.os.vendor",
                    "value": "CentOS"
                  },
                  {
                    "additional_properties": "",
                    "key": "intersight.server.os.name",
                    "value": "CentOS 8.2"
                  },
                  {
                    "additional_properties": "",
                    "key": "intersight.server.os.arch",
                    "value": "x86_64"
                  },
                  {
                    "additional_properties": "",
                    "key": "intersight.server.os.driver.0.name",
                    "value": "ixgbe"
                  },
                  {
                    "additional_properties": "",
                    "key": "intersight.server.os.driver.0.version",
                    "value": "5.1.0-k-rh8.2.0"
                  },
                  {
                    "additional_properties": "",
                    "key": "intersight.server.os.driver.0.description",
                    "value": "Cisco Systems Inc Device 01a4"
                  },
                  {
                    "additional_properties": "",
                    "key": "intersight.server.os.driver.1.name",
                    "value": "enic"
                  },
                  {
                    "additional_properties": "",
                    "key": "intersight.server.os.driver.1.version",
                    "value": "4.0.0.14-802.74"
                  },
                  {
                    "additional_properties": "",
                    "key": "intersight.server.os.driver.1.description",
                    "value": "Cisco Systems Inc VIC 1387 MLOM Ethernet NIC"
                  },
                  {
                    "additional_properties": "",
                    "key": "intersight.server.os.driver.2.name",
                    "value": "fnic"
                  },
                  {
                    "additional_properties": "",
                    "key": "intersight.server.os.driver.2.version",
                    "value": "2.0.0.69-178.0"
                  },
                  {
                    "additional_properties": "",
                    "key": "intersight.server.os.driver.2.description",
                    "value": "Cisco MQ FNIC FC"
                  },
                  {
                    "additional_properties": "",
                    "key": "intersight.server.os.driver.3.name",
                    "value": "ahci"
                  },
                  {
                    "additional_properties": "",
                    "key": "intersight.server.os.driver.3.version",
                    "value": "3.0"
                  },
                  {
                    "additional_properties": "",
                    "key": "intersight.server.os.driver.3.description",
                    "value": "Cisco Systems Inc Device 0101"
                  },
                  {
                    "additional_properties": "",
                    "key": "intersight.server.os.driver.4.name",
                    "value": "megaraid_sas"
                  },
                  {
                    "additional_properties": "",
                    "key": "intersight.server.os.driver.4.version",
                    "value": "7.710.50.00-rc1"
                  },
                  {
                    "additional_properties": "",
                    "key": "intersight.server.os.driver.4.description",
                    "value": "Cisco Systems Inc Device 0210"
                  },
                  {
                    "additional_properties": "",
                    "key": "Intersight.LicenseTier",
                    "value": "Premier"
                  }
                ],
                "topology_scan_status": "",
                "total_memory": 196608,
                "user_label": "",
                "uuid": "58A27C13-1B04-444F-BFA1-7A0AA91429AF",
                "vendor": "Cisco Systems Inc",
                "version_context": []
              }
            ],
            "revision": null,
            "rn": null,
            "scaled_mode": null,
            "serial": null,
            "server_id": null,
            "service_profile": null,
            "shared_scope": null,
            "slot_id": null,
            "source_object_type": null,
            "tags": null,
            "topology_scan_status": null,
            "total_memory": null,
            "user_label": null,
            "uuid": null,
            "vendor": null,
            "version_context": null
          },
          "sensitive_attributes": []
        },
        {
          "index_key": 8,
          "schema_version": 0,
          "attributes": {
            "account_moid": null,
            "additional_properties": null,
            "admin_power_state": null,
            "alarm_summary": null,
            "ancestors": null,
            "asset_tag": null,
            "available_memory": null,
            "bios_post_complete": null,
            "chassis_id": null,
            "class_id": null,
            "connection_status": null,
            "cpu_capacity": null,
            "create_time": null,
            "device_mo_id": null,
            "dn": null,
            "domain_group_moid": null,
            "fault_summary": null,
            "firmware": null,
            "hardware_uuid": null,
            "id": "60b4e0fe76752d3135abbe43",
            "inventory_device_info": null,
            "ipv4_address": null,
            "kvm_ip_addresses": null,
            "management_mode": null,
            "memory_speed": null,
            "mgmt_ip_address": null,
            "mod_time": null,
            "model": null,
            "moid": null,
            "name": " C240-WZP21380LWJ",
            "num_adaptors": null,
            "num_cpu_cores": null,
            "num_cpu_cores_enabled": null,
            "num_cpus": null,
            "num_eth_host_interfaces": null,
            "num_fc_host_interfaces": null,
            "num_threads": null,
            "object_type": null,
            "oper_power_state": null,
            "oper_reason": null,
            "oper_state": null,
            "operability": null,
            "owners": null,
            "parent": null,
            "permission_resources": null,
            "personality": null,
            "platform_type": null,
            "presence": null,
            "registered_device": null,
            "results": [
              {
                "account_moid": "5a58c3ba3768393836cb0f1b",
                "additional_properties": "{\"AccountMoid\":\"5a58c3ba3768393836cb0f1b\",\"Ancestors\":[],\"CreateTime\":\"2021-05-31T13:13:34.557Z\",\"DomainGroupMoid\":\"5b2541957a7662743465d06d\",\"ModTime\":\"2022-01-21T07:22:20.631Z\",\"Moid\":\"60b4e0fe76752d3135abbe43\",\"Owners\":[\"5a58c3ba3768393836cb0f1b\",\"60b4e0d86f72612d33f5d77e\"],\"PermissionResources\":[{\"ClassId\":\"mo.MoRef\",\"Moid\":\"5ddee0c26972652d33555a3b\",\"ObjectType\":\"organization.Organization\",\"link\":\"https://www.intersight.com/api/v1/organization/Organizations/5ddee0c26972652d33555a3b\"},{\"ClassId\":\"mo.MoRef\",\"Moid\":\"60ca11dd6972652d3354a2c4\",\"ObjectType\":\"organization.Organization\",\"link\":\"https://www.intersight.com/api/v1/organization/Organizations/60ca11dd6972652d3354a2c4\"}],\"SharedScope\":\"\",\"Tags\":[{\"Key\":\"intersight.server.os.updateTimestamp\",\"Value\":\"2021-08-26T16:01:33.233Z\"},{\"Key\":\"intersight.server.os.kernelVersionString\",\"Value\":\"CentOS 8.2\"},{\"Key\":\"intersight.server.os.releaseVersionString\",\"Value\":\"4.18.0-193.el8.x86_64\"},{\"Key\":\"intersight.server.os.type\",\"Value\":\"Linux\"},{\"Key\":\"intersight.server.os.vendor\",\"Value\":\"CentOS\"},{\"Key\":\"intersight.server.os.name\",\"Value\":\"CentOS 8.2\"},{\"Key\":\"intersight.server.os.arch\",\"Value\":\"x86_64\"},{\"Key\":\"intersight.server.os.driver.0.name\",\"Value\":\"ixgbe\"},{\"Key\":\"intersight.server.os.driver.0.version\",\"Value\":\"5.1.0-k-rh8.2.0\"},{\"Key\":\"intersight.server.os.driver.0.description\",\"Value\":\"Cisco Systems Inc Device 01a4\"},{\"Key\":\"intersight.server.os.driver.1.name\",\"Value\":\"enic\"},{\"Key\":\"intersight.server.os.driver.1.version\",\"Value\":\"4.0.0.14-802.74\"},{\"Key\":\"intersight.server.os.driver.1.description\",\"Value\":\"Cisco Systems Inc VIC 1387 MLOM Ethernet NIC\"},{\"Key\":\"intersight.server.os.driver.2.name\",\"Value\":\"fnic\"},{\"Key\":\"intersight.server.os.driver.2.version\",\"Value\":\"2.0.0.69-178.0\"},{\"Key\":\"intersight.server.os.driver.2.description\",\"Value\":\"Cisco MQ FNIC FC\"},{\"Key\":\"intersight.server.os.driver.3.name\",\"Value\":\"ahci\"},{\"Key\":\"intersight.server.os.driver.3.version\",\"Value\":\"3.0\"},{\"Key\":\"intersight.server.os.driver.3.description\",\"Value\":\"Cisco Systems Inc Device 0101\"},{\"Key\":\"intersight.server.os.driver.4.name\",\"Value\":\"megaraid_sas\"},{\"Key\":\"intersight.server.os.driver.4.version\",\"Value\":\"7.710.50.00-rc1\"},{\"Key\":\"intersight.server.os.driver.4.description\",\"Value\":\"Cisco Systems Inc Device 0210\"},{\"Key\":\"Intersight.LicenseTier\",\"Value\":\"Premier\"}]}",
                "admin_power_state": "policy",
                "alarm_summary": [
                  {
                    "additional_properties": "",
                    "class_id": "compute.AlarmSummary",
                    "critical": 0,
                    "object_type": "compute.AlarmSummary",
                    "warning": 0
                  }
                ],
                "ancestors": [],
                "asset_tag": "Unknown",
                "available_memory": 196608,
                "bios_post_complete": false,
                "chassis_id": "",
                "class_id": "compute.PhysicalSummary",
                "connection_status": "",
                "cpu_capacity": 72.79999542236328,
                "create_time": "2021-05-31 13:13:34.557 +0000 UTC",
                "device_mo_id": "60b4e0d86f72612d33f5d77e",
                "dn": "sys/rack-unit-1",
                "domain_group_moid": "5b2541957a7662743465d06d",
                "fault_summary": 0,
                "firmware": "4.1(3d)",
                "hardware_uuid": "",
                "inventory_device_info": [],
                "ipv4_address": "10.90.90.111",
                "kvm_ip_addresses": [
                  {
                    "additional_properties": "",
                    "address": "10.90.90.111",
                    "category": "Equipment",
                    "class_id": "compute.IpAddress",
                    "default_gateway": "10.90.90.1",
                    "dn": "sys/rack-unit-1/mgmt/if-1",
                    "http_port": 80,
                    "https_port": 443,
                    "kvm_port": 2068,
                    "kvm_vlan": 90,
                    "name": "Outband",
                    "object_type": "compute.IpAddress",
                    "subnet": "255.255.255.0",
                    "type": "MgmtInterface"
                  }
                ],
                "management_mode": "IntersightStandalone",
                "memory_speed": "2666",
                "mgmt_ip_address": "10.90.90.111",
                "mod_time": "2022-01-21 07:22:20.631 +0000 UTC",
                "model": "UCSC-C240-M5SX",
                "moid": "60b4e0fe76752d3135abbe43",
                "name": " C240-WZP21380LWJ",
                "num_adaptors": 2,
                "num_cpu_cores": 28,
                "num_cpu_cores_enabled": 28,
                "num_cpus": 2,
                "num_eth_host_interfaces": 0,
                "num_fc_host_interfaces": 0,
                "num_threads": 56,
                "object_type": "compute.PhysicalSummary",
                "oper_power_state": "off",
                "oper_reason": [],
                "oper_state": "",
                "operability": "",
                "owners": [
                  "5a58c3ba3768393836cb0f1b",
                  "60b4e0d86f72612d33f5d77e"
                ],
                "parent": [],
                "permission_resources": [
                  {
                    "additional_properties": "",
                    "class_id": "mo.MoRef",
                    "moid": "5ddee0c26972652d33555a3b",
                    "object_type": "organization.Organization",
                    "selector": ""
                  },
                  {
                    "additional_properties": "",
                    "class_id": "mo.MoRef",
                    "moid": "60ca11dd6972652d3354a2c4",
                    "object_type": "organization.Organization",
                    "selector": ""
                  }
                ],
                "personality": "",
                "platform_type": "IMCM5",
                "presence": "equipped",
                "registered_device": [
                  {
                    "additional_properties": "",
                    "class_id": "mo.MoRef",
                    "moid": "60b4e0d86f72612d33f5d77e",
                    "object_type": "asset.DeviceRegistration",
                    "selector": ""
                  }
                ],
                "revision": "",
                "rn": "",
                "scaled_mode": "",
                "serial": "WZP21380LWJ",
                "server_id": 1,
                "service_profile": "",
                "shared_scope": "",
                "slot_id": 0,
                "source_object_type": "compute.RackUnit",
                "tags": [
                  {
                    "additional_properties": "",
                    "key": "intersight.server.os.updateTimestamp",
                    "value": "2021-08-26T16:01:33.233Z"
                  },
                  {
                    "additional_properties": "",
                    "key": "intersight.server.os.kernelVersionString",
                    "value": "CentOS 8.2"
                  },
                  {
                    "additional_properties": "",
                    "key": "intersight.server.os.releaseVersionString",
                    "value": "4.18.0-193.el8.x86_64"
                  },
                  {
                    "additional_properties": "",
                    "key": "intersight.server.os.type",
                    "value": "Linux"
                  },
                  {
                    "additional_properties": "",
                    "key": "intersight.server.os.vendor",
                    "value": "CentOS"
                  },
                  {
                    "additional_properties": "",
                    "key": "intersight.server.os.name",
                    "value": "CentOS 8.2"
                  },
                  {
                    "additional_properties": "",
                    "key": "intersight.server.os.arch",
                    "value": "x86_64"
                  },
                  {
                    "additional_properties": "",
                    "key": "intersight.server.os.driver.0.name",
                    "value": "ixgbe"
                  },
                  {
                    "additional_properties": "",
                    "key": "intersight.server.os.driver.0.version",
                    "value": "5.1.0-k-rh8.2.0"
                  },
                  {
                    "additional_properties": "",
                    "key": "intersight.server.os.driver.0.description",
                    "value": "Cisco Systems Inc Device 01a4"
                  },
                  {
                    "additional_properties": "",
                    "key": "intersight.server.os.driver.1.name",
                    "value": "enic"
                  },
                  {
                    "additional_properties": "",
                    "key": "intersight.server.os.driver.1.version",
                    "value": "4.0.0.14-802.74"
                  },
                  {
                    "additional_properties": "",
                    "key": "intersight.server.os.driver.1.description",
                    "value": "Cisco Systems Inc VIC 1387 MLOM Ethernet NIC"
                  },
                  {
                    "additional_properties": "",
                    "key": "intersight.server.os.driver.2.name",
                    "value": "fnic"
                  },
                  {
                    "additional_properties": "",
                    "key": "intersight.server.os.driver.2.version",
                    "value": "2.0.0.69-178.0"
                  },
                  {
                    "additional_properties": "",
                    "key": "intersight.server.os.driver.2.description",
                    "value": "Cisco MQ FNIC FC"
                  },
                  {
                    "additional_properties": "",
                    "key": "intersight.server.os.driver.3.name",
                    "value": "ahci"
                  },
                  {
                    "additional_properties": "",
                    "key": "intersight.server.os.driver.3.version",
                    "value": "3.0"
                  },
                  {
                    "additional_properties": "",
                    "key": "intersight.server.os.driver.3.description",
                    "value": "Cisco Systems Inc Device 0101"
                  },
                  {
                    "additional_properties": "",
                    "key": "intersight.server.os.driver.4.name",
                    "value": "megaraid_sas"
                  },
                  {
                    "additional_properties": "",
                    "key": "intersight.server.os.driver.4.version",
                    "value": "7.710.50.00-rc1"
                  },
                  {
                    "additional_properties": "",
                    "key": "intersight.server.os.driver.4.description",
                    "value": "Cisco Systems Inc Device 0210"
                  },
                  {
                    "additional_properties": "",
                    "key": "Intersight.LicenseTier",
                    "value": "Premier"
                  }
                ],
                "topology_scan_status": "",
                "total_memory": 196608,
                "user_label": "",
                "uuid": "98C2D1ED-9050-46FA-BD66-94262A929B2E",
                "vendor": "Cisco Systems Inc",
                "version_context": []
              }
            ],
            "revision": null,
            "rn": null,
            "scaled_mode": null,
            "serial": null,
            "server_id": null,
            "service_profile": null,
            "shared_scope": null,
            "slot_id": null,
            "source_object_type": null,
            "tags": null,
            "topology_scan_status": null,
            "total_memory": null,
            "user_label": null,
            "uuid": null,
            "vendor": null,
            "version_context": null
          },
          "sensitive_attributes": []
        },
        {
          "index_key": 9,
          "schema_version": 0,
          "attributes": {
            "account_moid": null,
            "additional_properties": null,
            "admin_power_state": null,
            "alarm_summary": null,
            "ancestors": null,
            "asset_tag": null,
            "available_memory": null,
            "bios_post_complete": null,
            "chassis_id": null,
            "class_id": null,
            "connection_status": null,
            "cpu_capacity": null,
            "create_time": null,
            "device_mo_id": null,
            "dn": null,
            "domain_group_moid": null,
            "fault_summary": null,
            "firmware": null,
            "hardware_uuid": null,
            "id": "612d0f3d76752d313529792b",
            "inventory_device_info": null,
            "ipv4_address": null,
            "kvm_ip_addresses": null,
            "management_mode": null,
            "memory_speed": null,
            "mgmt_ip_address": null,
            "mod_time": null,
            "model": null,
            "moid": null,
            "name": " C240-WZP21380LWR",
            "num_adaptors": null,
            "num_cpu_cores": null,
            "num_cpu_cores_enabled": null,
            "num_cpus": null,
            "num_eth_host_interfaces": null,
            "num_fc_host_interfaces": null,
            "num_threads": null,
            "object_type": null,
            "oper_power_state": null,
            "oper_reason": null,
            "oper_state": null,
            "operability": null,
            "owners": null,
            "parent": null,
            "permission_resources": null,
            "personality": null,
            "platform_type": null,
            "presence": null,
            "registered_device": null,
            "results": [
              {
                "account_moid": "5a58c3ba3768393836cb0f1b",
                "additional_properties": "{\"AccountMoid\":\"5a58c3ba3768393836cb0f1b\",\"Ancestors\":[],\"CreateTime\":\"2021-08-30T17:02:53.094Z\",\"DomainGroupMoid\":\"5b2541957a7662743465d06d\",\"ModTime\":\"2022-01-21T15:21:07.878Z\",\"Moid\":\"612d0f3d76752d313529792b\",\"Owners\":[\"5a58c3ba3768393836cb0f1b\",\"612d0f216f72612d339210e6\"],\"PermissionResources\":[{\"ClassId\":\"mo.MoRef\",\"Moid\":\"5ddee0c26972652d33555a3b\",\"ObjectType\":\"organization.Organization\",\"link\":\"https://www.intersight.com/api/v1/organization/Organizations/5ddee0c26972652d33555a3b\"},{\"ClassId\":\"mo.MoRef\",\"Moid\":\"60ca11dd6972652d3354a2c4\",\"ObjectType\":\"organization.Organization\",\"link\":\"https://www.intersight.com/api/v1/organization/Organizations/60ca11dd6972652d3354a2c4\"}],\"SharedScope\":\"\",\"Tags\":[{\"Key\":\"Intersight.LicenseTier\",\"Value\":\"Premier\"}]}",
                "admin_power_state": "policy",
                "alarm_summary": [
                  {
                    "additional_properties": "",
                    "class_id": "compute.AlarmSummary",
                    "critical": 1,
                    "object_type": "compute.AlarmSummary",
                    "warning": 0
                  }
                ],
                "ancestors": [],
                "asset_tag": "Unknown",
                "available_memory": 196608,
                "bios_post_complete": false,
                "chassis_id": "",
                "class_id": "compute.PhysicalSummary",
                "connection_status": "",
                "cpu_capacity": 72.79999542236328,
                "create_time": "2021-08-30 17:02:53.094 +0000 UTC",
                "device_mo_id": "612d0f216f72612d339210e6",
                "dn": "sys/rack-unit-1",
                "domain_group_moid": "5b2541957a7662743465d06d",
                "fault_summary": 65536,
                "firmware": "4.1(3d)",
                "hardware_uuid": "",
                "inventory_device_info": [],
                "ipv4_address": "10.90.90.105",
                "kvm_ip_addresses": [
                  {
                    "additional_properties": "",
                    "address": "10.90.90.105",
                    "category": "Equipment",
                    "class_id": "compute.IpAddress",
                    "default_gateway": "10.90.90.1",
                    "dn": "sys/rack-unit-1/mgmt/if-1",
                    "http_port": 80,
                    "https_port": 443,
                    "kvm_port": 2068,
                    "kvm_vlan": 90,
                    "name": "Outband",
                    "object_type": "compute.IpAddress",
                    "subnet": "255.255.255.0",
                    "type": "MgmtInterface"
                  }
                ],
                "management_mode": "IntersightStandalone",
                "memory_speed": "2666",
                "mgmt_ip_address": "10.90.90.105",
                "mod_time": "2022-01-21 15:21:07.878 +0000 UTC",
                "model": "UCSC-C240-M5SX",
                "moid": "612d0f3d76752d313529792b",
                "name": " C240-WZP21380LWR",
                "num_adaptors": 2,
                "num_cpu_cores": 28,
                "num_cpu_cores_enabled": 28,
                "num_cpus": 2,
                "num_eth_host_interfaces": 0,
                "num_fc_host_interfaces": 0,
                "num_threads": 56,
                "object_type": "compute.PhysicalSummary",
                "oper_power_state": "off",
                "oper_reason": [],
                "oper_state": "",
                "operability": "",
                "owners": [
                  "5a58c3ba3768393836cb0f1b",
                  "612d0f216f72612d339210e6"
                ],
                "parent": [],
                "permission_resources": [
                  {
                    "additional_properties": "",
                    "class_id": "mo.MoRef",
                    "moid": "5ddee0c26972652d33555a3b",
                    "object_type": "organization.Organization",
                    "selector": ""
                  },
                  {
                    "additional_properties": "",
                    "class_id": "mo.MoRef",
                    "moid": "60ca11dd6972652d3354a2c4",
                    "object_type": "organization.Organization",
                    "selector": ""
                  }
                ],
                "personality": "",
                "platform_type": "IMCM5",
                "presence": "equipped",
                "registered_device": [
                  {
                    "additional_properties": "",
                    "class_id": "mo.MoRef",
                    "moid": "612d0f216f72612d339210e6",
                    "object_type": "asset.DeviceRegistration",
                    "selector": ""
                  }
                ],
                "revision": "",
                "rn": "",
                "scaled_mode": "",
                "serial": "WZP21380LWR",
                "server_id": 1,
                "service_profile": "",
                "shared_scope": "",
                "slot_id": 0,
                "source_object_type": "compute.RackUnit",
                "tags": [
                  {
                    "additional_properties": "",
                    "key": "Intersight.LicenseTier",
                    "value": "Premier"
                  }
                ],
                "topology_scan_status": "",
                "total_memory": 196608,
                "user_label": "WekaClient",
                "uuid": "DEB279D5-B9BE-4B09-8A68-E135A1BD0595",
                "vendor": "Cisco Systems Inc",
                "version_context": []
              }
            ],
            "revision": null,
            "rn": null,
            "scaled_mode": null,
            "serial": null,
            "server_id": null,
            "service_profile": null,
            "shared_scope": null,
            "slot_id": null,
            "source_object_type": null,
            "tags": null,
            "topology_scan_status": null,
            "total_memory": null,
            "user_label": null,
            "uuid": null,
            "vendor": null,
            "version_context": null
          },
          "sensitive_attributes": []
        }
      ]
    },
    {
      "module": "module.moids",
      "mode": "data",
      "type": "intersight_organization_organization",
      "name": "organization_moid",
      "provider": "provider[\"registry.terraform.io/ciscodevnet/intersight\"]",
      "instances": [
        {
          "schema_version": 0,
          "attributes": {
            "account": null,
            "account_moid": null,
            "additional_properties": null,
            "ancestors": null,
            "class_id": null,
            "create_time": null,
            "description": null,
            "domain_group_moid": null,
            "id": "60ca11dd6972652d3354a2c4",
            "mod_time": null,
            "moid": null,
            "name": "Weka",
            "object_type": null,
            "owners": null,
            "parent": null,
            "permission_resources": null,
            "resource_groups": null,
            "results": [
              {
                "account": [
                  {
                    "additional_properties": "",
                    "class_id": "mo.MoRef",
                    "moid": "5a58c3ba3768393836cb0f1b",
                    "object_type": "iam.Account",
                    "selector": ""
                  }
                ],
                "account_moid": "5a58c3ba3768393836cb0f1b",
                "additional_properties": "",
                "ancestors": [],
                "class_id": "organization.Organization",
                "create_time": "2021-06-16 14:59:41.704 +0000 UTC",
                "description": "Weka.IO Filesystem DEMO",
                "domain_group_moid": "5b2541957a7662743465d06d",
                "mod_time": "2021-06-16 14:59:41.713 +0000 UTC",
                "moid": "60ca11dd6972652d3354a2c4",
                "name": "Weka",
                "object_type": "organization.Organization",
                "owners": [
                  "5a58c3ba3768393836cb0f1b"
                ],
                "parent": [],
                "permission_resources": [
                  {
                    "additional_properties": "",
                    "class_id": "mo.MoRef",
                    "moid": "60ca11dd6972652d3354a2c4",
                    "object_type": "organization.Organization",
                    "selector": ""
                  }
                ],
                "resource_groups": [
                  {
                    "additional_properties": "",
                    "class_id": "mo.MoRef",
                    "moid": "60ca11dc6972652d3354a25a",
                    "object_type": "resource.Group",
                    "selector": ""
                  }
                ],
                "shared_scope": "",
                "tags": [],
                "version_context": []
              }
            ],
            "shared_scope": null,
            "tags": null,
            "version_context": null
          },
          "sensitive_attributes": []
        }
      ]
    },
    {
      "module": "module.moids",
      "mode": "data",
      "type": "intersight_softwarerepository_catalog",
      "name": "catalog_moid",
      "provider": "provider[\"registry.terraform.io/ciscodevnet/intersight\"]",
      "instances": [
        {
          "schema_version": 0,
          "attributes": {
            "account_moid": null,
            "additional_properties": null,
            "ancestors": null,
            "class_id": null,
            "create_time": null,
            "domain_group_moid": null,
            "id": "5cf78c856567612d3160c93f",
            "is_image_pull_failure": null,
            "mod_time": null,
            "moid": null,
            "name": "user-catalog",
            "object_type": null,
            "organization": null,
            "owners": null,
            "parent": null,
            "permission_resources": null,
            "results": [
              {
                "account_moid": "5a58c3ba3768393836cb0f1b",
                "additional_properties": "",
                "ancestors": [],
                "class_id": "softwarerepository.Catalog",
                "create_time": "2019-06-05 09:33:57.364 +0000 UTC",
                "domain_group_moid": "5b2541957a7662743465d06d",
                "is_image_pull_failure": false,
                "mod_time": "2019-12-06 16:41:08.024 +0000 UTC",
                "moid": "5cf78c856567612d3160c93f",
                "name": "user-catalog",
                "object_type": "softwarerepository.Catalog",
                "organization": [
                  {
                    "additional_properties": "",
                    "class_id": "mo.MoRef",
                    "moid": "5ddee0c26972652d33555a3b",
                    "object_type": "organization.Organization",
                    "selector": ""
                  }
                ],
                "owners": [
                  "5a58c3ba3768393836cb0f1b"
                ],
                "parent": [],
                "permission_resources": [
                  {
                    "additional_properties": "",
                    "class_id": "mo.MoRef",
                    "moid": "5ddee0c26972652d33555a3b",
                    "object_type": "organization.Organization",
                    "selector": ""
                  }
                ],
                "shared_scope": "",
                "system": [],
                "tags": [],
                "version_context": []
              },
              {
                "account_moid": "5a58c3ba3768393836cb0f1b",
                "additional_properties": "",
                "ancestors": [],
                "class_id": "softwarerepository.Catalog",
                "create_time": "2021-06-16 14:59:41.932 +0000 UTC",
                "domain_group_moid": "5b2541957a7662743465d06d",
                "is_image_pull_failure": false,
                "mod_time": "2021-06-16 14:59:41.932 +0000 UTC",
                "moid": "60ca11dd6567612d317392b7",
                "name": "user-catalog",
                "object_type": "softwarerepository.Catalog",
                "organization": [
                  {
                    "additional_properties": "",
                    "class_id": "mo.MoRef",
                    "moid": "60ca11dd6972652d3354a2c4",
                    "object_type": "organization.Organization",
                    "selector": ""
                  }
                ],
                "owners": [
                  "5a58c3ba3768393836cb0f1b"
                ],
                "parent": [],
                "permission_resources": [
                  {
                    "additional_properties": "",
                    "class_id": "mo.MoRef",
                    "moid": "60ca11dd6972652d3354a2c4",
                    "object_type": "organization.Organization",
                    "selector": ""
                  }
                ],
                "shared_scope": "",
                "system": [],
                "tags": [],
                "version_context": []
              },
              {
                "account_moid": "5a58c3ba3768393836cb0f1b",
                "additional_properties": "",
                "ancestors": [],
                "class_id": "softwarerepository.Catalog",
                "create_time": "2021-08-04 08:48:00.311 +0000 UTC",
                "domain_group_moid": "5b2541957a7662743465d06d",
                "is_image_pull_failure": false,
                "mod_time": "2021-08-04 08:48:00.311 +0000 UTC",
                "moid": "610a54406567612d319512dd",
                "name": "user-catalog",
                "object_type": "softwarerepository.Catalog",
                "organization": [
                  {
                    "additional_properties": "",
                    "class_id": "mo.MoRef",
                    "moid": "610a543f6972652d333e658c",
                    "object_type": "organization.Organization",
                    "selector": ""
                  }
                ],
                "owners": [
                  "5a58c3ba3768393836cb0f1b"
                ],
                "parent": [],
                "permission_resources": [
                  {
                    "additional_properties": "",
                    "class_id": "mo.MoRef",
                    "moid": "610a543f6972652d333e658c",
                    "object_type": "organization.Organization",
                    "selector": ""
                  }
                ],
                "shared_scope": "",
                "system": [],
                "tags": [],
                "version_context": []
              }
            ],
            "shared_scope": null,
            "system": null,
            "tags": null,
            "version_context": null
          },
          "sensitive_attributes": []
        }
      ]
    },
    {
      "module": "module.ntp_policy",
      "mode": "managed",
      "type": "intersight_ntp_policy",
      "name": "ntp1",
      "provider": "provider[\"registry.terraform.io/ciscodevnet/intersight\"]",
      "instances": [
        {
          "schema_version": 0,
          "attributes": {
            "account_moid": "5a58c3ba3768393836cb0f1b",
            "additional_properties": "{\"AccountMoid\":\"5a58c3ba3768393836cb0f1b\",\"Ancestors\":[],\"CreateTime\":\"2022-01-21T15:57:13.699Z\",\"DomainGroupMoid\":\"5b2541957a7662743465d06d\",\"ModTime\":\"2022-01-21T15:57:13.699Z\",\"Moid\":\"61ead7d96275722d3101212a\",\"Owners\":[\"5a58c3ba3768393836cb0f1b\"],\"PermissionResources\":[{\"ClassId\":\"mo.MoRef\",\"Moid\":\"60ca11dd6972652d3354a2c4\",\"ObjectType\":\"organization.Organization\",\"link\":\"https://www.intersight.com/api/v1/organization/Organizations/60ca11dd6972652d3354a2c4\"}],\"SharedScope\":\"\",\"Tags\":[]}",
            "ancestors": [],
            "appliance_account": [],
            "authenticated_ntp_servers": [],
            "class_id": "ntp.Policy",
            "create_time": "2022-01-21 15:57:13.699 +0000 UTC",
            "description": "Weka NTP configuration",
            "domain_group_moid": "5b2541957a7662743465d06d",
            "enabled": true,
            "id": "61ead7d96275722d3101212a",
            "mod_time": "2022-01-21 15:57:13.699 +0000 UTC",
            "moid": "61ead7d96275722d3101212a",
            "name": "wekatf_ntp",
            "ntp_servers": [
              "0.pt.pool.ntp.org",
              "1.pt.pool.ntp.org",
              "2.pt.pool.ntp.org"
            ],
            "object_type": "ntp.Policy",
            "organization": [
              {
                "additional_properties": "",
                "class_id": "mo.MoRef",
                "moid": "60ca11dd6972652d3354a2c4",
                "object_type": "organization.Organization",
                "selector": ""
              }
            ],
            "owners": [
              "5a58c3ba3768393836cb0f1b"
            ],
            "parent": [],
            "permission_resources": [
              {
                "additional_properties": "",
                "class_id": "mo.MoRef",
                "moid": "60ca11dd6972652d3354a2c4",
                "object_type": "organization.Organization",
                "selector": ""
              }
            ],
            "profiles": [],
            "shared_scope": "",
            "tags": [],
            "timezone": "Europe/Lisbon",
            "version_context": []
          },
          "sensitive_attributes": [],
          "private": "bnVsbA==",
          "dependencies": [
            "module.moids.data.intersight_organization_organization.organization_moid"
          ]
        }
      ]
    },
    {
      "module": "module.osboot_policy",
      "mode": "managed",
      "type": "intersight_boot_precision_policy",
      "name": "boot_precision1",
      "provider": "provider[\"registry.terraform.io/ciscodevnet/intersight\"]",
      "instances": [
        {
          "schema_version": 0,
          "attributes": {
            "account_moid": "5a58c3ba3768393836cb0f1b",
            "additional_properties": "{\"AccountMoid\":\"5a58c3ba3768393836cb0f1b\",\"Ancestors\":[],\"CreateTime\":\"2022-01-21T15:57:13.951Z\",\"DomainGroupMoid\":\"5b2541957a7662743465d06d\",\"ModTime\":\"2022-01-21T15:57:13.952Z\",\"Moid\":\"61ead7d96275722d31012145\",\"Owners\":[\"5a58c3ba3768393836cb0f1b\"],\"PermissionResources\":[{\"ClassId\":\"mo.MoRef\",\"Moid\":\"60ca11dd6972652d3354a2c4\",\"ObjectType\":\"organization.Organization\",\"link\":\"https://www.intersight.com/api/v1/organization/Organizations/60ca11dd6972652d3354a2c4\"}],\"SharedScope\":\"\",\"Tags\":[]}",
            "ancestors": [],
            "boot_devices": [
              {
                "additional_properties": "{\"Subtype\":\"cimc-mapped-dvd\"}",
                "class_id": "boot.VirtualMedia",
                "enabled": true,
                "name": "cimcDVD",
                "object_type": "boot.VirtualMedia"
              },
              {
                "additional_properties": "{\"Bootloader\":{\"ClassId\":\"boot.Bootloader\",\"Description\":\"\",\"Name\":\"\",\"ObjectType\":\"boot.Bootloader\",\"Path\":\"\"},\"Slot\":\"MRAID\"}",
                "class_id": "boot.LocalDisk",
                "enabled": true,
                "name": "localHDD",
                "object_type": "boot.LocalDisk"
              }
            ],
            "class_id": "boot.PrecisionPolicy",
            "configured_boot_mode": "Uefi",
            "create_time": "2022-01-21 15:57:13.951 +0000 UTC",
            "description": "OS Boot Policy for Weka",
            "domain_group_moid": "5b2541957a7662743465d06d",
            "enforce_uefi_secure_boot": false,
            "id": "61ead7d96275722d31012145",
            "mod_time": "2022-01-21 15:57:13.952 +0000 UTC",
            "moid": "61ead7d96275722d31012145",
            "name": "wekatf_bootOS",
            "object_type": "boot.PrecisionPolicy",
            "organization": [
              {
                "additional_properties": "",
                "class_id": "mo.MoRef",
                "moid": "60ca11dd6972652d3354a2c4",
                "object_type": "organization.Organization",
                "selector": ""
              }
            ],
            "owners": [
              "5a58c3ba3768393836cb0f1b"
            ],
            "parent": [],
            "permission_resources": [
              {
                "additional_properties": "",
                "class_id": "mo.MoRef",
                "moid": "60ca11dd6972652d3354a2c4",
                "object_type": "organization.Organization",
                "selector": ""
              }
            ],
            "profiles": [],
            "shared_scope": "",
            "tags": [],
            "version_context": []
          },
          "sensitive_attributes": [],
          "private": "bnVsbA==",
          "dependencies": [
            "module.moids.data.intersight_organization_organization.organization_moid"
          ]
        }
      ]
    },
    {
      "module": "module.server_profile",
      "mode": "managed",
      "type": "intersight_server_profile",
      "name": "server1",
      "provider": "provider[\"registry.terraform.io/ciscodevnet/intersight\"]",
      "instances": [
        {
          "schema_version": 0,
          "attributes": {
            "account_moid": "5a58c3ba3768393836cb0f1b",
            "action": "No-op",
            "action_params": [],
            "additional_properties": "{\"AccountMoid\":\"5a58c3ba3768393836cb0f1b\",\"Action\":\"No-op\",\"Ancestors\":[],\"ConfigContext\":{\"ClassId\":\"policy.ConfigContext\",\"ConfigState\":\"Not-assigned\",\"ConfigType\":\"\",\"ControlAction\":\"No-op\",\"ErrorState\":\"\",\"ObjectType\":\"policy.ConfigContext\",\"OperState\":\"\"},\"CreateTime\":\"2022-01-21T15:57:17.506Z\",\"Description\":\"Weka Server Node\",\"DomainGroupMoid\":\"5b2541957a7662743465d06d\",\"ModTime\":\"2022-01-21T15:57:17.507Z\",\"Moid\":\"61ead7dd77696e2d3148e275\",\"Name\":\"wekatf_srv\",\"Owners\":[\"5a58c3ba3768393836cb0f1b\"],\"PermissionResources\":[{\"ClassId\":\"mo.MoRef\",\"Moid\":\"60ca11dd6972652d3354a2c4\",\"ObjectType\":\"organization.Organization\",\"link\":\"https://www.intersight.com/api/v1/organization/Organizations/60ca11dd6972652d3354a2c4\"}],\"PolicyBucket\":[],\"SharedScope\":\"\",\"SrcTemplate\":{\"ClassId\":\"mo.MoRef\",\"Moid\":\"61ead7dc77696e2d3148e244\",\"ObjectType\":\"server.ProfileTemplate\",\"link\":\"https://www.intersight.com/api/v1/server/ProfileTemplates/61ead7dc77696e2d3148e244\"},\"Tags\":[],\"Type\":\"instance\"}",
            "ancestors": [],
            "assigned_server": [],
            "associated_server": [],
            "associated_server_pool": [],
            "class_id": "server.Profile",
            "config_change_context": [
              {
                "additional_properties": "",
                "class_id": "policy.ConfigChangeContext",
                "config_change_error": "",
                "config_change_state": "Ok",
                "initial_config_context": [
                  {
                    "additional_properties": "",
                    "class_id": "policy.ConfigContext",
                    "config_state": "",
                    "config_type": "",
                    "control_action": "",
                    "error_state": "",
                    "object_type": "policy.ConfigContext",
                    "oper_state": ""
                  }
                ],
                "object_type": "policy.ConfigChangeContext"
              }
            ],
            "config_change_details": [],
            "config_changes": [
              {
                "additional_properties": "",
                "changes": [],
                "class_id": "policy.ConfigChange",
                "disruptions": [],
                "object_type": "policy.ConfigChange"
              }
            ],
            "config_context": [
              {
                "additional_properties": "",
                "class_id": "policy.ConfigContext",
                "config_state": "Not-assigned",
                "config_type": "",
                "control_action": "No-op",
                "error_state": "",
                "object_type": "policy.ConfigContext",
                "oper_state": ""
              }
            ],
            "config_result": [
              {
                "additional_properties": "",
                "class_id": "mo.MoRef",
                "moid": "61ead7dd77696e2d3148e278",
                "object_type": "server.ConfigResult",
                "selector": ""
              }
            ],
            "create_time": "2022-01-21 15:57:17.506 +0000 UTC",
            "description": "Weka Server Node",
            "domain_group_moid": "5b2541957a7662743465d06d",
            "id": "61ead7dd77696e2d3148e275",
            "is_pmc_deployed_secure_passphrase_set": false,
            "leased_server": [],
            "mod_time": "2022-01-21 15:57:17.507 +0000 UTC",
            "moid": "61ead7dd77696e2d3148e275",
            "name": "wekatf_srv",
            "object_type": "server.Profile",
            "organization": [
              {
                "additional_properties": "",
                "class_id": "mo.MoRef",
                "moid": "60ca11dd6972652d3354a2c4",
                "object_type": "organization.Organization",
                "selector": ""
              }
            ],
            "owners": [
              "5a58c3ba3768393836cb0f1b"
            ],
            "parent": [],
            "permission_resources": [
              {
                "additional_properties": "",
                "class_id": "mo.MoRef",
                "moid": "60ca11dd6972652d3354a2c4",
                "object_type": "organization.Organization",
                "selector": ""
              }
            ],
            "pmc_deployed_secure_passphrase": null,
            "policy_bucket": [],
            "resource_lease": [],
            "running_workflows": [],
            "server_assignment_mode": "None",
            "server_pool": [],
            "shared_scope": "",
            "src_template": [
              {
                "additional_properties": "",
                "class_id": "mo.MoRef",
                "moid": "61ead7dc77696e2d3148e244",
                "object_type": "server.ProfileTemplate",
                "selector": ""
              }
            ],
            "static_uuid_address": "",
            "tags": [],
            "target_platform": "Standalone",
            "type": "instance",
            "uuid": "",
            "uuid_address_type": "NONE",
            "uuid_lease": [],
            "uuid_pool": [],
            "version_context": [],
            "wait_for_completion": true
          },
          "sensitive_attributes": [],
          "private": "bnVsbA==",
          "dependencies": [
            "module.bios_policy.intersight_bios_policy.bios1",
            "module.ethernet_adapters.intersight_vnic_eth_adapter_policy.v_eth_adapter1",
            "module.ethernet_interfaces.intersight_vnic_eth_if.eth1",
            "module.ethernet_networks.intersight_vnic_eth_network_policy.v_eth_network1",
            "module.ethernet_qos.intersight_vnic_eth_qos_policy.v_eth_qos1",
            "module.lan_conn.intersight_vnic_lan_connectivity_policy.vnic_lan1",
            "module.moids.data.intersight_organization_organization.organization_moid",
            "module.ntp_policy.intersight_ntp_policy.ntp1",
            "module.osboot_policy.intersight_boot_precision_policy.boot_precision1",
            "module.server_template.intersight_server_profile_template.template1",
            "module.storage_diskgroups.intersight_storage_drive_group.tf_drive_gp",
            "module.storage_policy.intersight_storage_storage_policy.tf_storage_policy",
            "module.vkvm_policy.intersight_kvm_policy.kvm1"
          ]
        }
      ]
    },
    {
      "module": "module.server_template",
      "mode": "managed",
      "type": "intersight_server_profile_template",
      "name": "template1",
      "provider": "provider[\"registry.terraform.io/ciscodevnet/intersight\"]",
      "instances": [
        {
          "schema_version": 0,
          "attributes": {
            "account_moid": "5a58c3ba3768393836cb0f1b",
            "action": "No-op",
            "action_params": [],
            "additional_properties": "{\"AccountMoid\":\"5a58c3ba3768393836cb0f1b\",\"Action\":\"No-op\",\"Ancestors\":[],\"ConfigContext\":{\"ClassId\":\"policy.ConfigContext\",\"ConfigState\":\"\",\"ConfigType\":\"\",\"ControlAction\":\"ConfigChange\",\"ErrorState\":\"\",\"ObjectType\":\"policy.ConfigContext\",\"OperState\":\"\"},\"CreateTime\":\"2022-01-21T15:57:16.426Z\",\"Description\":\"Weka Server Profile Template\",\"DomainGroupMoid\":\"5b2541957a7662743465d06d\",\"ModTime\":\"2022-01-21T15:57:16.972Z\",\"Moid\":\"61ead7dc77696e2d3148e244\",\"Name\":\"wekatf_servernode\",\"Owners\":[\"5a58c3ba3768393836cb0f1b\"],\"PermissionResources\":[{\"ClassId\":\"mo.MoRef\",\"Moid\":\"60ca11dd6972652d3354a2c4\",\"ObjectType\":\"organization.Organization\",\"link\":\"https://www.intersight.com/api/v1/organization/Organizations/60ca11dd6972652d3354a2c4\"}],\"PolicyBucket\":[{\"ClassId\":\"mo.MoRef\",\"Moid\":\"61ead7d96275722d31012145\",\"ObjectType\":\"boot.PrecisionPolicy\",\"link\":\"https://www.intersight.com/api/v1/boot/PrecisionPolicies/61ead7d96275722d31012145\"},{\"ClassId\":\"mo.MoRef\",\"Moid\":\"61ead7da484db2745f4244e0\",\"ObjectType\":\"vnic.LanConnectivityPolicy\",\"link\":\"https://www.intersight.com/api/v1/vnic/LanConnectivityPolicies/61ead7da484db2745f4244e0\"},{\"ClassId\":\"mo.MoRef\",\"Moid\":\"61ead7d96275722d3101212a\",\"ObjectType\":\"ntp.Policy\",\"link\":\"https://www.intersight.com/api/v1/ntp/Policies/61ead7d96275722d3101212a\"},{\"ClassId\":\"mo.MoRef\",\"Moid\":\"61ead7d96275722d31012132\",\"ObjectType\":\"kvm.Policy\",\"link\":\"https://www.intersight.com/api/v1/kvm/Policies/61ead7d96275722d31012132\"},{\"ClassId\":\"mo.MoRef\",\"Moid\":\"61ead7d9656f6e2d319085be\",\"ObjectType\":\"storage.StoragePolicy\",\"link\":\"https://www.intersight.com/api/v1/storage/StoragePolicies/61ead7d9656f6e2d319085be\"},{\"ClassId\":\"mo.MoRef\",\"Moid\":\"61ead7d96275722d31012139\",\"ObjectType\":\"bios.Policy\",\"link\":\"https://www.intersight.com/api/v1/bios/Policies/61ead7d96275722d31012139\"}],\"SharedScope\":\"\",\"SrcTemplate\":null,\"Tags\":[],\"Type\":\"instance\"}",
            "ancestors": [],
            "class_id": "server.ProfileTemplate",
            "config_context": [
              {
                "additional_properties": "",
                "class_id": "policy.ConfigContext",
                "config_state": "",
                "config_type": "",
                "control_action": "ConfigChange",
                "error_state": "",
                "object_type": "policy.ConfigContext",
                "oper_state": ""
              }
            ],
            "create_time": "2022-01-21 15:57:16.426 +0000 UTC",
            "description": "Weka Server Profile Template",
            "domain_group_moid": "5b2541957a7662743465d06d",
            "id": "61ead7dc77696e2d3148e244",
            "mod_time": "2022-01-21 15:57:16.972 +0000 UTC",
            "moid": "61ead7dc77696e2d3148e244",
            "name": "wekatf_servernode",
            "object_type": "server.ProfileTemplate",
            "organization": [
              {
                "additional_properties": "",
                "class_id": "mo.MoRef",
                "moid": "60ca11dd6972652d3354a2c4",
                "object_type": "organization.Organization",
                "selector": ""
              }
            ],
            "owners": [
              "5a58c3ba3768393836cb0f1b"
            ],
            "parent": [],
            "permission_resources": [
              {
                "additional_properties": "",
                "class_id": "mo.MoRef",
                "moid": "60ca11dd6972652d3354a2c4",
                "object_type": "organization.Organization",
                "selector": ""
              }
            ],
            "policy_bucket": [
              {
                "additional_properties": "",
                "class_id": "mo.MoRef",
                "moid": "61ead7d96275722d31012145",
                "object_type": "boot.PrecisionPolicy",
                "selector": ""
              },
              {
                "additional_properties": "",
                "class_id": "mo.MoRef",
                "moid": "61ead7da484db2745f4244e0",
                "object_type": "vnic.LanConnectivityPolicy",
                "selector": ""
              },
              {
                "additional_properties": "",
                "class_id": "mo.MoRef",
                "moid": "61ead7d96275722d3101212a",
                "object_type": "ntp.Policy",
                "selector": ""
              },
              {
                "additional_properties": "",
                "class_id": "mo.MoRef",
                "moid": "61ead7d96275722d31012132",
                "object_type": "kvm.Policy",
                "selector": ""
              },
              {
                "additional_properties": "",
                "class_id": "mo.MoRef",
                "moid": "61ead7d9656f6e2d319085be",
                "object_type": "storage.StoragePolicy",
                "selector": ""
              },
              {
                "additional_properties": "",
                "class_id": "mo.MoRef",
                "moid": "61ead7d96275722d31012139",
                "object_type": "bios.Policy",
                "selector": ""
              }
            ],
            "shared_scope": "",
            "src_template": [],
            "tags": [],
            "target_platform": "Standalone",
            "type": "instance",
            "usage": 0,
            "uuid_address_type": "NONE",
            "uuid_pool": [],
            "version_context": []
          },
          "sensitive_attributes": [],
          "private": "bnVsbA==",
          "dependencies": [
            "module.bios_policy.intersight_bios_policy.bios1",
            "module.ethernet_adapters.intersight_vnic_eth_adapter_policy.v_eth_adapter1",
            "module.ethernet_interfaces.intersight_vnic_eth_if.eth1",
            "module.ethernet_networks.intersight_vnic_eth_network_policy.v_eth_network1",
            "module.ethernet_qos.intersight_vnic_eth_qos_policy.v_eth_qos1",
            "module.lan_conn.intersight_vnic_lan_connectivity_policy.vnic_lan1",
            "module.moids.data.intersight_organization_organization.organization_moid",
            "module.ntp_policy.intersight_ntp_policy.ntp1",
            "module.osboot_policy.intersight_boot_precision_policy.boot_precision1",
            "module.storage_diskgroups.intersight_storage_drive_group.tf_drive_gp",
            "module.storage_policy.intersight_storage_storage_policy.tf_storage_policy",
            "module.vkvm_policy.intersight_kvm_policy.kvm1"
          ]
        }
      ]
    },
    {
      "module": "module.storage_diskgroups",
      "mode": "managed",
      "type": "intersight_storage_drive_group",
      "name": "tf_drive_gp",
      "provider": "provider[\"registry.terraform.io/ciscodevnet/intersight\"]",
      "instances": [
        {
          "schema_version": 0,
          "attributes": {
            "account_moid": "5a58c3ba3768393836cb0f1b",
            "additional_properties": "",
            "ancestors": [
              {
                "additional_properties": "",
                "class_id": "mo.MoRef",
                "moid": "61ead7d9656f6e2d319085be",
                "object_type": "storage.StoragePolicy",
                "selector": ""
              }
            ],
            "automatic_drive_group": [
              {
                "additional_properties": "",
                "class_id": "storage.AutomaticDriveGroup",
                "drive_type": "Any",
                "drives_per_span": 0,
                "minimum_drive_size": 0,
                "num_dedicated_hot_spares": "",
                "number_of_spans": 0,
                "object_type": "storage.AutomaticDriveGroup",
                "use_remaining_drives": false
              }
            ],
            "class_id": "storage.DriveGroup",
            "create_time": "2022-01-21 15:57:14.678 +0000 UTC",
            "domain_group_moid": "5b2541957a7662743465d06d",
            "id": "61ead7da656f6e2d319085c7",
            "manual_drive_group": [
              {
                "additional_properties": "",
                "class_id": "storage.ManualDriveGroup",
                "dedicated_hot_spares": "",
                "object_type": "storage.ManualDriveGroup",
                "span_groups": [
                  {
                    "additional_properties": "",
                    "class_id": "storage.SpanDrives",
                    "object_type": "storage.SpanDrives",
                    "slots": "23,24"
                  }
                ]
              }
            ],
            "mod_time": "2022-01-21 15:57:14.683 +0000 UTC",
            "moid": "61ead7da656f6e2d319085c7",
            "name": "wekatf_ssd_r1",
            "object_type": "storage.DriveGroup",
            "owners": [
              "5a58c3ba3768393836cb0f1b"
            ],
            "parent": [
              {
                "additional_properties": "",
                "class_id": "mo.MoRef",
                "moid": "61ead7d9656f6e2d319085be",
                "object_type": "storage.StoragePolicy",
                "selector": ""
              }
            ],
            "permission_resources": [
              {
                "additional_properties": "",
                "class_id": "mo.MoRef",
                "moid": "60ca11dd6972652d3354a2c4",
                "object_type": "organization.Organization",
                "selector": ""
              }
            ],
            "raid_level": "Raid1",
            "shared_scope": "",
            "storage_policy": [
              {
                "additional_properties": "",
                "class_id": "mo.MoRef",
                "moid": "61ead7d9656f6e2d319085be",
                "object_type": "storage.StoragePolicy",
                "selector": ""
              }
            ],
            "tags": [],
            "type": 0,
            "version_context": [],
            "virtual_drives": [
              {
                "additional_properties": "",
                "boot_drive": true,
                "class_id": "storage.VirtualDriveConfiguration",
                "expand_to_available": true,
                "name": "wekatf_boot",
                "object_type": "storage.VirtualDriveConfiguration",
                "size": 1,
                "virtual_drive_policy": [
                  {
                    "access_policy": "Default",
                    "additional_properties": "",
                    "class_id": "storage.VirtualDrivePolicy",
                    "drive_cache": "Default",
                    "object_type": "storage.VirtualDrivePolicy",
                    "read_policy": "Default",
                    "strip_size": 64,
                    "write_policy": "Default"
                  }
                ]
              }
            ]
          },
          "sensitive_attributes": [],
          "private": "bnVsbA==",
          "dependencies": [
            "module.moids.data.intersight_organization_organization.organization_moid",
            "module.storage_policy.intersight_storage_storage_policy.tf_storage_policy"
          ]
        }
      ]
    },
    {
      "module": "module.storage_policy",
      "mode": "managed",
      "type": "intersight_storage_storage_policy",
      "name": "tf_storage_policy",
      "provider": "provider[\"registry.terraform.io/ciscodevnet/intersight\"]",
      "instances": [
        {
          "schema_version": 0,
          "attributes": {
            "account_moid": "5a58c3ba3768393836cb0f1b",
            "additional_properties": "{\"AccountMoid\":\"5a58c3ba3768393836cb0f1b\",\"Ancestors\":[],\"CreateTime\":\"2022-01-21T15:57:13.851Z\",\"DomainGroupMoid\":\"5b2541957a7662743465d06d\",\"ModTime\":\"2022-01-21T15:57:13.852Z\",\"Moid\":\"61ead7d9656f6e2d319085be\",\"Owners\":[\"5a58c3ba3768393836cb0f1b\"],\"PermissionResources\":[{\"ClassId\":\"mo.MoRef\",\"Moid\":\"60ca11dd6972652d3354a2c4\",\"ObjectType\":\"organization.Organization\",\"link\":\"https://www.intersight.com/api/v1/organization/Organizations/60ca11dd6972652d3354a2c4\"}],\"SharedScope\":\"\",\"Tags\":[]}",
            "ancestors": [],
            "class_id": "storage.StoragePolicy",
            "create_time": "2022-01-21 15:57:13.851 +0000 UTC",
            "description": "Storage policy",
            "domain_group_moid": "5b2541957a7662743465d06d",
            "drive_group": [],
            "global_hot_spares": "",
            "id": "61ead7d9656f6e2d319085be",
            "m2_virtual_drive": [
              {
                "additional_properties": "",
                "class_id": "storage.M2VirtualDriveConfig",
                "controller_slot": "MSTOR-RAID-1",
                "enable": false,
                "object_type": "storage.M2VirtualDriveConfig"
              }
            ],
            "mod_time": "2022-01-21 15:57:13.852 +0000 UTC",
            "moid": "61ead7d9656f6e2d319085be",
            "name": "wekatf_storage",
            "object_type": "storage.StoragePolicy",
            "organization": [
              {
                "additional_properties": "",
                "class_id": "mo.MoRef",
                "moid": "60ca11dd6972652d3354a2c4",
                "object_type": "organization.Organization",
                "selector": ""
              }
            ],
            "owners": [
              "5a58c3ba3768393836cb0f1b"
            ],
            "parent": [],
            "permission_resources": [
              {
                "additional_properties": "",
                "class_id": "mo.MoRef",
                "moid": "60ca11dd6972652d3354a2c4",
                "object_type": "organization.Organization",
                "selector": ""
              }
            ],
            "profiles": [],
            "raid0_drive": [
              {
                "additional_properties": "",
                "class_id": "storage.R0Drive",
                "drive_slots": "",
                "drive_slots_list": "",
                "enable": false,
                "object_type": "storage.R0Drive",
                "virtual_drive_policy": [
                  {
                    "access_policy": "Default",
                    "additional_properties": "",
                    "class_id": "storage.VirtualDrivePolicy",
                    "drive_cache": "Default",
                    "object_type": "storage.VirtualDrivePolicy",
                    "read_policy": "Default",
                    "strip_size": 64,
                    "write_policy": "Default"
                  }
                ]
              }
            ],
            "shared_scope": "",
            "tags": [],
            "unused_disks_state": "UnconfiguredGood",
            "use_jbod_for_vd_creation": true,
            "version_context": []
          },
          "sensitive_attributes": [],
          "private": "bnVsbA==",
          "dependencies": [
            "module.moids.data.intersight_organization_organization.organization_moid"
          ]
        }
      ]
    },
    {
      "module": "module.vkvm_policy",
      "mode": "managed",
      "type": "intersight_kvm_policy",
      "name": "kvm1",
      "provider": "provider[\"registry.terraform.io/ciscodevnet/intersight\"]",
      "instances": [
        {
          "schema_version": 0,
          "attributes": {
            "account_moid": "5a58c3ba3768393836cb0f1b",
            "additional_properties": "{\"AccountMoid\":\"5a58c3ba3768393836cb0f1b\",\"Ancestors\":[],\"CreateTime\":\"2022-01-21T15:57:13.744Z\",\"DomainGroupMoid\":\"5b2541957a7662743465d06d\",\"ModTime\":\"2022-01-21T15:57:13.744Z\",\"Moid\":\"61ead7d96275722d31012132\",\"Owners\":[\"5a58c3ba3768393836cb0f1b\"],\"PermissionResources\":[{\"ClassId\":\"mo.MoRef\",\"Moid\":\"60ca11dd6972652d3354a2c4\",\"ObjectType\":\"organization.Organization\",\"link\":\"https://www.intersight.com/api/v1/organization/Organizations/60ca11dd6972652d3354a2c4\"}],\"SharedScope\":\"\",\"Tags\":[]}",
            "ancestors": [],
            "class_id": "kvm.Policy",
            "create_time": "2022-01-21 15:57:13.744 +0000 UTC",
            "description": "Weka vKVM Policy",
            "domain_group_moid": "5b2541957a7662743465d06d",
            "enable_local_server_video": true,
            "enable_video_encryption": true,
            "enabled": true,
            "id": "61ead7d96275722d31012132",
            "maximum_sessions": 3,
            "mod_time": "2022-01-21 15:57:13.744 +0000 UTC",
            "moid": "61ead7d96275722d31012132",
            "name": "wekatf_vKVM",
            "object_type": "kvm.Policy",
            "organization": [
              {
                "additional_properties": "",
                "class_id": "mo.MoRef",
                "moid": "60ca11dd6972652d3354a2c4",
                "object_type": "organization.Organization",
                "selector": ""
              }
            ],
            "owners": [
              "5a58c3ba3768393836cb0f1b"
            ],
            "parent": [],
            "permission_resources": [
              {
                "additional_properties": "",
                "class_id": "mo.MoRef",
                "moid": "60ca11dd6972652d3354a2c4",
                "object_type": "organization.Organization",
                "selector": ""
              }
            ],
            "profiles": [],
            "remote_port": 2069,
            "shared_scope": "",
            "tags": [],
            "version_context": []
          },
          "sensitive_attributes": [],
          "private": "bnVsbA==",
          "dependencies": [
            "module.moids.data.intersight_organization_organization.organization_moid"
          ]
        }
      ]
    }
  ]
}
